// !$*UTF8*$!
{
	archiveVersion = 1;
	classes = {
	};
	objectVersion = 46;
	objects = {

/* Begin PBXBuildFile section */
		3EAC1B88DBA7C5A860E5F821 /* libPods-24EditorDemo.a in Frameworks */ = {isa = PBXBuildFile; fileRef = FF41CCCE21E3C1A793C23BB6 /* libPods-24EditorDemo.a */; };
		9315BD441FCD625D001ECD0B /* UIColor+ZCCate.m in Sources */ = {isa = PBXBuildFile; fileRef = 9315BD431FCD625D001ECD0B /* UIColor+ZCCate.m */; };
		9369B3071FC93DCD005ED1D7 /* ZCImagePickerNoneCollectionViewCell.m in Sources */ = {isa = PBXBuildFile; fileRef = 9369B3061FC93DCD005ED1D7 /* ZCImagePickerNoneCollectionViewCell.m */; };
		9369B3361FCA620E005ED1D7 /* ZCAlbumView.m in Sources */ = {isa = PBXBuildFile; fileRef = 9369B3351FCA620E005ED1D7 /* ZCAlbumView.m */; };
		9369B34E1FCB0EC8005ED1D7 /* AshtonCoreText.m in Sources */ = {isa = PBXBuildFile; fileRef = 9369B33C1FCB0EC8005ED1D7 /* AshtonCoreText.m */; };
		9369B34F1FCB0EC8005ED1D7 /* AshtonHTMLReader.m in Sources */ = {isa = PBXBuildFile; fileRef = 9369B33E1FCB0EC8005ED1D7 /* AshtonHTMLReader.m */; };
		9369B3501FCB0EC8005ED1D7 /* AshtonHTMLWriter.m in Sources */ = {isa = PBXBuildFile; fileRef = 9369B3401FCB0EC8005ED1D7 /* AshtonHTMLWriter.m */; };
		9369B3511FCB0EC8005ED1D7 /* AshtonIntermediate.m in Sources */ = {isa = PBXBuildFile; fileRef = 9369B3421FCB0EC8005ED1D7 /* AshtonIntermediate.m */; };
		9369B3521FCB0EC8005ED1D7 /* AshtonMarkdownReader.m in Sources */ = {isa = PBXBuildFile; fileRef = 9369B3441FCB0EC8005ED1D7 /* AshtonMarkdownReader.m */; };
		9369B3531FCB0EC8005ED1D7 /* AshtonMarkdownWriter.m in Sources */ = {isa = PBXBuildFile; fileRef = 9369B3461FCB0EC8005ED1D7 /* AshtonMarkdownWriter.m */; };
		9369B3541FCB0EC8005ED1D7 /* AshtonUIKit.m in Sources */ = {isa = PBXBuildFile; fileRef = 9369B3481FCB0EC8005ED1D7 /* AshtonUIKit.m */; };
		9369B3551FCB0EC8005ED1D7 /* AshtonUtils.m in Sources */ = {isa = PBXBuildFile; fileRef = 9369B34A1FCB0EC8005ED1D7 /* AshtonUtils.m */; };
		9369B3561FCB0EC8005ED1D7 /* NSAttributedString+Ashton.m in Sources */ = {isa = PBXBuildFile; fileRef = 9369B34C1FCB0EC8005ED1D7 /* NSAttributedString+Ashton.m */; };
		9369B36A1FCB2751005ED1D7 /* Muli-Regular.ttf in Resources */ = {isa = PBXBuildFile; fileRef = 9369B3691FCB2751005ED1D7 /* Muli-Regular.ttf */; };
		93864D671FD52547002AC596 /* UIImage+BBVoiceRecord.m in Sources */ = {isa = PBXBuildFile; fileRef = 93864D4F1FD52547002AC596 /* UIImage+BBVoiceRecord.m */; };
		93864D681FD52547002AC596 /* BBHoldToSpeakButton.m in Sources */ = {isa = PBXBuildFile; fileRef = 93864D511FD52547002AC596 /* BBHoldToSpeakButton.m */; };
		93864D691FD52547002AC596 /* BBVoiceRecordView.m in Sources */ = {isa = PBXBuildFile; fileRef = 93864D521FD52547002AC596 /* BBVoiceRecordView.m */; };
		93864D6A1FD52547002AC596 /* ic_record_ripple@3x.png in Resources */ = {isa = PBXBuildFile; fileRef = 93864D551FD52547002AC596 /* ic_record_ripple@3x.png */; };
		93864D6B1FD52547002AC596 /* ic_record_ripple@2x.png in Resources */ = {isa = PBXBuildFile; fileRef = 93864D561FD52547002AC596 /* ic_record_ripple@2x.png */; };
		93864D6C1FD52547002AC596 /* ic_record_too_short@2x.png in Resources */ = {isa = PBXBuildFile; fileRef = 93864D571FD52547002AC596 /* ic_record_too_short@2x.png */; };
		93864D6D1FD52547002AC596 /* ic_record_too_short@3x.png in Resources */ = {isa = PBXBuildFile; fileRef = 93864D581FD52547002AC596 /* ic_record_too_short@3x.png */; };
		93864D6E1FD52547002AC596 /* ic_release_to_cancel@3x.png in Resources */ = {isa = PBXBuildFile; fileRef = 93864D591FD52547002AC596 /* ic_release_to_cancel@3x.png */; };
		93864D6F1FD52547002AC596 /* ic_record@2x.png in Resources */ = {isa = PBXBuildFile; fileRef = 93864D5A1FD52547002AC596 /* ic_record@2x.png */; };
		93864D701FD52547002AC596 /* ic_record@3x.png in Resources */ = {isa = PBXBuildFile; fileRef = 93864D5B1FD52547002AC596 /* ic_record@3x.png */; };
		93864D711FD52547002AC596 /* ic_release_to_cancel@2x.png in Resources */ = {isa = PBXBuildFile; fileRef = 93864D5C1FD52547002AC596 /* ic_release_to_cancel@2x.png */; };
		93864D721FD52547002AC596 /* UIColor+BBVoiceRecord.m in Sources */ = {isa = PBXBuildFile; fileRef = 93864D5E1FD52547002AC596 /* UIColor+BBVoiceRecord.m */; };
		93864D731FD52547002AC596 /* BBVoiceRecordToastContentView.m in Sources */ = {isa = PBXBuildFile; fileRef = 93864D5F1FD52547002AC596 /* BBVoiceRecordToastContentView.m */; };
		93864D741FD52547002AC596 /* BBVoiceRecordPowerAnimationView.m in Sources */ = {isa = PBXBuildFile; fileRef = 93864D641FD52547002AC596 /* BBVoiceRecordPowerAnimationView.m */; };
		93864D751FD52547002AC596 /* BBVoiceRecordController.m in Sources */ = {isa = PBXBuildFile; fileRef = 93864D651FD52547002AC596 /* BBVoiceRecordController.m */; };
		93864DC11FD7BC87002AC596 /* HomeViewController.m in Sources */ = {isa = PBXBuildFile; fileRef = 93864DBE1FD7BC87002AC596 /* HomeViewController.m */; };
		93864DC21FD7BC87002AC596 /* VideoViewController.m in Sources */ = {isa = PBXBuildFile; fileRef = 93864DBF1FD7BC87002AC596 /* VideoViewController.m */; };
		93864DC51FD7C890002AC596 /* ImageViewController.m in Sources */ = {isa = PBXBuildFile; fileRef = 93864DC31FD7C890002AC596 /* ImageViewController.m */; };
		93864DC81FD7E37E002AC596 /* ZCCycleView.m in Sources */ = {isa = PBXBuildFile; fileRef = 93864DC71FD7E37E002AC596 /* ZCCycleView.m */; };
		939266B41FCE82E1002FFA49 /* UIImage+ZCCate.m in Sources */ = {isa = PBXBuildFile; fileRef = 939266B31FCE82E1002FFA49 /* UIImage+ZCCate.m */; };
		939266B71FCE831F002FFA49 /* NSString+ZCCate.m in Sources */ = {isa = PBXBuildFile; fileRef = 939266B61FCE831F002FFA49 /* NSString+ZCCate.m */; };
		939266D01FCE910F002FFA49 /* ZCDraftTextTableViewCell.m in Sources */ = {isa = PBXBuildFile; fileRef = 939266C51FCE910F002FFA49 /* ZCDraftTextTableViewCell.m */; };
		939266D31FCE910F002FFA49 /* ZCDraftViewController.m in Sources */ = {isa = PBXBuildFile; fileRef = 939266CD1FCE910F002FFA49 /* ZCDraftViewController.m */; };
		939266DD1FCE91EC002FFA49 /* ZCEventDetailViewController.m in Sources */ = {isa = PBXBuildFile; fileRef = 939266DC1FCE91EC002FFA49 /* ZCEventDetailViewController.m */; };
		939266E01FCEB62D002FFA49 /* ZCModel.m in Sources */ = {isa = PBXBuildFile; fileRef = 939266DF1FCEB62D002FFA49 /* ZCModel.m */; };
		939266E31FCED72B002FFA49 /* ZCEventCountView.m in Sources */ = {isa = PBXBuildFile; fileRef = 939266E21FCED72B002FFA49 /* ZCEventCountView.m */; };
		939266E51FCEDE79002FFA49 /* Poppins-Regular.ttf in Resources */ = {isa = PBXBuildFile; fileRef = 939266E41FCEDE78002FFA49 /* Poppins-Regular.ttf */; };
		939266E81FCEE4CA002FFA49 /* ZCScoreView.m in Sources */ = {isa = PBXBuildFile; fileRef = 939266E71FCEE4CA002FFA49 /* ZCScoreView.m */; };
		939266EB1FCEF1AB002FFA49 /* ZCNewsAudioTableViewCell.m in Sources */ = {isa = PBXBuildFile; fileRef = 939266EA1FCEF1AB002FFA49 /* ZCNewsAudioTableViewCell.m */; };
		939267071FCFF3EE002FFA49 /* ZCNetworking.m in Sources */ = {isa = PBXBuildFile; fileRef = 939267061FCFF3EE002FFA49 /* ZCNetworking.m */; };
		9392670A1FD00786002FFA49 /* ZCNewsModel.m in Sources */ = {isa = PBXBuildFile; fileRef = 939267091FD00786002FFA49 /* ZCNewsModel.m */; };
		939267511FD12EA4002FFA49 /* ZCAssetsGroup.m in Sources */ = {isa = PBXBuildFile; fileRef = 939267221FD12EA3002FFA49 /* ZCAssetsGroup.m */; };
		939267521FD12EA4002FFA49 /* ZCAssetsManager.m in Sources */ = {isa = PBXBuildFile; fileRef = 939267241FD12EA3002FFA49 /* ZCAssetsManager.m */; };
		939267531FD12EA4002FFA49 /* ZCAsset.m in Sources */ = {isa = PBXBuildFile; fileRef = 939267271FD12EA3002FFA49 /* ZCAsset.m */; };
		939267541FD12EA4002FFA49 /* DOUAudioFileProvider.m in Sources */ = {isa = PBXBuildFile; fileRef = 939267291FD12EA3002FFA49 /* DOUAudioFileProvider.m */; };
		939267551FD12EA4002FFA49 /* DOUAudioStreamer+Options.m in Sources */ = {isa = PBXBuildFile; fileRef = 9392672D1FD12EA3002FFA49 /* DOUAudioStreamer+Options.m */; };
		939267561FD12EA4002FFA49 /* DOUAudioAnalyzer.m in Sources */ = {isa = PBXBuildFile; fileRef = 939267301FD12EA3002FFA49 /* DOUAudioAnalyzer.m */; };
		939267571FD12EA4002FFA49 /* DOUAudioRenderer.m in Sources */ = {isa = PBXBuildFile; fileRef = 939267341FD12EA3002FFA49 /* DOUAudioRenderer.m */; };
		939267581FD12EA4002FFA49 /* DOUAudioAnalyzer+Default.m in Sources */ = {isa = PBXBuildFile; fileRef = 939267351FD12EA3002FFA49 /* DOUAudioAnalyzer+Default.m */; };
		939267591FD12EA4002FFA49 /* NSData+DOUMappedFile.m in Sources */ = {isa = PBXBuildFile; fileRef = 939267371FD12EA4002FFA49 /* NSData+DOUMappedFile.m */; };
		9392675A1FD12EA4002FFA49 /* DOUAudioFilePreprocessor.m in Sources */ = {isa = PBXBuildFile; fileRef = 939267391FD12EA4002FFA49 /* DOUAudioFilePreprocessor.m */; };
		9392675B1FD12EA4002FFA49 /* DOUAudioVisualizer.m in Sources */ = {isa = PBXBuildFile; fileRef = 9392673B1FD12EA4002FFA49 /* DOUAudioVisualizer.m */; };
		9392675C1FD12EA4002FFA49 /* DOUEAGLView.m in Sources */ = {isa = PBXBuildFile; fileRef = 9392673D1FD12EA4002FFA49 /* DOUEAGLView.m */; };
		9392675D1FD12EA4002FFA49 /* DOUAudioLPCM.m in Sources */ = {isa = PBXBuildFile; fileRef = 9392673F1FD12EA4002FFA49 /* DOUAudioLPCM.m */; };
		9392675E1FD12EA4002FFA49 /* DOUAudioStreamer.m in Sources */ = {isa = PBXBuildFile; fileRef = 939267411FD12EA4002FFA49 /* DOUAudioStreamer.m */; };
		9392675F1FD12EA4002FFA49 /* DOUAudioDecoder.m in Sources */ = {isa = PBXBuildFile; fileRef = 939267421FD12EA4002FFA49 /* DOUAudioDecoder.m */; };
		939267601FD12EA4002FFA49 /* DOUSimpleHTTPRequest.m in Sources */ = {isa = PBXBuildFile; fileRef = 939267431FD12EA4002FFA49 /* DOUSimpleHTTPRequest.m */; };
		939267611FD12EA4002FFA49 /* DOUAudioPlaybackItem.m in Sources */ = {isa = PBXBuildFile; fileRef = 939267461FD12EA4002FFA49 /* DOUAudioPlaybackItem.m */; };
		939267621FD12EA4002FFA49 /* DOUAudioEventLoop.m in Sources */ = {isa = PBXBuildFile; fileRef = 939267481FD12EA4002FFA49 /* DOUAudioEventLoop.m */; };
		939267631FD12EA4002FFA49 /* DOUAudioSpatialAnalyzer.m in Sources */ = {isa = PBXBuildFile; fileRef = 939267491FD12EA4002FFA49 /* DOUAudioSpatialAnalyzer.m */; };
		939267641FD12EA4002FFA49 /* DOUAudioFrequencyAnalyzer.m in Sources */ = {isa = PBXBuildFile; fileRef = 9392674B1FD12EA4002FFA49 /* DOUAudioFrequencyAnalyzer.m */; };
		939267651FD12EA4002FFA49 /* DOUMPMediaLibraryAssetLoader.m in Sources */ = {isa = PBXBuildFile; fileRef = 9392674E1FD12EA4002FFA49 /* DOUMPMediaLibraryAssetLoader.m */; };
		939267681FD136AF002FFA49 /* ZCAudioModel.m in Sources */ = {isa = PBXBuildFile; fileRef = 939267671FD136AF002FFA49 /* ZCAudioModel.m */; };
		939267831FD1B9CF002FFA49 /* ZCNewsVoteTableViewCell.m in Sources */ = {isa = PBXBuildFile; fileRef = 939267821FD1B9CF002FFA49 /* ZCNewsVoteTableViewCell.m */; };
		939267861FD1BD84002FFA49 /* ZCPerVoteTableViewCell.m in Sources */ = {isa = PBXBuildFile; fileRef = 939267851FD1BD84002FFA49 /* ZCPerVoteTableViewCell.m */; };
		939267891FD1C5FF002FFA49 /* ZCVoteModel.m in Sources */ = {isa = PBXBuildFile; fileRef = 939267881FD1C5FF002FFA49 /* ZCVoteModel.m */; };
		9392678C1FD1C687002FFA49 /* ZCOptionModel.m in Sources */ = {isa = PBXBuildFile; fileRef = 9392678B1FD1C687002FFA49 /* ZCOptionModel.m */; };
		9392678F1FD26430002FFA49 /* ZCInputTypeCollectionViewCell.m in Sources */ = {isa = PBXBuildFile; fileRef = 9392678E1FD26430002FFA49 /* ZCInputTypeCollectionViewCell.m */; };
		939267921FD26B0D002FFA49 /* ZCNewsInputToolView.m in Sources */ = {isa = PBXBuildFile; fileRef = 939267911FD26B0D002FFA49 /* ZCNewsInputToolView.m */; };
		939267951FD2BECA002FFA49 /* ZCEmptyViewController.m in Sources */ = {isa = PBXBuildFile; fileRef = 939267941FD2BECA002FFA49 /* ZCEmptyViewController.m */; };
		93C143C51FC547D00006FB90 /* _4EditorDemo.xcdatamodeld in Sources */ = {isa = PBXBuildFile; fileRef = 93C143C31FC547D00006FB90 /* _4EditorDemo.xcdatamodeld */; };
		93C143C71FC547D00006FB90 /* Assets.xcassets in Resources */ = {isa = PBXBuildFile; fileRef = 93C143C61FC547D00006FB90 /* Assets.xcassets */; };
		93C143D91FC54DB30006FB90 /* AppDelegate.m in Sources */ = {isa = PBXBuildFile; fileRef = 93C143D31FC54DB30006FB90 /* AppDelegate.m */; };
		93C143DA1FC54DB30006FB90 /* LaunchScreen.storyboard in Resources */ = {isa = PBXBuildFile; fileRef = 93C143D41FC54DB30006FB90 /* LaunchScreen.storyboard */; };
		93C143DB1FC54DB30006FB90 /* Main.storyboard in Resources */ = {isa = PBXBuildFile; fileRef = 93C143D61FC54DB30006FB90 /* Main.storyboard */; };
		93C143DC1FC54DB30006FB90 /* main.m in Sources */ = {isa = PBXBuildFile; fileRef = 93C143D81FC54DB30006FB90 /* main.m */; };
		93C143DF1FC54DBC0006FB90 /* Info.plist in Resources */ = {isa = PBXBuildFile; fileRef = 93C143DE1FC54DBC0006FB90 /* Info.plist */; };
		93C143F11FC550530006FB90 /* ZCBaseViewController.m in Sources */ = {isa = PBXBuildFile; fileRef = 93C143F01FC550530006FB90 /* ZCBaseViewController.m */; };
		93C143F71FC5517C0006FB90 /* ZCEditorViewController.m in Sources */ = {isa = PBXBuildFile; fileRef = 93C143F61FC5517C0006FB90 /* ZCEditorViewController.m */; };
		93C1440F1FC570CB0006FB90 /* UIKit.framework in Frameworks */ = {isa = PBXBuildFile; fileRef = 93C1440E1FC570CB0006FB90 /* UIKit.framework */; };
		93C144111FC570D20006FB90 /* CoreFoundation.framework in Frameworks */ = {isa = PBXBuildFile; fileRef = 93C144101FC570D20006FB90 /* CoreFoundation.framework */; };
		93C144131FC570D80006FB90 /* CoreText.framework in Frameworks */ = {isa = PBXBuildFile; fileRef = 93C144121FC570D80006FB90 /* CoreText.framework */; };
		93C144151FC570DD0006FB90 /* QuartzCore.framework in Frameworks */ = {isa = PBXBuildFile; fileRef = 93C144141FC570DD0006FB90 /* QuartzCore.framework */; };
		93C144171FC570E30006FB90 /* Accelerate.framework in Frameworks */ = {isa = PBXBuildFile; fileRef = 93C144161FC570E30006FB90 /* Accelerate.framework */; };
		93C144191FC570E90006FB90 /* MobileCoreServices.framework in Frameworks */ = {isa = PBXBuildFile; fileRef = 93C144181FC570E90006FB90 /* MobileCoreServices.framework */; };
		93C1441C1FC579790006FB90 /* ZCBaseView.m in Sources */ = {isa = PBXBuildFile; fileRef = 93C1441B1FC579790006FB90 /* ZCBaseView.m */; };
		93C1441F1FC57B120006FB90 /* ZCInputToolView.m in Sources */ = {isa = PBXBuildFile; fileRef = 93C1441E1FC57B120006FB90 /* ZCInputToolView.m */; };
		93C144231FC596030006FB90 /* icon24app.ttf in Resources */ = {isa = PBXBuildFile; fileRef = 93C144221FC596030006FB90 /* icon24app.ttf */; };
		93C144331FC59BB80006FB90 /* ZCBaseModel.m in Sources */ = {isa = PBXBuildFile; fileRef = 93C144321FC59BB80006FB90 /* ZCBaseModel.m */; };
		93C1443F1FC5B72A0006FB90 /* Raleway-Medium.ttf in Resources */ = {isa = PBXBuildFile; fileRef = 93C1443D1FC5B72A0006FB90 /* Raleway-Medium.ttf */; };
		93C144401FC5B72A0006FB90 /* Raleway-Regular.ttf in Resources */ = {isa = PBXBuildFile; fileRef = 93C1443E1FC5B72A0006FB90 /* Raleway-Regular.ttf */; };
		93C144451FC5D2F70006FB90 /* Muli-SemiBold.ttf in Resources */ = {isa = PBXBuildFile; fileRef = 93C144441FC5D2F70006FB90 /* Muli-SemiBold.ttf */; };
		93C144681FC66FB60006FB90 /* ZCConstant.m in Sources */ = {isa = PBXBuildFile; fileRef = 93C144671FC66FB60006FB90 /* ZCConstant.m */; };
		93C1447E1FC6D04B0006FB90 /* ZCImagePickerViewController.m in Sources */ = {isa = PBXBuildFile; fileRef = 93C1447D1FC6D04B0006FB90 /* ZCImagePickerViewController.m */; };
		93C144811FC6D5520006FB90 /* ZCImagePickerCollectionViewCell.m in Sources */ = {isa = PBXBuildFile; fileRef = 93C144801FC6D5520006FB90 /* ZCImagePickerCollectionViewCell.m */; };
		93C144841FC6E38B0006FB90 /* UIControl+ZCCate.m in Sources */ = {isa = PBXBuildFile; fileRef = 93C144831FC6E38B0006FB90 /* UIControl+ZCCate.m */; };
		93C144871FC6E5EC0006FB90 /* CALayer+ZCCate.m in Sources */ = {isa = PBXBuildFile; fileRef = 93C144861FC6E5EC0006FB90 /* CALayer+ZCCate.m */; };
		93C1448C1FC6EE960006FB90 /* ZCImagePickerHelper.m in Sources */ = {isa = PBXBuildFile; fileRef = 93C1448B1FC6EE960006FB90 /* ZCImagePickerHelper.m */; };
		93C1448F1FC6F72E0006FB90 /* UICollectionView+ZCCate.m in Sources */ = {isa = PBXBuildFile; fileRef = 93C1448E1FC6F72E0006FB90 /* UICollectionView+ZCCate.m */; };
		93C144921FC6FE150006FB90 /* ZCImagePickerPreviewViewController.m in Sources */ = {isa = PBXBuildFile; fileRef = 93C144911FC6FE150006FB90 /* ZCImagePickerPreviewViewController.m */; };
		93C144951FC6FF9E0006FB90 /* ZCImagePreviewViewController.m in Sources */ = {isa = PBXBuildFile; fileRef = 93C144941FC6FF9E0006FB90 /* ZCImagePreviewViewController.m */; };
		93C144981FC702050006FB90 /* ZCImagePreviewView.m in Sources */ = {isa = PBXBuildFile; fileRef = 93C144971FC702050006FB90 /* ZCImagePreviewView.m */; };
		93C1449B1FC702C40006FB90 /* ZCZoomImageView.m in Sources */ = {isa = PBXBuildFile; fileRef = 93C1449A1FC702C40006FB90 /* ZCZoomImageView.m */; };
		93C1449E1FC7042A0006FB90 /* ZCCollectionViewPagingLayout.m in Sources */ = {isa = PBXBuildFile; fileRef = 93C1449D1FC7042A0006FB90 /* ZCCollectionViewPagingLayout.m */; };
		93C144A11FC70A490006FB90 /* UILabel+ZCCate.m in Sources */ = {isa = PBXBuildFile; fileRef = 93C144A01FC70A490006FB90 /* UILabel+ZCCate.m */; };
		93C144A41FC70AA00006FB90 /* NSObject+ZCCate.m in Sources */ = {isa = PBXBuildFile; fileRef = 93C144A31FC70AA00006FB90 /* NSObject+ZCCate.m */; };
		93C144DB1FC7AC0E0006FB90 /* UIView+ZCCate.m in Sources */ = {isa = PBXBuildFile; fileRef = 93C144DA1FC7AC0E0006FB90 /* UIView+ZCCate.m */; };
		93C144DE1FC7ADA90006FB90 /* ZCHelper.m in Sources */ = {isa = PBXBuildFile; fileRef = 93C144DD1FC7ADA90006FB90 /* ZCHelper.m */; };
/* End PBXBuildFile section */

/* Begin PBXFileReference section */
		25CD7A04455561CED0A1AE43 /* Pods-24EditorDemo.debug.xcconfig */ = {isa = PBXFileReference; includeInIndex = 1; lastKnownFileType = text.xcconfig; name = "Pods-24EditorDemo.debug.xcconfig"; path = "Pods/Target Support Files/Pods-24EditorDemo/Pods-24EditorDemo.debug.xcconfig"; sourceTree = "<group>"; };
		9315BD421FCD625D001ECD0B /* UIColor+ZCCate.h */ = {isa = PBXFileReference; lastKnownFileType = sourcecode.c.h; path = "UIColor+ZCCate.h"; sourceTree = "<group>"; };
		9315BD431FCD625D001ECD0B /* UIColor+ZCCate.m */ = {isa = PBXFileReference; lastKnownFileType = sourcecode.c.objc; path = "UIColor+ZCCate.m"; sourceTree = "<group>"; };
		9369B3051FC93DCD005ED1D7 /* ZCImagePickerNoneCollectionViewCell.h */ = {isa = PBXFileReference; fileEncoding = 4; lastKnownFileType = sourcecode.c.h; path = ZCImagePickerNoneCollectionViewCell.h; sourceTree = "<group>"; };
		9369B3061FC93DCD005ED1D7 /* ZCImagePickerNoneCollectionViewCell.m */ = {isa = PBXFileReference; fileEncoding = 4; lastKnownFileType = sourcecode.c.objc; path = ZCImagePickerNoneCollectionViewCell.m; sourceTree = "<group>"; };
		9369B3341FCA620E005ED1D7 /* ZCAlbumView.h */ = {isa = PBXFileReference; fileEncoding = 4; lastKnownFileType = sourcecode.c.h; path = ZCAlbumView.h; sourceTree = "<group>"; };
		9369B3351FCA620E005ED1D7 /* ZCAlbumView.m */ = {isa = PBXFileReference; fileEncoding = 4; lastKnownFileType = sourcecode.c.objc; path = ZCAlbumView.m; sourceTree = "<group>"; };
		9369B33A1FCB0EC8005ED1D7 /* AshtonConverter.h */ = {isa = PBXFileReference; fileEncoding = 4; lastKnownFileType = sourcecode.c.h; path = AshtonConverter.h; sourceTree = "<group>"; };
		9369B33B1FCB0EC8005ED1D7 /* AshtonCoreText.h */ = {isa = PBXFileReference; fileEncoding = 4; lastKnownFileType = sourcecode.c.h; path = AshtonCoreText.h; sourceTree = "<group>"; };
		9369B33C1FCB0EC8005ED1D7 /* AshtonCoreText.m */ = {isa = PBXFileReference; fileEncoding = 4; lastKnownFileType = sourcecode.c.objc; path = AshtonCoreText.m; sourceTree = "<group>"; };
		9369B33D1FCB0EC8005ED1D7 /* AshtonHTMLReader.h */ = {isa = PBXFileReference; fileEncoding = 4; lastKnownFileType = sourcecode.c.h; path = AshtonHTMLReader.h; sourceTree = "<group>"; };
		9369B33E1FCB0EC8005ED1D7 /* AshtonHTMLReader.m */ = {isa = PBXFileReference; fileEncoding = 4; lastKnownFileType = sourcecode.c.objc; path = AshtonHTMLReader.m; sourceTree = "<group>"; };
		9369B33F1FCB0EC8005ED1D7 /* AshtonHTMLWriter.h */ = {isa = PBXFileReference; fileEncoding = 4; lastKnownFileType = sourcecode.c.h; path = AshtonHTMLWriter.h; sourceTree = "<group>"; };
		9369B3401FCB0EC8005ED1D7 /* AshtonHTMLWriter.m */ = {isa = PBXFileReference; fileEncoding = 4; lastKnownFileType = sourcecode.c.objc; path = AshtonHTMLWriter.m; sourceTree = "<group>"; };
		9369B3411FCB0EC8005ED1D7 /* AshtonIntermediate.h */ = {isa = PBXFileReference; fileEncoding = 4; lastKnownFileType = sourcecode.c.h; path = AshtonIntermediate.h; sourceTree = "<group>"; };
		9369B3421FCB0EC8005ED1D7 /* AshtonIntermediate.m */ = {isa = PBXFileReference; fileEncoding = 4; lastKnownFileType = sourcecode.c.objc; path = AshtonIntermediate.m; sourceTree = "<group>"; };
		9369B3431FCB0EC8005ED1D7 /* AshtonMarkdownReader.h */ = {isa = PBXFileReference; fileEncoding = 4; lastKnownFileType = sourcecode.c.h; path = AshtonMarkdownReader.h; sourceTree = "<group>"; };
		9369B3441FCB0EC8005ED1D7 /* AshtonMarkdownReader.m */ = {isa = PBXFileReference; fileEncoding = 4; lastKnownFileType = sourcecode.c.objc; path = AshtonMarkdownReader.m; sourceTree = "<group>"; };
		9369B3451FCB0EC8005ED1D7 /* AshtonMarkdownWriter.h */ = {isa = PBXFileReference; fileEncoding = 4; lastKnownFileType = sourcecode.c.h; path = AshtonMarkdownWriter.h; sourceTree = "<group>"; };
		9369B3461FCB0EC8005ED1D7 /* AshtonMarkdownWriter.m */ = {isa = PBXFileReference; fileEncoding = 4; lastKnownFileType = sourcecode.c.objc; path = AshtonMarkdownWriter.m; sourceTree = "<group>"; };
		9369B3471FCB0EC8005ED1D7 /* AshtonUIKit.h */ = {isa = PBXFileReference; fileEncoding = 4; lastKnownFileType = sourcecode.c.h; path = AshtonUIKit.h; sourceTree = "<group>"; };
		9369B3481FCB0EC8005ED1D7 /* AshtonUIKit.m */ = {isa = PBXFileReference; fileEncoding = 4; lastKnownFileType = sourcecode.c.objc; path = AshtonUIKit.m; sourceTree = "<group>"; };
		9369B3491FCB0EC8005ED1D7 /* AshtonUtils.h */ = {isa = PBXFileReference; fileEncoding = 4; lastKnownFileType = sourcecode.c.h; path = AshtonUtils.h; sourceTree = "<group>"; };
		9369B34A1FCB0EC8005ED1D7 /* AshtonUtils.m */ = {isa = PBXFileReference; fileEncoding = 4; lastKnownFileType = sourcecode.c.objc; path = AshtonUtils.m; sourceTree = "<group>"; };
		9369B34B1FCB0EC8005ED1D7 /* NSAttributedString+Ashton.h */ = {isa = PBXFileReference; fileEncoding = 4; lastKnownFileType = sourcecode.c.h; path = "NSAttributedString+Ashton.h"; sourceTree = "<group>"; };
		9369B34C1FCB0EC8005ED1D7 /* NSAttributedString+Ashton.m */ = {isa = PBXFileReference; fileEncoding = 4; lastKnownFileType = sourcecode.c.objc; path = "NSAttributedString+Ashton.m"; sourceTree = "<group>"; };
		9369B3691FCB2751005ED1D7 /* Muli-Regular.ttf */ = {isa = PBXFileReference; lastKnownFileType = file; path = "Muli-Regular.ttf"; sourceTree = "<group>"; };
		93864D4F1FD52547002AC596 /* UIImage+BBVoiceRecord.m */ = {isa = PBXFileReference; fileEncoding = 4; lastKnownFileType = sourcecode.c.objc; path = "UIImage+BBVoiceRecord.m"; sourceTree = "<group>"; };
		93864D501FD52547002AC596 /* BBVoiceRecordToastContentView.h */ = {isa = PBXFileReference; fileEncoding = 4; lastKnownFileType = sourcecode.c.h; path = BBVoiceRecordToastContentView.h; sourceTree = "<group>"; };
		93864D511FD52547002AC596 /* BBHoldToSpeakButton.m */ = {isa = PBXFileReference; fileEncoding = 4; lastKnownFileType = sourcecode.c.objc; path = BBHoldToSpeakButton.m; sourceTree = "<group>"; };
		93864D521FD52547002AC596 /* BBVoiceRecordView.m */ = {isa = PBXFileReference; fileEncoding = 4; lastKnownFileType = sourcecode.c.objc; path = BBVoiceRecordView.m; sourceTree = "<group>"; };
		93864D531FD52547002AC596 /* BBVoiceRecordController.h */ = {isa = PBXFileReference; fileEncoding = 4; lastKnownFileType = sourcecode.c.h; path = BBVoiceRecordController.h; sourceTree = "<group>"; };
		93864D551FD52547002AC596 /* ic_record_ripple@3x.png */ = {isa = PBXFileReference; lastKnownFileType = image.png; path = "ic_record_ripple@3x.png"; sourceTree = "<group>"; };
		93864D561FD52547002AC596 /* ic_record_ripple@2x.png */ = {isa = PBXFileReference; lastKnownFileType = image.png; path = "ic_record_ripple@2x.png"; sourceTree = "<group>"; };
		93864D571FD52547002AC596 /* ic_record_too_short@2x.png */ = {isa = PBXFileReference; lastKnownFileType = image.png; path = "ic_record_too_short@2x.png"; sourceTree = "<group>"; };
		93864D581FD52547002AC596 /* ic_record_too_short@3x.png */ = {isa = PBXFileReference; lastKnownFileType = image.png; path = "ic_record_too_short@3x.png"; sourceTree = "<group>"; };
		93864D591FD52547002AC596 /* ic_release_to_cancel@3x.png */ = {isa = PBXFileReference; lastKnownFileType = image.png; path = "ic_release_to_cancel@3x.png"; sourceTree = "<group>"; };
		93864D5A1FD52547002AC596 /* ic_record@2x.png */ = {isa = PBXFileReference; lastKnownFileType = image.png; path = "ic_record@2x.png"; sourceTree = "<group>"; };
		93864D5B1FD52547002AC596 /* ic_record@3x.png */ = {isa = PBXFileReference; lastKnownFileType = image.png; path = "ic_record@3x.png"; sourceTree = "<group>"; };
		93864D5C1FD52547002AC596 /* ic_release_to_cancel@2x.png */ = {isa = PBXFileReference; lastKnownFileType = image.png; path = "ic_release_to_cancel@2x.png"; sourceTree = "<group>"; };
		93864D5D1FD52547002AC596 /* BBVoiceRecordPowerAnimationView.h */ = {isa = PBXFileReference; fileEncoding = 4; lastKnownFileType = sourcecode.c.h; path = BBVoiceRecordPowerAnimationView.h; sourceTree = "<group>"; };
		93864D5E1FD52547002AC596 /* UIColor+BBVoiceRecord.m */ = {isa = PBXFileReference; fileEncoding = 4; lastKnownFileType = sourcecode.c.objc; path = "UIColor+BBVoiceRecord.m"; sourceTree = "<group>"; };
		93864D5F1FD52547002AC596 /* BBVoiceRecordToastContentView.m */ = {isa = PBXFileReference; fileEncoding = 4; lastKnownFileType = sourcecode.c.objc; path = BBVoiceRecordToastContentView.m; sourceTree = "<group>"; };
		93864D601FD52547002AC596 /* UIImage+BBVoiceRecord.h */ = {isa = PBXFileReference; fileEncoding = 4; lastKnownFileType = sourcecode.c.h; path = "UIImage+BBVoiceRecord.h"; sourceTree = "<group>"; };
		93864D611FD52547002AC596 /* BBHoldToSpeakButton.h */ = {isa = PBXFileReference; fileEncoding = 4; lastKnownFileType = sourcecode.c.h; path = BBHoldToSpeakButton.h; sourceTree = "<group>"; };
		93864D621FD52547002AC596 /* BBVoiceRecordView.h */ = {isa = PBXFileReference; fileEncoding = 4; lastKnownFileType = sourcecode.c.h; path = BBVoiceRecordView.h; sourceTree = "<group>"; };
		93864D631FD52547002AC596 /* UIColor+BBVoiceRecord.h */ = {isa = PBXFileReference; fileEncoding = 4; lastKnownFileType = sourcecode.c.h; path = "UIColor+BBVoiceRecord.h"; sourceTree = "<group>"; };
		93864D641FD52547002AC596 /* BBVoiceRecordPowerAnimationView.m */ = {isa = PBXFileReference; fileEncoding = 4; lastKnownFileType = sourcecode.c.objc; path = BBVoiceRecordPowerAnimationView.m; sourceTree = "<group>"; };
		93864D651FD52547002AC596 /* BBVoiceRecordController.m */ = {isa = PBXFileReference; fileEncoding = 4; lastKnownFileType = sourcecode.c.objc; path = BBVoiceRecordController.m; sourceTree = "<group>"; };
		93864D661FD52547002AC596 /* BBVoiceRecordHeaderDefine.h */ = {isa = PBXFileReference; fileEncoding = 4; lastKnownFileType = sourcecode.c.h; path = BBVoiceRecordHeaderDefine.h; sourceTree = "<group>"; };
		93864DBD1FD7BC87002AC596 /* VideoViewController.h */ = {isa = PBXFileReference; fileEncoding = 4; lastKnownFileType = sourcecode.c.h; path = VideoViewController.h; sourceTree = "<group>"; };
		93864DBE1FD7BC87002AC596 /* HomeViewController.m */ = {isa = PBXFileReference; fileEncoding = 4; lastKnownFileType = sourcecode.c.objc; path = HomeViewController.m; sourceTree = "<group>"; };
		93864DBF1FD7BC87002AC596 /* VideoViewController.m */ = {isa = PBXFileReference; fileEncoding = 4; lastKnownFileType = sourcecode.c.objc; path = VideoViewController.m; sourceTree = "<group>"; };
		93864DC01FD7BC87002AC596 /* HomeViewController.h */ = {isa = PBXFileReference; fileEncoding = 4; lastKnownFileType = sourcecode.c.h; path = HomeViewController.h; sourceTree = "<group>"; };
		93864DC31FD7C890002AC596 /* ImageViewController.m */ = {isa = PBXFileReference; fileEncoding = 4; lastKnownFileType = sourcecode.c.objc; path = ImageViewController.m; sourceTree = "<group>"; };
		93864DC41FD7C890002AC596 /* ImageViewController.h */ = {isa = PBXFileReference; fileEncoding = 4; lastKnownFileType = sourcecode.c.h; path = ImageViewController.h; sourceTree = "<group>"; };
		93864DC61FD7E37E002AC596 /* ZCCycleView.h */ = {isa = PBXFileReference; lastKnownFileType = sourcecode.c.h; path = ZCCycleView.h; sourceTree = "<group>"; };
		93864DC71FD7E37E002AC596 /* ZCCycleView.m */ = {isa = PBXFileReference; lastKnownFileType = sourcecode.c.objc; path = ZCCycleView.m; sourceTree = "<group>"; };
		939266B21FCE82E0002FFA49 /* UIImage+ZCCate.h */ = {isa = PBXFileReference; fileEncoding = 4; lastKnownFileType = sourcecode.c.h; path = "UIImage+ZCCate.h"; sourceTree = "<group>"; };
		939266B31FCE82E1002FFA49 /* UIImage+ZCCate.m */ = {isa = PBXFileReference; fileEncoding = 4; lastKnownFileType = sourcecode.c.objc; path = "UIImage+ZCCate.m"; sourceTree = "<group>"; };
		939266B51FCE831F002FFA49 /* NSString+ZCCate.h */ = {isa = PBXFileReference; lastKnownFileType = sourcecode.c.h; path = "NSString+ZCCate.h"; sourceTree = "<group>"; };
		939266B61FCE831F002FFA49 /* NSString+ZCCate.m */ = {isa = PBXFileReference; lastKnownFileType = sourcecode.c.objc; path = "NSString+ZCCate.m"; sourceTree = "<group>"; };
		939266C51FCE910F002FFA49 /* ZCDraftTextTableViewCell.m */ = {isa = PBXFileReference; fileEncoding = 4; lastKnownFileType = sourcecode.c.objc; path = ZCDraftTextTableViewCell.m; sourceTree = "<group>"; };
		939266C81FCE910F002FFA49 /* ZCDraftTextTableViewCell.h */ = {isa = PBXFileReference; fileEncoding = 4; lastKnownFileType = sourcecode.c.h; path = ZCDraftTextTableViewCell.h; sourceTree = "<group>"; };
		939266CC1FCE910F002FFA49 /* ZCDraftViewController.h */ = {isa = PBXFileReference; fileEncoding = 4; lastKnownFileType = sourcecode.c.h; path = ZCDraftViewController.h; sourceTree = "<group>"; };
		939266CD1FCE910F002FFA49 /* ZCDraftViewController.m */ = {isa = PBXFileReference; fileEncoding = 4; lastKnownFileType = sourcecode.c.objc; path = ZCDraftViewController.m; sourceTree = "<group>"; };
		939266DB1FCE91EC002FFA49 /* ZCEventDetailViewController.h */ = {isa = PBXFileReference; lastKnownFileType = sourcecode.c.h; path = ZCEventDetailViewController.h; sourceTree = "<group>"; };
		939266DC1FCE91EC002FFA49 /* ZCEventDetailViewController.m */ = {isa = PBXFileReference; lastKnownFileType = sourcecode.c.objc; path = ZCEventDetailViewController.m; sourceTree = "<group>"; };
		939266DE1FCEB62D002FFA49 /* ZCModel.h */ = {isa = PBXFileReference; lastKnownFileType = sourcecode.c.h; path = ZCModel.h; sourceTree = "<group>"; };
		939266DF1FCEB62D002FFA49 /* ZCModel.m */ = {isa = PBXFileReference; lastKnownFileType = sourcecode.c.objc; path = ZCModel.m; sourceTree = "<group>"; };
		939266E11FCED72B002FFA49 /* ZCEventCountView.h */ = {isa = PBXFileReference; lastKnownFileType = sourcecode.c.h; path = ZCEventCountView.h; sourceTree = "<group>"; };
		939266E21FCED72B002FFA49 /* ZCEventCountView.m */ = {isa = PBXFileReference; lastKnownFileType = sourcecode.c.objc; path = ZCEventCountView.m; sourceTree = "<group>"; };
		939266E41FCEDE78002FFA49 /* Poppins-Regular.ttf */ = {isa = PBXFileReference; lastKnownFileType = file; path = "Poppins-Regular.ttf"; sourceTree = "<group>"; };
		939266E61FCEE4CA002FFA49 /* ZCScoreView.h */ = {isa = PBXFileReference; lastKnownFileType = sourcecode.c.h; path = ZCScoreView.h; sourceTree = "<group>"; };
		939266E71FCEE4CA002FFA49 /* ZCScoreView.m */ = {isa = PBXFileReference; lastKnownFileType = sourcecode.c.objc; path = ZCScoreView.m; sourceTree = "<group>"; };
		939266E91FCEF1AB002FFA49 /* ZCNewsAudioTableViewCell.h */ = {isa = PBXFileReference; lastKnownFileType = sourcecode.c.h; path = ZCNewsAudioTableViewCell.h; sourceTree = "<group>"; };
		939266EA1FCEF1AB002FFA49 /* ZCNewsAudioTableViewCell.m */ = {isa = PBXFileReference; lastKnownFileType = sourcecode.c.objc; path = ZCNewsAudioTableViewCell.m; sourceTree = "<group>"; };
		939267051FCFF3EE002FFA49 /* ZCNetworking.h */ = {isa = PBXFileReference; lastKnownFileType = sourcecode.c.h; path = ZCNetworking.h; sourceTree = "<group>"; };
		939267061FCFF3EE002FFA49 /* ZCNetworking.m */ = {isa = PBXFileReference; lastKnownFileType = sourcecode.c.objc; path = ZCNetworking.m; sourceTree = "<group>"; };
		939267081FD00786002FFA49 /* ZCNewsModel.h */ = {isa = PBXFileReference; lastKnownFileType = sourcecode.c.h; path = ZCNewsModel.h; sourceTree = "<group>"; };
		939267091FD00786002FFA49 /* ZCNewsModel.m */ = {isa = PBXFileReference; lastKnownFileType = sourcecode.c.objc; path = ZCNewsModel.m; sourceTree = "<group>"; };
		939267221FD12EA3002FFA49 /* ZCAssetsGroup.m */ = {isa = PBXFileReference; fileEncoding = 4; lastKnownFileType = sourcecode.c.objc; path = ZCAssetsGroup.m; sourceTree = "<group>"; };
		939267231FD12EA3002FFA49 /* ZCAsset.h */ = {isa = PBXFileReference; fileEncoding = 4; lastKnownFileType = sourcecode.c.h; path = ZCAsset.h; sourceTree = "<group>"; };
		939267241FD12EA3002FFA49 /* ZCAssetsManager.m */ = {isa = PBXFileReference; fileEncoding = 4; lastKnownFileType = sourcecode.c.objc; path = ZCAssetsManager.m; sourceTree = "<group>"; };
		939267251FD12EA3002FFA49 /* ZCAssetsGroup.h */ = {isa = PBXFileReference; fileEncoding = 4; lastKnownFileType = sourcecode.c.h; path = ZCAssetsGroup.h; sourceTree = "<group>"; };
		939267261FD12EA3002FFA49 /* ZCAssetsManager.h */ = {isa = PBXFileReference; fileEncoding = 4; lastKnownFileType = sourcecode.c.h; path = ZCAssetsManager.h; sourceTree = "<group>"; };
		939267271FD12EA3002FFA49 /* ZCAsset.m */ = {isa = PBXFileReference; fileEncoding = 4; lastKnownFileType = sourcecode.c.objc; path = ZCAsset.m; sourceTree = "<group>"; };
		939267291FD12EA3002FFA49 /* DOUAudioFileProvider.m */ = {isa = PBXFileReference; fileEncoding = 4; lastKnownFileType = sourcecode.c.objc; path = DOUAudioFileProvider.m; sourceTree = "<group>"; };
		9392672A1FD12EA3002FFA49 /* DOUAudioStreamer.h */ = {isa = PBXFileReference; fileEncoding = 4; lastKnownFileType = sourcecode.c.h; path = DOUAudioStreamer.h; sourceTree = "<group>"; };
		9392672B1FD12EA3002FFA49 /* DOUSimpleHTTPRequest.h */ = {isa = PBXFileReference; fileEncoding = 4; lastKnownFileType = sourcecode.c.h; path = DOUSimpleHTTPRequest.h; sourceTree = "<group>"; };
		9392672C1FD12EA3002FFA49 /* DOUAudioDecoder.h */ = {isa = PBXFileReference; fileEncoding = 4; lastKnownFileType = sourcecode.c.h; path = DOUAudioDecoder.h; sourceTree = "<group>"; };
		9392672D1FD12EA3002FFA49 /* DOUAudioStreamer+Options.m */ = {isa = PBXFileReference; fileEncoding = 4; lastKnownFileType = sourcecode.c.objc; path = "DOUAudioStreamer+Options.m"; sourceTree = "<group>"; };
		9392672E1FD12EA3002FFA49 /* DOUAudioLPCM.h */ = {isa = PBXFileReference; fileEncoding = 4; lastKnownFileType = sourcecode.c.h; path = DOUAudioLPCM.h; sourceTree = "<group>"; };
		9392672F1FD12EA3002FFA49 /* DOUEAGLView.h */ = {isa = PBXFileReference; fileEncoding = 4; lastKnownFileType = sourcecode.c.h; path = DOUEAGLView.h; sourceTree = "<group>"; };
		939267301FD12EA3002FFA49 /* DOUAudioAnalyzer.m */ = {isa = PBXFileReference; fileEncoding = 4; lastKnownFileType = sourcecode.c.objc; path = DOUAudioAnalyzer.m; sourceTree = "<group>"; };
		939267311FD12EA3002FFA49 /* DOUAudioSpatialAnalyzer.h */ = {isa = PBXFileReference; fileEncoding = 4; lastKnownFileType = sourcecode.c.h; path = DOUAudioSpatialAnalyzer.h; sourceTree = "<group>"; };
		939267321FD12EA3002FFA49 /* DOUAudioEventLoop.h */ = {isa = PBXFileReference; fileEncoding = 4; lastKnownFileType = sourcecode.c.h; path = DOUAudioEventLoop.h; sourceTree = "<group>"; };
		939267331FD12EA3002FFA49 /* DOUAudioPlaybackItem.h */ = {isa = PBXFileReference; fileEncoding = 4; lastKnownFileType = sourcecode.c.h; path = DOUAudioPlaybackItem.h; sourceTree = "<group>"; };
		939267341FD12EA3002FFA49 /* DOUAudioRenderer.m */ = {isa = PBXFileReference; fileEncoding = 4; lastKnownFileType = sourcecode.c.objc; path = DOUAudioRenderer.m; sourceTree = "<group>"; };
		939267351FD12EA3002FFA49 /* DOUAudioAnalyzer+Default.m */ = {isa = PBXFileReference; fileEncoding = 4; lastKnownFileType = sourcecode.c.objc; path = "DOUAudioAnalyzer+Default.m"; sourceTree = "<group>"; };
		939267361FD12EA4002FFA49 /* DOUAudioFile.h */ = {isa = PBXFileReference; fileEncoding = 4; lastKnownFileType = sourcecode.c.h; path = DOUAudioFile.h; sourceTree = "<group>"; };
		939267371FD12EA4002FFA49 /* NSData+DOUMappedFile.m */ = {isa = PBXFileReference; fileEncoding = 4; lastKnownFileType = sourcecode.c.objc; path = "NSData+DOUMappedFile.m"; sourceTree = "<group>"; };
		939267381FD12EA4002FFA49 /* DOUMPMediaLibraryAssetLoader.h */ = {isa = PBXFileReference; fileEncoding = 4; lastKnownFileType = sourcecode.c.h; path = DOUMPMediaLibraryAssetLoader.h; sourceTree = "<group>"; };
		939267391FD12EA4002FFA49 /* DOUAudioFilePreprocessor.m */ = {isa = PBXFileReference; fileEncoding = 4; lastKnownFileType = sourcecode.c.objc; path = DOUAudioFilePreprocessor.m; sourceTree = "<group>"; };
		9392673A1FD12EA4002FFA49 /* DOUAudioAnalyzer_Private.h */ = {isa = PBXFileReference; fileEncoding = 4; lastKnownFileType = sourcecode.c.h; path = DOUAudioAnalyzer_Private.h; sourceTree = "<group>"; };
		9392673B1FD12EA4002FFA49 /* DOUAudioVisualizer.m */ = {isa = PBXFileReference; fileEncoding = 4; lastKnownFileType = sourcecode.c.objc; path = DOUAudioVisualizer.m; sourceTree = "<group>"; };
		9392673C1FD12EA4002FFA49 /* DOUAudioFrequencyAnalyzer.h */ = {isa = PBXFileReference; fileEncoding = 4; lastKnownFileType = sourcecode.c.h; path = DOUAudioFrequencyAnalyzer.h; sourceTree = "<group>"; };
		9392673D1FD12EA4002FFA49 /* DOUEAGLView.m */ = {isa = PBXFileReference; fileEncoding = 4; lastKnownFileType = sourcecode.c.objc; path = DOUEAGLView.m; sourceTree = "<group>"; };
		9392673E1FD12EA4002FFA49 /* DOUAudioAnalyzer.h */ = {isa = PBXFileReference; fileEncoding = 4; lastKnownFileType = sourcecode.c.h; path = DOUAudioAnalyzer.h; sourceTree = "<group>"; };
		9392673F1FD12EA4002FFA49 /* DOUAudioLPCM.m */ = {isa = PBXFileReference; fileEncoding = 4; lastKnownFileType = sourcecode.c.objc; path = DOUAudioLPCM.m; sourceTree = "<group>"; };
		939267401FD12EA4002FFA49 /* DOUAudioStreamer+Options.h */ = {isa = PBXFileReference; fileEncoding = 4; lastKnownFileType = sourcecode.c.h; path = "DOUAudioStreamer+Options.h"; sourceTree = "<group>"; };
		939267411FD12EA4002FFA49 /* DOUAudioStreamer.m */ = {isa = PBXFileReference; fileEncoding = 4; lastKnownFileType = sourcecode.c.objc; path = DOUAudioStreamer.m; sourceTree = "<group>"; };
		939267421FD12EA4002FFA49 /* DOUAudioDecoder.m */ = {isa = PBXFileReference; fileEncoding = 4; lastKnownFileType = sourcecode.c.objc; path = DOUAudioDecoder.m; sourceTree = "<group>"; };
		939267431FD12EA4002FFA49 /* DOUSimpleHTTPRequest.m */ = {isa = PBXFileReference; fileEncoding = 4; lastKnownFileType = sourcecode.c.objc; path = DOUSimpleHTTPRequest.m; sourceTree = "<group>"; };
		939267441FD12EA4002FFA49 /* DOUAudioFileProvider.h */ = {isa = PBXFileReference; fileEncoding = 4; lastKnownFileType = sourcecode.c.h; path = DOUAudioFileProvider.h; sourceTree = "<group>"; };
		939267451FD12EA4002FFA49 /* DOUAudioAnalyzer+Default.h */ = {isa = PBXFileReference; fileEncoding = 4; lastKnownFileType = sourcecode.c.h; path = "DOUAudioAnalyzer+Default.h"; sourceTree = "<group>"; };
		939267461FD12EA4002FFA49 /* DOUAudioPlaybackItem.m */ = {isa = PBXFileReference; fileEncoding = 4; lastKnownFileType = sourcecode.c.objc; path = DOUAudioPlaybackItem.m; sourceTree = "<group>"; };
		939267471FD12EA4002FFA49 /* DOUAudioRenderer.h */ = {isa = PBXFileReference; fileEncoding = 4; lastKnownFileType = sourcecode.c.h; path = DOUAudioRenderer.h; sourceTree = "<group>"; };
		939267481FD12EA4002FFA49 /* DOUAudioEventLoop.m */ = {isa = PBXFileReference; fileEncoding = 4; lastKnownFileType = sourcecode.c.objc; path = DOUAudioEventLoop.m; sourceTree = "<group>"; };
		939267491FD12EA4002FFA49 /* DOUAudioSpatialAnalyzer.m */ = {isa = PBXFileReference; fileEncoding = 4; lastKnownFileType = sourcecode.c.objc; path = DOUAudioSpatialAnalyzer.m; sourceTree = "<group>"; };
		9392674A1FD12EA4002FFA49 /* DOUAudioStreamer_Private.h */ = {isa = PBXFileReference; fileEncoding = 4; lastKnownFileType = sourcecode.c.h; path = DOUAudioStreamer_Private.h; sourceTree = "<group>"; };
		9392674B1FD12EA4002FFA49 /* DOUAudioFrequencyAnalyzer.m */ = {isa = PBXFileReference; fileEncoding = 4; lastKnownFileType = sourcecode.c.objc; path = DOUAudioFrequencyAnalyzer.m; sourceTree = "<group>"; };
		9392674C1FD12EA4002FFA49 /* DOUAudioVisualizer.h */ = {isa = PBXFileReference; fileEncoding = 4; lastKnownFileType = sourcecode.c.h; path = DOUAudioVisualizer.h; sourceTree = "<group>"; };
		9392674D1FD12EA4002FFA49 /* DOUAudioFilePreprocessor.h */ = {isa = PBXFileReference; fileEncoding = 4; lastKnownFileType = sourcecode.c.h; path = DOUAudioFilePreprocessor.h; sourceTree = "<group>"; };
		9392674E1FD12EA4002FFA49 /* DOUMPMediaLibraryAssetLoader.m */ = {isa = PBXFileReference; fileEncoding = 4; lastKnownFileType = sourcecode.c.objc; path = DOUMPMediaLibraryAssetLoader.m; sourceTree = "<group>"; };
		9392674F1FD12EA4002FFA49 /* NSData+DOUMappedFile.h */ = {isa = PBXFileReference; fileEncoding = 4; lastKnownFileType = sourcecode.c.h; path = "NSData+DOUMappedFile.h"; sourceTree = "<group>"; };
		939267501FD12EA4002FFA49 /* DOUAudioBase.h */ = {isa = PBXFileReference; fileEncoding = 4; lastKnownFileType = sourcecode.c.h; path = DOUAudioBase.h; sourceTree = "<group>"; };
		939267661FD136AF002FFA49 /* ZCAudioModel.h */ = {isa = PBXFileReference; lastKnownFileType = sourcecode.c.h; path = ZCAudioModel.h; sourceTree = "<group>"; };
		939267671FD136AF002FFA49 /* ZCAudioModel.m */ = {isa = PBXFileReference; lastKnownFileType = sourcecode.c.objc; path = ZCAudioModel.m; sourceTree = "<group>"; };
		939267811FD1B9CF002FFA49 /* ZCNewsVoteTableViewCell.h */ = {isa = PBXFileReference; lastKnownFileType = sourcecode.c.h; path = ZCNewsVoteTableViewCell.h; sourceTree = "<group>"; };
		939267821FD1B9CF002FFA49 /* ZCNewsVoteTableViewCell.m */ = {isa = PBXFileReference; lastKnownFileType = sourcecode.c.objc; path = ZCNewsVoteTableViewCell.m; sourceTree = "<group>"; };
		939267841FD1BD84002FFA49 /* ZCPerVoteTableViewCell.h */ = {isa = PBXFileReference; lastKnownFileType = sourcecode.c.h; path = ZCPerVoteTableViewCell.h; sourceTree = "<group>"; };
		939267851FD1BD84002FFA49 /* ZCPerVoteTableViewCell.m */ = {isa = PBXFileReference; lastKnownFileType = sourcecode.c.objc; path = ZCPerVoteTableViewCell.m; sourceTree = "<group>"; };
		939267871FD1C5FF002FFA49 /* ZCVoteModel.h */ = {isa = PBXFileReference; lastKnownFileType = sourcecode.c.h; path = ZCVoteModel.h; sourceTree = "<group>"; };
		939267881FD1C5FF002FFA49 /* ZCVoteModel.m */ = {isa = PBXFileReference; lastKnownFileType = sourcecode.c.objc; path = ZCVoteModel.m; sourceTree = "<group>"; };
		9392678A1FD1C687002FFA49 /* ZCOptionModel.h */ = {isa = PBXFileReference; lastKnownFileType = sourcecode.c.h; path = ZCOptionModel.h; sourceTree = "<group>"; };
		9392678B1FD1C687002FFA49 /* ZCOptionModel.m */ = {isa = PBXFileReference; lastKnownFileType = sourcecode.c.objc; path = ZCOptionModel.m; sourceTree = "<group>"; };
		9392678D1FD26430002FFA49 /* ZCInputTypeCollectionViewCell.h */ = {isa = PBXFileReference; lastKnownFileType = sourcecode.c.h; path = ZCInputTypeCollectionViewCell.h; sourceTree = "<group>"; };
		9392678E1FD26430002FFA49 /* ZCInputTypeCollectionViewCell.m */ = {isa = PBXFileReference; lastKnownFileType = sourcecode.c.objc; path = ZCInputTypeCollectionViewCell.m; sourceTree = "<group>"; };
		939267901FD26B0D002FFA49 /* ZCNewsInputToolView.h */ = {isa = PBXFileReference; lastKnownFileType = sourcecode.c.h; path = ZCNewsInputToolView.h; sourceTree = "<group>"; };
		939267911FD26B0D002FFA49 /* ZCNewsInputToolView.m */ = {isa = PBXFileReference; lastKnownFileType = sourcecode.c.objc; path = ZCNewsInputToolView.m; sourceTree = "<group>"; };
		939267931FD2BECA002FFA49 /* ZCEmptyViewController.h */ = {isa = PBXFileReference; lastKnownFileType = sourcecode.c.h; path = ZCEmptyViewController.h; sourceTree = "<group>"; };
		939267941FD2BECA002FFA49 /* ZCEmptyViewController.m */ = {isa = PBXFileReference; lastKnownFileType = sourcecode.c.objc; path = ZCEmptyViewController.m; sourceTree = "<group>"; };
		93C143B41FC547D00006FB90 /* 24EditorDemo.app */ = {isa = PBXFileReference; explicitFileType = wrapper.application; includeInIndex = 0; path = 24EditorDemo.app; sourceTree = BUILT_PRODUCTS_DIR; };
		93C143C41FC547D00006FB90 /* _4EditorDemo.xcdatamodel */ = {isa = PBXFileReference; lastKnownFileType = wrapper.xcdatamodel; path = _4EditorDemo.xcdatamodel; sourceTree = "<group>"; };
		93C143C61FC547D00006FB90 /* Assets.xcassets */ = {isa = PBXFileReference; lastKnownFileType = folder.assetcatalog; path = Assets.xcassets; sourceTree = "<group>"; };
		93C143D21FC54DB30006FB90 /* AppDelegate.h */ = {isa = PBXFileReference; fileEncoding = 4; lastKnownFileType = sourcecode.c.h; path = AppDelegate.h; sourceTree = "<group>"; };
		93C143D31FC54DB30006FB90 /* AppDelegate.m */ = {isa = PBXFileReference; fileEncoding = 4; lastKnownFileType = sourcecode.c.objc; path = AppDelegate.m; sourceTree = "<group>"; };
		93C143D51FC54DB30006FB90 /* Base */ = {isa = PBXFileReference; lastKnownFileType = file.storyboard; name = Base; path = Base.lproj/LaunchScreen.storyboard; sourceTree = "<group>"; };
		93C143D71FC54DB30006FB90 /* Base */ = {isa = PBXFileReference; lastKnownFileType = file.storyboard; name = Base; path = Base.lproj/Main.storyboard; sourceTree = "<group>"; };
		93C143D81FC54DB30006FB90 /* main.m */ = {isa = PBXFileReference; fileEncoding = 4; lastKnownFileType = sourcecode.c.objc; path = main.m; sourceTree = "<group>"; };
		93C143DE1FC54DBC0006FB90 /* Info.plist */ = {isa = PBXFileReference; fileEncoding = 4; lastKnownFileType = text.plist.xml; path = Info.plist; sourceTree = "<group>"; };
		93C143EF1FC550530006FB90 /* ZCBaseViewController.h */ = {isa = PBXFileReference; fileEncoding = 4; lastKnownFileType = sourcecode.c.h; path = ZCBaseViewController.h; sourceTree = "<group>"; };
		93C143F01FC550530006FB90 /* ZCBaseViewController.m */ = {isa = PBXFileReference; fileEncoding = 4; lastKnownFileType = sourcecode.c.objc; path = ZCBaseViewController.m; sourceTree = "<group>"; };
		93C143F51FC5517C0006FB90 /* ZCEditorViewController.h */ = {isa = PBXFileReference; fileEncoding = 4; lastKnownFileType = sourcecode.c.h; path = ZCEditorViewController.h; sourceTree = "<group>"; };
		93C143F61FC5517C0006FB90 /* ZCEditorViewController.m */ = {isa = PBXFileReference; fileEncoding = 4; lastKnownFileType = sourcecode.c.objc; path = ZCEditorViewController.m; sourceTree = "<group>"; };
		93C1440E1FC570CB0006FB90 /* UIKit.framework */ = {isa = PBXFileReference; lastKnownFileType = wrapper.framework; name = UIKit.framework; path = System/Library/Frameworks/UIKit.framework; sourceTree = SDKROOT; };
		93C144101FC570D20006FB90 /* CoreFoundation.framework */ = {isa = PBXFileReference; lastKnownFileType = wrapper.framework; name = CoreFoundation.framework; path = System/Library/Frameworks/CoreFoundation.framework; sourceTree = SDKROOT; };
		93C144121FC570D80006FB90 /* CoreText.framework */ = {isa = PBXFileReference; lastKnownFileType = wrapper.framework; name = CoreText.framework; path = System/Library/Frameworks/CoreText.framework; sourceTree = SDKROOT; };
		93C144141FC570DD0006FB90 /* QuartzCore.framework */ = {isa = PBXFileReference; lastKnownFileType = wrapper.framework; name = QuartzCore.framework; path = System/Library/Frameworks/QuartzCore.framework; sourceTree = SDKROOT; };
		93C144161FC570E30006FB90 /* Accelerate.framework */ = {isa = PBXFileReference; lastKnownFileType = wrapper.framework; name = Accelerate.framework; path = System/Library/Frameworks/Accelerate.framework; sourceTree = SDKROOT; };
		93C144181FC570E90006FB90 /* MobileCoreServices.framework */ = {isa = PBXFileReference; lastKnownFileType = wrapper.framework; name = MobileCoreServices.framework; path = System/Library/Frameworks/MobileCoreServices.framework; sourceTree = SDKROOT; };
		93C1441A1FC579790006FB90 /* ZCBaseView.h */ = {isa = PBXFileReference; fileEncoding = 4; lastKnownFileType = sourcecode.c.h; path = ZCBaseView.h; sourceTree = "<group>"; };
		93C1441B1FC579790006FB90 /* ZCBaseView.m */ = {isa = PBXFileReference; fileEncoding = 4; lastKnownFileType = sourcecode.c.objc; path = ZCBaseView.m; sourceTree = "<group>"; };
		93C1441D1FC57B120006FB90 /* ZCInputToolView.h */ = {isa = PBXFileReference; fileEncoding = 4; lastKnownFileType = sourcecode.c.h; path = ZCInputToolView.h; sourceTree = "<group>"; };
		93C1441E1FC57B120006FB90 /* ZCInputToolView.m */ = {isa = PBXFileReference; fileEncoding = 4; lastKnownFileType = sourcecode.c.objc; path = ZCInputToolView.m; sourceTree = "<group>"; };
		93C144221FC596030006FB90 /* icon24app.ttf */ = {isa = PBXFileReference; lastKnownFileType = file; path = icon24app.ttf; sourceTree = "<group>"; };
		93C144311FC59BB80006FB90 /* ZCBaseModel.h */ = {isa = PBXFileReference; fileEncoding = 4; lastKnownFileType = sourcecode.c.h; path = ZCBaseModel.h; sourceTree = "<group>"; };
		93C144321FC59BB80006FB90 /* ZCBaseModel.m */ = {isa = PBXFileReference; fileEncoding = 4; lastKnownFileType = sourcecode.c.objc; path = ZCBaseModel.m; sourceTree = "<group>"; };
		93C1443D1FC5B72A0006FB90 /* Raleway-Medium.ttf */ = {isa = PBXFileReference; lastKnownFileType = file; path = "Raleway-Medium.ttf"; sourceTree = "<group>"; };
		93C1443E1FC5B72A0006FB90 /* Raleway-Regular.ttf */ = {isa = PBXFileReference; lastKnownFileType = file; path = "Raleway-Regular.ttf"; sourceTree = "<group>"; };
		93C144441FC5D2F70006FB90 /* Muli-SemiBold.ttf */ = {isa = PBXFileReference; lastKnownFileType = file; path = "Muli-SemiBold.ttf"; sourceTree = "<group>"; };
		93C1445F1FC6656F0006FB90 /* PrefixHeader.pch */ = {isa = PBXFileReference; lastKnownFileType = sourcecode.c.h; path = PrefixHeader.pch; sourceTree = "<group>"; };
		93C144661FC66FB60006FB90 /* ZCConstant.h */ = {isa = PBXFileReference; fileEncoding = 4; lastKnownFileType = sourcecode.c.h; path = ZCConstant.h; sourceTree = "<group>"; };
		93C144671FC66FB60006FB90 /* ZCConstant.m */ = {isa = PBXFileReference; fileEncoding = 4; lastKnownFileType = sourcecode.c.objc; path = ZCConstant.m; sourceTree = "<group>"; };
		93C1447C1FC6D04B0006FB90 /* ZCImagePickerViewController.h */ = {isa = PBXFileReference; fileEncoding = 4; lastKnownFileType = sourcecode.c.h; path = ZCImagePickerViewController.h; sourceTree = "<group>"; };
		93C1447D1FC6D04B0006FB90 /* ZCImagePickerViewController.m */ = {isa = PBXFileReference; fileEncoding = 4; lastKnownFileType = sourcecode.c.objc; path = ZCImagePickerViewController.m; sourceTree = "<group>"; };
		93C1447F1FC6D5520006FB90 /* ZCImagePickerCollectionViewCell.h */ = {isa = PBXFileReference; fileEncoding = 4; lastKnownFileType = sourcecode.c.h; path = ZCImagePickerCollectionViewCell.h; sourceTree = "<group>"; };
		93C144801FC6D5520006FB90 /* ZCImagePickerCollectionViewCell.m */ = {isa = PBXFileReference; fileEncoding = 4; lastKnownFileType = sourcecode.c.objc; path = ZCImagePickerCollectionViewCell.m; sourceTree = "<group>"; };
		93C144821FC6E38B0006FB90 /* UIControl+ZCCate.h */ = {isa = PBXFileReference; fileEncoding = 4; lastKnownFileType = sourcecode.c.h; path = "UIControl+ZCCate.h"; sourceTree = "<group>"; };
		93C144831FC6E38B0006FB90 /* UIControl+ZCCate.m */ = {isa = PBXFileReference; fileEncoding = 4; lastKnownFileType = sourcecode.c.objc; path = "UIControl+ZCCate.m"; sourceTree = "<group>"; };
		93C144851FC6E5EC0006FB90 /* CALayer+ZCCate.h */ = {isa = PBXFileReference; fileEncoding = 4; lastKnownFileType = sourcecode.c.h; path = "CALayer+ZCCate.h"; sourceTree = "<group>"; };
		93C144861FC6E5EC0006FB90 /* CALayer+ZCCate.m */ = {isa = PBXFileReference; fileEncoding = 4; lastKnownFileType = sourcecode.c.objc; path = "CALayer+ZCCate.m"; sourceTree = "<group>"; };
		93C144891FC6EB4E0006FB90 /* CommonDefines.h */ = {isa = PBXFileReference; fileEncoding = 4; lastKnownFileType = sourcecode.c.h; path = CommonDefines.h; sourceTree = "<group>"; };
		93C1448A1FC6EE960006FB90 /* ZCImagePickerHelper.h */ = {isa = PBXFileReference; fileEncoding = 4; lastKnownFileType = sourcecode.c.h; path = ZCImagePickerHelper.h; sourceTree = "<group>"; };
		93C1448B1FC6EE960006FB90 /* ZCImagePickerHelper.m */ = {isa = PBXFileReference; fileEncoding = 4; lastKnownFileType = sourcecode.c.objc; path = ZCImagePickerHelper.m; sourceTree = "<group>"; };
		93C1448D1FC6F72E0006FB90 /* UICollectionView+ZCCate.h */ = {isa = PBXFileReference; fileEncoding = 4; lastKnownFileType = sourcecode.c.h; path = "UICollectionView+ZCCate.h"; sourceTree = "<group>"; };
		93C1448E1FC6F72E0006FB90 /* UICollectionView+ZCCate.m */ = {isa = PBXFileReference; fileEncoding = 4; lastKnownFileType = sourcecode.c.objc; path = "UICollectionView+ZCCate.m"; sourceTree = "<group>"; };
		93C144901FC6FE150006FB90 /* ZCImagePickerPreviewViewController.h */ = {isa = PBXFileReference; fileEncoding = 4; lastKnownFileType = sourcecode.c.h; path = ZCImagePickerPreviewViewController.h; sourceTree = "<group>"; };
		93C144911FC6FE150006FB90 /* ZCImagePickerPreviewViewController.m */ = {isa = PBXFileReference; fileEncoding = 4; lastKnownFileType = sourcecode.c.objc; path = ZCImagePickerPreviewViewController.m; sourceTree = "<group>"; };
		93C144931FC6FF9E0006FB90 /* ZCImagePreviewViewController.h */ = {isa = PBXFileReference; fileEncoding = 4; lastKnownFileType = sourcecode.c.h; path = ZCImagePreviewViewController.h; sourceTree = "<group>"; };
		93C144941FC6FF9E0006FB90 /* ZCImagePreviewViewController.m */ = {isa = PBXFileReference; fileEncoding = 4; lastKnownFileType = sourcecode.c.objc; path = ZCImagePreviewViewController.m; sourceTree = "<group>"; };
		93C144961FC702050006FB90 /* ZCImagePreviewView.h */ = {isa = PBXFileReference; fileEncoding = 4; lastKnownFileType = sourcecode.c.h; path = ZCImagePreviewView.h; sourceTree = "<group>"; };
		93C144971FC702050006FB90 /* ZCImagePreviewView.m */ = {isa = PBXFileReference; fileEncoding = 4; lastKnownFileType = sourcecode.c.objc; path = ZCImagePreviewView.m; sourceTree = "<group>"; };
		93C144991FC702C40006FB90 /* ZCZoomImageView.h */ = {isa = PBXFileReference; fileEncoding = 4; lastKnownFileType = sourcecode.c.h; path = ZCZoomImageView.h; sourceTree = "<group>"; };
		93C1449A1FC702C40006FB90 /* ZCZoomImageView.m */ = {isa = PBXFileReference; fileEncoding = 4; lastKnownFileType = sourcecode.c.objc; path = ZCZoomImageView.m; sourceTree = "<group>"; };
		93C1449C1FC7042A0006FB90 /* ZCCollectionViewPagingLayout.h */ = {isa = PBXFileReference; fileEncoding = 4; lastKnownFileType = sourcecode.c.h; path = ZCCollectionViewPagingLayout.h; sourceTree = "<group>"; };
		93C1449D1FC7042A0006FB90 /* ZCCollectionViewPagingLayout.m */ = {isa = PBXFileReference; fileEncoding = 4; lastKnownFileType = sourcecode.c.objc; path = ZCCollectionViewPagingLayout.m; sourceTree = "<group>"; };
		93C1449F1FC70A490006FB90 /* UILabel+ZCCate.h */ = {isa = PBXFileReference; fileEncoding = 4; lastKnownFileType = sourcecode.c.h; path = "UILabel+ZCCate.h"; sourceTree = "<group>"; };
		93C144A01FC70A490006FB90 /* UILabel+ZCCate.m */ = {isa = PBXFileReference; fileEncoding = 4; lastKnownFileType = sourcecode.c.objc; path = "UILabel+ZCCate.m"; sourceTree = "<group>"; };
		93C144A21FC70AA00006FB90 /* NSObject+ZCCate.h */ = {isa = PBXFileReference; fileEncoding = 4; lastKnownFileType = sourcecode.c.h; path = "NSObject+ZCCate.h"; sourceTree = "<group>"; };
		93C144A31FC70AA00006FB90 /* NSObject+ZCCate.m */ = {isa = PBXFileReference; fileEncoding = 4; lastKnownFileType = sourcecode.c.objc; path = "NSObject+ZCCate.m"; sourceTree = "<group>"; };
		93C144D91FC7AC0E0006FB90 /* UIView+ZCCate.h */ = {isa = PBXFileReference; fileEncoding = 4; lastKnownFileType = sourcecode.c.h; path = "UIView+ZCCate.h"; sourceTree = "<group>"; };
		93C144DA1FC7AC0E0006FB90 /* UIView+ZCCate.m */ = {isa = PBXFileReference; fileEncoding = 4; lastKnownFileType = sourcecode.c.objc; path = "UIView+ZCCate.m"; sourceTree = "<group>"; };
		93C144DC1FC7ADA90006FB90 /* ZCHelper.h */ = {isa = PBXFileReference; fileEncoding = 4; lastKnownFileType = sourcecode.c.h; path = ZCHelper.h; sourceTree = "<group>"; };
		93C144DD1FC7ADA90006FB90 /* ZCHelper.m */ = {isa = PBXFileReference; fileEncoding = 4; lastKnownFileType = sourcecode.c.objc; path = ZCHelper.m; sourceTree = "<group>"; };
		EF3D4C9F21CB708B2A091D47 /* Pods-24EditorDemo.release.xcconfig */ = {isa = PBXFileReference; includeInIndex = 1; lastKnownFileType = text.xcconfig; name = "Pods-24EditorDemo.release.xcconfig"; path = "Pods/Target Support Files/Pods-24EditorDemo/Pods-24EditorDemo.release.xcconfig"; sourceTree = "<group>"; };
		FF41CCCE21E3C1A793C23BB6 /* libPods-24EditorDemo.a */ = {isa = PBXFileReference; explicitFileType = archive.ar; includeInIndex = 0; path = "libPods-24EditorDemo.a"; sourceTree = BUILT_PRODUCTS_DIR; };
/* End PBXFileReference section */

/* Begin PBXFrameworksBuildPhase section */
		93C143B11FC547D00006FB90 /* Frameworks */ = {
			isa = PBXFrameworksBuildPhase;
			buildActionMask = 2147483647;
			files = (
				93C144191FC570E90006FB90 /* MobileCoreServices.framework in Frameworks */,
				93C144171FC570E30006FB90 /* Accelerate.framework in Frameworks */,
				93C144151FC570DD0006FB90 /* QuartzCore.framework in Frameworks */,
				93C144131FC570D80006FB90 /* CoreText.framework in Frameworks */,
				93C144111FC570D20006FB90 /* CoreFoundation.framework in Frameworks */,
				93C1440F1FC570CB0006FB90 /* UIKit.framework in Frameworks */,
				3EAC1B88DBA7C5A860E5F821 /* libPods-24EditorDemo.a in Frameworks */,
			);
			runOnlyForDeploymentPostprocessing = 0;
		};
/* End PBXFrameworksBuildPhase section */

/* Begin PBXGroup section */
		9369B3371FCB0EC8005ED1D7 /* Ashton */ = {
			isa = PBXGroup;
			children = (
				9369B33A1FCB0EC8005ED1D7 /* AshtonConverter.h */,
				9369B33B1FCB0EC8005ED1D7 /* AshtonCoreText.h */,
				9369B33C1FCB0EC8005ED1D7 /* AshtonCoreText.m */,
				9369B33D1FCB0EC8005ED1D7 /* AshtonHTMLReader.h */,
				9369B33E1FCB0EC8005ED1D7 /* AshtonHTMLReader.m */,
				9369B33F1FCB0EC8005ED1D7 /* AshtonHTMLWriter.h */,
				9369B3401FCB0EC8005ED1D7 /* AshtonHTMLWriter.m */,
				9369B3411FCB0EC8005ED1D7 /* AshtonIntermediate.h */,
				9369B3421FCB0EC8005ED1D7 /* AshtonIntermediate.m */,
				9369B3431FCB0EC8005ED1D7 /* AshtonMarkdownReader.h */,
				9369B3441FCB0EC8005ED1D7 /* AshtonMarkdownReader.m */,
				9369B3451FCB0EC8005ED1D7 /* AshtonMarkdownWriter.h */,
				9369B3461FCB0EC8005ED1D7 /* AshtonMarkdownWriter.m */,
				9369B3471FCB0EC8005ED1D7 /* AshtonUIKit.h */,
				9369B3481FCB0EC8005ED1D7 /* AshtonUIKit.m */,
				9369B3491FCB0EC8005ED1D7 /* AshtonUtils.h */,
				9369B34A1FCB0EC8005ED1D7 /* AshtonUtils.m */,
				9369B34B1FCB0EC8005ED1D7 /* NSAttributedString+Ashton.h */,
				9369B34C1FCB0EC8005ED1D7 /* NSAttributedString+Ashton.m */,
			);
			path = Ashton;
			sourceTree = "<group>";
		};
		93864D4E1FD52547002AC596 /* VoiceRecord */ = {
			isa = PBXGroup;
			children = (
				93864D611FD52547002AC596 /* BBHoldToSpeakButton.h */,
				93864D511FD52547002AC596 /* BBHoldToSpeakButton.m */,
				93864D531FD52547002AC596 /* BBVoiceRecordController.h */,
				93864D651FD52547002AC596 /* BBVoiceRecordController.m */,
				93864D661FD52547002AC596 /* BBVoiceRecordHeaderDefine.h */,
				93864D5D1FD52547002AC596 /* BBVoiceRecordPowerAnimationView.h */,
				93864D641FD52547002AC596 /* BBVoiceRecordPowerAnimationView.m */,
				93864D501FD52547002AC596 /* BBVoiceRecordToastContentView.h */,
				93864D5F1FD52547002AC596 /* BBVoiceRecordToastContentView.m */,
				93864D621FD52547002AC596 /* BBVoiceRecordView.h */,
				93864D521FD52547002AC596 /* BBVoiceRecordView.m */,
				93864D541FD52547002AC596 /* resources */,
				93864D631FD52547002AC596 /* UIColor+BBVoiceRecord.h */,
				93864D5E1FD52547002AC596 /* UIColor+BBVoiceRecord.m */,
				93864D601FD52547002AC596 /* UIImage+BBVoiceRecord.h */,
				93864D4F1FD52547002AC596 /* UIImage+BBVoiceRecord.m */,
			);
			path = VoiceRecord;
			sourceTree = "<group>";
		};
		93864D541FD52547002AC596 /* resources */ = {
			isa = PBXGroup;
			children = (
				93864D551FD52547002AC596 /* ic_record_ripple@3x.png */,
				93864D561FD52547002AC596 /* ic_record_ripple@2x.png */,
				93864D571FD52547002AC596 /* ic_record_too_short@2x.png */,
				93864D581FD52547002AC596 /* ic_record_too_short@3x.png */,
				93864D591FD52547002AC596 /* ic_release_to_cancel@3x.png */,
				93864D5A1FD52547002AC596 /* ic_record@2x.png */,
				93864D5B1FD52547002AC596 /* ic_record@3x.png */,
				93864D5C1FD52547002AC596 /* ic_release_to_cancel@2x.png */,
			);
			path = resources;
			sourceTree = "<group>";
		};
		93864DBC1FD7BC87002AC596 /* VideoRecord */ = {
			isa = PBXGroup;
			children = (
				93864DC01FD7BC87002AC596 /* HomeViewController.h */,
				93864DBE1FD7BC87002AC596 /* HomeViewController.m */,
				93864DC41FD7C890002AC596 /* ImageViewController.h */,
				93864DC31FD7C890002AC596 /* ImageViewController.m */,
				93864DBD1FD7BC87002AC596 /* VideoViewController.h */,
				93864DBF1FD7BC87002AC596 /* VideoViewController.m */,
				93864DC61FD7E37E002AC596 /* ZCCycleView.h */,
				93864DC71FD7E37E002AC596 /* ZCCycleView.m */,
			);
			path = VideoRecord;
			sourceTree = "<group>";
		};
		939266BE1FCE910F002FFA49 /* Draft */ = {
			isa = PBXGroup;
			children = (
				939266BF1FCE910F002FFA49 /* Model */,
				939266C01FCE910F002FFA49 /* View */,
				939266CB1FCE910F002FFA49 /* ViewController */,
			);
			path = Draft;
			sourceTree = "<group>";
		};
		939266BF1FCE910F002FFA49 /* Model */ = {
			isa = PBXGroup;
			children = (
				939266DE1FCEB62D002FFA49 /* ZCModel.h */,
				939266DF1FCEB62D002FFA49 /* ZCModel.m */,
			);
			path = Model;
			sourceTree = "<group>";
		};
		939266C01FCE910F002FFA49 /* View */ = {
			isa = PBXGroup;
			children = (
				939266C81FCE910F002FFA49 /* ZCDraftTextTableViewCell.h */,
				939266C51FCE910F002FFA49 /* ZCDraftTextTableViewCell.m */,
			);
			path = View;
			sourceTree = "<group>";
		};
		939266CB1FCE910F002FFA49 /* ViewController */ = {
			isa = PBXGroup;
			children = (
				939266CC1FCE910F002FFA49 /* ZCDraftViewController.h */,
				939266CD1FCE910F002FFA49 /* ZCDraftViewController.m */,
			);
			path = ViewController;
			sourceTree = "<group>";
		};
		939266D41FCE915B002FFA49 /* Event */ = {
			isa = PBXGroup;
			children = (
				939266D71FCE915B002FFA49 /* ViewController */,
				939266D51FCE915B002FFA49 /* Model */,
				939266D61FCE915B002FFA49 /* View */,
			);
			path = Event;
			sourceTree = "<group>";
		};
		939266D51FCE915B002FFA49 /* Model */ = {
			isa = PBXGroup;
			children = (
				939267081FD00786002FFA49 /* ZCNewsModel.h */,
				939267091FD00786002FFA49 /* ZCNewsModel.m */,
				939267661FD136AF002FFA49 /* ZCAudioModel.h */,
				939267671FD136AF002FFA49 /* ZCAudioModel.m */,
				939267871FD1C5FF002FFA49 /* ZCVoteModel.h */,
				939267881FD1C5FF002FFA49 /* ZCVoteModel.m */,
				9392678A1FD1C687002FFA49 /* ZCOptionModel.h */,
				9392678B1FD1C687002FFA49 /* ZCOptionModel.m */,
			);
			path = Model;
			sourceTree = "<group>";
		};
		939266D61FCE915B002FFA49 /* View */ = {
			isa = PBXGroup;
			children = (
				939266E11FCED72B002FFA49 /* ZCEventCountView.h */,
				939266E21FCED72B002FFA49 /* ZCEventCountView.m */,
				939266E61FCEE4CA002FFA49 /* ZCScoreView.h */,
				939266E71FCEE4CA002FFA49 /* ZCScoreView.m */,
				939266E91FCEF1AB002FFA49 /* ZCNewsAudioTableViewCell.h */,
				939266EA1FCEF1AB002FFA49 /* ZCNewsAudioTableViewCell.m */,
				939267811FD1B9CF002FFA49 /* ZCNewsVoteTableViewCell.h */,
				939267821FD1B9CF002FFA49 /* ZCNewsVoteTableViewCell.m */,
				939267841FD1BD84002FFA49 /* ZCPerVoteTableViewCell.h */,
				939267851FD1BD84002FFA49 /* ZCPerVoteTableViewCell.m */,
				9392678D1FD26430002FFA49 /* ZCInputTypeCollectionViewCell.h */,
				9392678E1FD26430002FFA49 /* ZCInputTypeCollectionViewCell.m */,
				939267901FD26B0D002FFA49 /* ZCNewsInputToolView.h */,
				939267911FD26B0D002FFA49 /* ZCNewsInputToolView.m */,
			);
			path = View;
			sourceTree = "<group>";
		};
		939266D71FCE915B002FFA49 /* ViewController */ = {
			isa = PBXGroup;
			children = (
				939266DB1FCE91EC002FFA49 /* ZCEventDetailViewController.h */,
				939266DC1FCE91EC002FFA49 /* ZCEventDetailViewController.m */,
				939267931FD2BECA002FFA49 /* ZCEmptyViewController.h */,
				939267941FD2BECA002FFA49 /* ZCEmptyViewController.m */,
			);
			path = ViewController;
			sourceTree = "<group>";
		};
		939267041FCFF398002FFA49 /* NetworkManager */ = {
			isa = PBXGroup;
			children = (
				939267051FCFF3EE002FFA49 /* ZCNetworking.h */,
				939267061FCFF3EE002FFA49 /* ZCNetworking.m */,
			);
			path = NetworkManager;
			sourceTree = "<group>";
		};
		939267211FD12EA3002FFA49 /* AssetManager */ = {
			isa = PBXGroup;
			children = (
				939267221FD12EA3002FFA49 /* ZCAssetsGroup.m */,
				939267231FD12EA3002FFA49 /* ZCAsset.h */,
				939267241FD12EA3002FFA49 /* ZCAssetsManager.m */,
				939267251FD12EA3002FFA49 /* ZCAssetsGroup.h */,
				939267261FD12EA3002FFA49 /* ZCAssetsManager.h */,
				939267271FD12EA3002FFA49 /* ZCAsset.m */,
			);
			path = AssetManager;
			sourceTree = "<group>";
		};
		939267281FD12EA3002FFA49 /* AudioManger */ = {
			isa = PBXGroup;
			children = (
				939267291FD12EA3002FFA49 /* DOUAudioFileProvider.m */,
				9392672A1FD12EA3002FFA49 /* DOUAudioStreamer.h */,
				9392672B1FD12EA3002FFA49 /* DOUSimpleHTTPRequest.h */,
				9392672C1FD12EA3002FFA49 /* DOUAudioDecoder.h */,
				9392672D1FD12EA3002FFA49 /* DOUAudioStreamer+Options.m */,
				9392672E1FD12EA3002FFA49 /* DOUAudioLPCM.h */,
				9392672F1FD12EA3002FFA49 /* DOUEAGLView.h */,
				939267301FD12EA3002FFA49 /* DOUAudioAnalyzer.m */,
				939267311FD12EA3002FFA49 /* DOUAudioSpatialAnalyzer.h */,
				939267321FD12EA3002FFA49 /* DOUAudioEventLoop.h */,
				939267331FD12EA3002FFA49 /* DOUAudioPlaybackItem.h */,
				939267341FD12EA3002FFA49 /* DOUAudioRenderer.m */,
				939267351FD12EA3002FFA49 /* DOUAudioAnalyzer+Default.m */,
				939267361FD12EA4002FFA49 /* DOUAudioFile.h */,
				939267371FD12EA4002FFA49 /* NSData+DOUMappedFile.m */,
				939267381FD12EA4002FFA49 /* DOUMPMediaLibraryAssetLoader.h */,
				939267391FD12EA4002FFA49 /* DOUAudioFilePreprocessor.m */,
				9392673A1FD12EA4002FFA49 /* DOUAudioAnalyzer_Private.h */,
				9392673B1FD12EA4002FFA49 /* DOUAudioVisualizer.m */,
				9392673C1FD12EA4002FFA49 /* DOUAudioFrequencyAnalyzer.h */,
				9392673D1FD12EA4002FFA49 /* DOUEAGLView.m */,
				9392673E1FD12EA4002FFA49 /* DOUAudioAnalyzer.h */,
				9392673F1FD12EA4002FFA49 /* DOUAudioLPCM.m */,
				939267401FD12EA4002FFA49 /* DOUAudioStreamer+Options.h */,
				939267411FD12EA4002FFA49 /* DOUAudioStreamer.m */,
				939267421FD12EA4002FFA49 /* DOUAudioDecoder.m */,
				939267431FD12EA4002FFA49 /* DOUSimpleHTTPRequest.m */,
				939267441FD12EA4002FFA49 /* DOUAudioFileProvider.h */,
				939267451FD12EA4002FFA49 /* DOUAudioAnalyzer+Default.h */,
				939267461FD12EA4002FFA49 /* DOUAudioPlaybackItem.m */,
				939267471FD12EA4002FFA49 /* DOUAudioRenderer.h */,
				939267481FD12EA4002FFA49 /* DOUAudioEventLoop.m */,
				939267491FD12EA4002FFA49 /* DOUAudioSpatialAnalyzer.m */,
				9392674A1FD12EA4002FFA49 /* DOUAudioStreamer_Private.h */,
				9392674B1FD12EA4002FFA49 /* DOUAudioFrequencyAnalyzer.m */,
				9392674C1FD12EA4002FFA49 /* DOUAudioVisualizer.h */,
				9392674D1FD12EA4002FFA49 /* DOUAudioFilePreprocessor.h */,
				9392674E1FD12EA4002FFA49 /* DOUMPMediaLibraryAssetLoader.m */,
				9392674F1FD12EA4002FFA49 /* NSData+DOUMappedFile.h */,
				939267501FD12EA4002FFA49 /* DOUAudioBase.h */,
			);
			path = AudioManger;
			sourceTree = "<group>";
		};
		93C143AB1FC547D00006FB90 = {
			isa = PBXGroup;
			children = (
				93C143B61FC547D00006FB90 /* 24EditorDemo */,
				93C143B51FC547D00006FB90 /* Products */,
				CF8B05295385C7F412B2B635 /* Pods */,
				E5885416B54D66E5FF6B27A4 /* Frameworks */,
			);
			sourceTree = "<group>";
		};
		93C143B51FC547D00006FB90 /* Products */ = {
			isa = PBXGroup;
			children = (
				93C143B41FC547D00006FB90 /* 24EditorDemo.app */,
			);
			name = Products;
			sourceTree = "<group>";
		};
		93C143B61FC547D00006FB90 /* 24EditorDemo */ = {
			isa = PBXGroup;
			children = (
				93C143D11FC54DB30006FB90 /* AppEntry */,
				93C143E01FC54DC00006FB90 /* Feature */,
				93C1447A1FC6D0300006FB90 /* Compent */,
				93C143DD1FC54DBC0006FB90 /* Config */,
				93C1446F1FC6C42D0006FB90 /* Utils */,
				93C143F81FC55D950006FB90 /* Supporting Files */,
				93C144201FC596030006FB90 /* Resource */,
				93C143C61FC547D00006FB90 /* Assets.xcassets */,
				93C143C31FC547D00006FB90 /* _4EditorDemo.xcdatamodeld */,
			);
			path = 24EditorDemo;
			sourceTree = "<group>";
		};
		93C143D11FC54DB30006FB90 /* AppEntry */ = {
			isa = PBXGroup;
			children = (
				93C143D21FC54DB30006FB90 /* AppDelegate.h */,
				93C143D31FC54DB30006FB90 /* AppDelegate.m */,
				93C143D41FC54DB30006FB90 /* LaunchScreen.storyboard */,
				93C143D61FC54DB30006FB90 /* Main.storyboard */,
				93C143D81FC54DB30006FB90 /* main.m */,
			);
			path = AppEntry;
			sourceTree = "<group>";
		};
		93C143DD1FC54DBC0006FB90 /* Config */ = {
			isa = PBXGroup;
			children = (
				93C143DE1FC54DBC0006FB90 /* Info.plist */,
				93C1445F1FC6656F0006FB90 /* PrefixHeader.pch */,
				93C144891FC6EB4E0006FB90 /* CommonDefines.h */,
				93C144661FC66FB60006FB90 /* ZCConstant.h */,
				93C144671FC66FB60006FB90 /* ZCConstant.m */,
				93C144DC1FC7ADA90006FB90 /* ZCHelper.h */,
				93C144DD1FC7ADA90006FB90 /* ZCHelper.m */,
			);
			path = Config;
			sourceTree = "<group>";
		};
		93C143E01FC54DC00006FB90 /* Feature */ = {
			isa = PBXGroup;
			children = (
				93C143E81FC54EB80006FB90 /* Base */,
				939266D41FCE915B002FFA49 /* Event */,
				939266BE1FCE910F002FFA49 /* Draft */,
				93C143E11FC54DC00006FB90 /* Editor */,
			);
			path = Feature;
			sourceTree = "<group>";
		};
		93C143E11FC54DC00006FB90 /* Editor */ = {
			isa = PBXGroup;
			children = (
				93C143E41FC54DC00006FB90 /* ViewController */,
				93C143E31FC54DC00006FB90 /* View */,
				93C143E21FC54DC00006FB90 /* Model */,
			);
			path = Editor;
			sourceTree = "<group>";
		};
		93C143E21FC54DC00006FB90 /* Model */ = {
			isa = PBXGroup;
			children = (
			);
			path = Model;
			sourceTree = "<group>";
		};
		93C143E31FC54DC00006FB90 /* View */ = {
			isa = PBXGroup;
			children = (
				93C1441D1FC57B120006FB90 /* ZCInputToolView.h */,
				93C1441E1FC57B120006FB90 /* ZCInputToolView.m */,
				9369B3341FCA620E005ED1D7 /* ZCAlbumView.h */,
				9369B3351FCA620E005ED1D7 /* ZCAlbumView.m */,
			);
			path = View;
			sourceTree = "<group>";
		};
		93C143E41FC54DC00006FB90 /* ViewController */ = {
			isa = PBXGroup;
			children = (
				93C143F51FC5517C0006FB90 /* ZCEditorViewController.h */,
				93C143F61FC5517C0006FB90 /* ZCEditorViewController.m */,
			);
			path = ViewController;
			sourceTree = "<group>";
		};
		93C143E81FC54EB80006FB90 /* Base */ = {
			isa = PBXGroup;
			children = (
				93C143EF1FC550530006FB90 /* ZCBaseViewController.h */,
				93C143F01FC550530006FB90 /* ZCBaseViewController.m */,
				93C1441A1FC579790006FB90 /* ZCBaseView.h */,
				93C1441B1FC579790006FB90 /* ZCBaseView.m */,
				93C144311FC59BB80006FB90 /* ZCBaseModel.h */,
				93C144321FC59BB80006FB90 /* ZCBaseModel.m */,
			);
			path = Base;
			sourceTree = "<group>";
		};
		93C143F81FC55D950006FB90 /* Supporting Files */ = {
			isa = PBXGroup;
			children = (
				93C144A21FC70AA00006FB90 /* NSObject+ZCCate.h */,
				93C144A31FC70AA00006FB90 /* NSObject+ZCCate.m */,
				93C144821FC6E38B0006FB90 /* UIControl+ZCCate.h */,
				93C144831FC6E38B0006FB90 /* UIControl+ZCCate.m */,
				93C144D91FC7AC0E0006FB90 /* UIView+ZCCate.h */,
				93C144DA1FC7AC0E0006FB90 /* UIView+ZCCate.m */,
				939266B21FCE82E0002FFA49 /* UIImage+ZCCate.h */,
				939266B31FCE82E1002FFA49 /* UIImage+ZCCate.m */,
				93C1448D1FC6F72E0006FB90 /* UICollectionView+ZCCate.h */,
				93C1448E1FC6F72E0006FB90 /* UICollectionView+ZCCate.m */,
				93C1449F1FC70A490006FB90 /* UILabel+ZCCate.h */,
				93C144A01FC70A490006FB90 /* UILabel+ZCCate.m */,
				9315BD421FCD625D001ECD0B /* UIColor+ZCCate.h */,
				9315BD431FCD625D001ECD0B /* UIColor+ZCCate.m */,
				93C144851FC6E5EC0006FB90 /* CALayer+ZCCate.h */,
				93C144861FC6E5EC0006FB90 /* CALayer+ZCCate.m */,
				939266B51FCE831F002FFA49 /* NSString+ZCCate.h */,
				939266B61FCE831F002FFA49 /* NSString+ZCCate.m */,
			);
			path = "Supporting Files";
			sourceTree = "<group>";
		};
		93C144201FC596030006FB90 /* Resource */ = {
			isa = PBXGroup;
			children = (
				93C1443C1FC5B72A0006FB90 /* Font */,
				93C144211FC596030006FB90 /* IconFont */,
			);
			path = Resource;
			sourceTree = "<group>";
		};
		93C144211FC596030006FB90 /* IconFont */ = {
			isa = PBXGroup;
			children = (
				93C144221FC596030006FB90 /* icon24app.ttf */,
			);
			path = IconFont;
			sourceTree = "<group>";
		};
		93C1443C1FC5B72A0006FB90 /* Font */ = {
			isa = PBXGroup;
			children = (
				939266E41FCEDE78002FFA49 /* Poppins-Regular.ttf */,
				9369B3691FCB2751005ED1D7 /* Muli-Regular.ttf */,
				93C144441FC5D2F70006FB90 /* Muli-SemiBold.ttf */,
				93C1443D1FC5B72A0006FB90 /* Raleway-Medium.ttf */,
				93C1443E1FC5B72A0006FB90 /* Raleway-Regular.ttf */,
			);
			path = Font;
			sourceTree = "<group>";
		};
		93C1446F1FC6C42D0006FB90 /* Utils */ = {
			isa = PBXGroup;
			children = (
				939267211FD12EA3002FFA49 /* AssetManager */,
				939267281FD12EA3002FFA49 /* AudioManger */,
				939267041FCFF398002FFA49 /* NetworkManager */,
				9369B3371FCB0EC8005ED1D7 /* Ashton */,
			);
			path = Utils;
			sourceTree = "<group>";
		};
		93C1447A1FC6D0300006FB90 /* Compent */ = {
			isa = PBXGroup;
			children = (
				93864DBC1FD7BC87002AC596 /* VideoRecord */,
				93864D4E1FD52547002AC596 /* VoiceRecord */,
				93C1447B1FC6D0300006FB90 /* ImagePicker */,
			);
			path = Compent;
			sourceTree = "<group>";
		};
		93C1447B1FC6D0300006FB90 /* ImagePicker */ = {
			isa = PBXGroup;
			children = (
				93C1447C1FC6D04B0006FB90 /* ZCImagePickerViewController.h */,
				93C1447D1FC6D04B0006FB90 /* ZCImagePickerViewController.m */,
				93C1447F1FC6D5520006FB90 /* ZCImagePickerCollectionViewCell.h */,
				93C144801FC6D5520006FB90 /* ZCImagePickerCollectionViewCell.m */,
				93C1448A1FC6EE960006FB90 /* ZCImagePickerHelper.h */,
				93C1448B1FC6EE960006FB90 /* ZCImagePickerHelper.m */,
				93C144901FC6FE150006FB90 /* ZCImagePickerPreviewViewController.h */,
				93C144911FC6FE150006FB90 /* ZCImagePickerPreviewViewController.m */,
				93C144931FC6FF9E0006FB90 /* ZCImagePreviewViewController.h */,
				93C144941FC6FF9E0006FB90 /* ZCImagePreviewViewController.m */,
				93C144961FC702050006FB90 /* ZCImagePreviewView.h */,
				93C144971FC702050006FB90 /* ZCImagePreviewView.m */,
				93C144991FC702C40006FB90 /* ZCZoomImageView.h */,
				93C1449A1FC702C40006FB90 /* ZCZoomImageView.m */,
				93C1449C1FC7042A0006FB90 /* ZCCollectionViewPagingLayout.h */,
				93C1449D1FC7042A0006FB90 /* ZCCollectionViewPagingLayout.m */,
				9369B3051FC93DCD005ED1D7 /* ZCImagePickerNoneCollectionViewCell.h */,
				9369B3061FC93DCD005ED1D7 /* ZCImagePickerNoneCollectionViewCell.m */,
			);
			path = ImagePicker;
			sourceTree = "<group>";
		};
		CF8B05295385C7F412B2B635 /* Pods */ = {
			isa = PBXGroup;
			children = (
				25CD7A04455561CED0A1AE43 /* Pods-24EditorDemo.debug.xcconfig */,
				EF3D4C9F21CB708B2A091D47 /* Pods-24EditorDemo.release.xcconfig */,
			);
			name = Pods;
			sourceTree = "<group>";
		};
		E5885416B54D66E5FF6B27A4 /* Frameworks */ = {
			isa = PBXGroup;
			children = (
				93C144181FC570E90006FB90 /* MobileCoreServices.framework */,
				93C144161FC570E30006FB90 /* Accelerate.framework */,
				93C144141FC570DD0006FB90 /* QuartzCore.framework */,
				93C144121FC570D80006FB90 /* CoreText.framework */,
				93C144101FC570D20006FB90 /* CoreFoundation.framework */,
				93C1440E1FC570CB0006FB90 /* UIKit.framework */,
				FF41CCCE21E3C1A793C23BB6 /* libPods-24EditorDemo.a */,
			);
			name = Frameworks;
			sourceTree = "<group>";
		};
/* End PBXGroup section */

/* Begin PBXNativeTarget section */
		93C143B31FC547D00006FB90 /* 24EditorDemo */ = {
			isa = PBXNativeTarget;
			buildConfigurationList = 93C143CE1FC547D00006FB90 /* Build configuration list for PBXNativeTarget "24EditorDemo" */;
			buildPhases = (
				6D9A64A442F1D84BEF17919A /* [CP] Check Pods Manifest.lock */,
				93C143B01FC547D00006FB90 /* Sources */,
				93C143B11FC547D00006FB90 /* Frameworks */,
				93C143B21FC547D00006FB90 /* Resources */,
				76EFC5B2FB157E436DECC1A0 /* [CP] Embed Pods Frameworks */,
				2A3CED8F48FF8593384A0D2F /* [CP] Copy Pods Resources */,
			);
			buildRules = (
			);
			dependencies = (
			);
			name = 24EditorDemo;
			productName = 24EditorDemo;
			productReference = 93C143B41FC547D00006FB90 /* 24EditorDemo.app */;
			productType = "com.apple.product-type.application";
		};
/* End PBXNativeTarget section */

/* Begin PBXProject section */
		93C143AC1FC547D00006FB90 /* Project object */ = {
			isa = PBXProject;
			attributes = {
				CLASSPREFIX = ZC;
				LastUpgradeCheck = 0820;
				ORGANIZATIONNAME = personal;
				TargetAttributes = {
					93C143B31FC547D00006FB90 = {
						CreatedOnToolsVersion = 8.2.1;
						DevelopmentTeam = 78V589EJ5N;
						ProvisioningStyle = Manual;
					};
				};
			};
			buildConfigurationList = 93C143AF1FC547D00006FB90 /* Build configuration list for PBXProject "24EditorDemo" */;
			compatibilityVersion = "Xcode 3.2";
			developmentRegion = English;
			hasScannedForEncodings = 0;
			knownRegions = (
				en,
				Base,
			);
			mainGroup = 93C143AB1FC547D00006FB90;
			productRefGroup = 93C143B51FC547D00006FB90 /* Products */;
			projectDirPath = "";
			projectRoot = "";
			targets = (
				93C143B31FC547D00006FB90 /* 24EditorDemo */,
			);
		};
/* End PBXProject section */

/* Begin PBXResourcesBuildPhase section */
		93C143B21FC547D00006FB90 /* Resources */ = {
			isa = PBXResourcesBuildPhase;
			buildActionMask = 2147483647;
			files = (
				93C144451FC5D2F70006FB90 /* Muli-SemiBold.ttf in Resources */,
				93C143DF1FC54DBC0006FB90 /* Info.plist in Resources */,
				93C1443F1FC5B72A0006FB90 /* Raleway-Medium.ttf in Resources */,
				9369B36A1FCB2751005ED1D7 /* Muli-Regular.ttf in Resources */,
				93C143DB1FC54DB30006FB90 /* Main.storyboard in Resources */,
				93864D6B1FD52547002AC596 /* ic_record_ripple@2x.png in Resources */,
				93864D6C1FD52547002AC596 /* ic_record_too_short@2x.png in Resources */,
				93864D6F1FD52547002AC596 /* ic_record@2x.png in Resources */,
				93C144401FC5B72A0006FB90 /* Raleway-Regular.ttf in Resources */,
				93C143C71FC547D00006FB90 /* Assets.xcassets in Resources */,
				93864D6E1FD52547002AC596 /* ic_release_to_cancel@3x.png in Resources */,
				93864D701FD52547002AC596 /* ic_record@3x.png in Resources */,
				93864D6A1FD52547002AC596 /* ic_record_ripple@3x.png in Resources */,
				93C144231FC596030006FB90 /* icon24app.ttf in Resources */,
				93C143DA1FC54DB30006FB90 /* LaunchScreen.storyboard in Resources */,
				93864D6D1FD52547002AC596 /* ic_record_too_short@3x.png in Resources */,
				939266E51FCEDE79002FFA49 /* Poppins-Regular.ttf in Resources */,
				93864D711FD52547002AC596 /* ic_release_to_cancel@2x.png in Resources */,
			);
			runOnlyForDeploymentPostprocessing = 0;
		};
/* End PBXResourcesBuildPhase section */

/* Begin PBXShellScriptBuildPhase section */
		2A3CED8F48FF8593384A0D2F /* [CP] Copy Pods Resources */ = {
			isa = PBXShellScriptBuildPhase;
			buildActionMask = 2147483647;
			files = (
			);
			inputPaths = (
				"${SRCROOT}/Pods/Target Support Files/Pods-24EditorDemo/Pods-24EditorDemo-resources.sh",
				"${PODS_ROOT}/CLImageEditor/CLImageEditor/CLImageEditor.bundle",
				"${PODS_ROOT}/DateTools/DateTools/DateTools/DateTools.bundle",
				"${PODS_ROOT}/MJRefresh/MJRefresh/MJRefresh.bundle",
			);
			name = "[CP] Copy Pods Resources";
			outputPaths = (
				"${TARGET_BUILD_DIR}/${UNLOCALIZED_RESOURCES_FOLDER_PATH}",
			);
			runOnlyForDeploymentPostprocessing = 0;
			shellPath = /bin/sh;
			shellScript = "\"${SRCROOT}/Pods/Target Support Files/Pods-24EditorDemo/Pods-24EditorDemo-resources.sh\"\n";
			showEnvVarsInLog = 0;
		};
		6D9A64A442F1D84BEF17919A /* [CP] Check Pods Manifest.lock */ = {
			isa = PBXShellScriptBuildPhase;
			buildActionMask = 2147483647;
			files = (
			);
			inputPaths = (
				"${PODS_PODFILE_DIR_PATH}/Podfile.lock",
				"${PODS_ROOT}/Manifest.lock",
			);
			name = "[CP] Check Pods Manifest.lock";
			outputPaths = (
				"$(DERIVED_FILE_DIR)/Pods-24EditorDemo-checkManifestLockResult.txt",
			);
			runOnlyForDeploymentPostprocessing = 0;
			shellPath = /bin/sh;
			shellScript = "diff \"${PODS_PODFILE_DIR_PATH}/Podfile.lock\" \"${PODS_ROOT}/Manifest.lock\" > /dev/null\nif [ $? != 0 ] ; then\n    # print error to STDERR\n    echo \"error: The sandbox is not in sync with the Podfile.lock. Run 'pod install' or update your CocoaPods installation.\" >&2\n    exit 1\nfi\n# This output is used by Xcode 'outputs' to avoid re-running this script phase.\necho \"SUCCESS\" > \"${SCRIPT_OUTPUT_FILE_0}\"\n";
			showEnvVarsInLog = 0;
		};
		76EFC5B2FB157E436DECC1A0 /* [CP] Embed Pods Frameworks */ = {
			isa = PBXShellScriptBuildPhase;
			buildActionMask = 2147483647;
			files = (
			);
			inputPaths = (
			);
			name = "[CP] Embed Pods Frameworks";
			outputPaths = (
			);
			runOnlyForDeploymentPostprocessing = 0;
			shellPath = /bin/sh;
			shellScript = "\"${SRCROOT}/Pods/Target Support Files/Pods-24EditorDemo/Pods-24EditorDemo-frameworks.sh\"\n";
			showEnvVarsInLog = 0;
		};
/* End PBXShellScriptBuildPhase section */

/* Begin PBXSourcesBuildPhase section */
		93C143B01FC547D00006FB90 /* Sources */ = {
			isa = PBXSourcesBuildPhase;
			buildActionMask = 2147483647;
			files = (
				939267071FCFF3EE002FFA49 /* ZCNetworking.m in Sources */,
				939267611FD12EA4002FFA49 /* DOUAudioPlaybackItem.m in Sources */,
				939267641FD12EA4002FFA49 /* DOUAudioFrequencyAnalyzer.m in Sources */,
				93C1448F1FC6F72E0006FB90 /* UICollectionView+ZCCate.m in Sources */,
				9369B3361FCA620E005ED1D7 /* ZCAlbumView.m in Sources */,
				939267831FD1B9CF002FFA49 /* ZCNewsVoteTableViewCell.m in Sources */,
				93864D681FD52547002AC596 /* BBHoldToSpeakButton.m in Sources */,
				93864D731FD52547002AC596 /* BBVoiceRecordToastContentView.m in Sources */,
				93C143F11FC550530006FB90 /* ZCBaseViewController.m in Sources */,
				93C144DB1FC7AC0E0006FB90 /* UIView+ZCCate.m in Sources */,
				93C144681FC66FB60006FB90 /* ZCConstant.m in Sources */,
				939267601FD12EA4002FFA49 /* DOUSimpleHTTPRequest.m in Sources */,
				93C144921FC6FE150006FB90 /* ZCImagePickerPreviewViewController.m in Sources */,
				93C144811FC6D5520006FB90 /* ZCImagePickerCollectionViewCell.m in Sources */,
				93C144A41FC70AA00006FB90 /* NSObject+ZCCate.m in Sources */,
				93C1448C1FC6EE960006FB90 /* ZCImagePickerHelper.m in Sources */,
				939266DD1FCE91EC002FFA49 /* ZCEventDetailViewController.m in Sources */,
				939266B41FCE82E1002FFA49 /* UIImage+ZCCate.m in Sources */,
				9392675F1FD12EA4002FFA49 /* DOUAudioDecoder.m in Sources */,
				93C1441C1FC579790006FB90 /* ZCBaseView.m in Sources */,
				93C144DE1FC7ADA90006FB90 /* ZCHelper.m in Sources */,
				939267651FD12EA4002FFA49 /* DOUMPMediaLibraryAssetLoader.m in Sources */,
				93C143D91FC54DB30006FB90 /* AppDelegate.m in Sources */,
				9392675E1FD12EA4002FFA49 /* DOUAudioStreamer.m in Sources */,
				9369B34F1FCB0EC8005ED1D7 /* AshtonHTMLReader.m in Sources */,
				93864D741FD52547002AC596 /* BBVoiceRecordPowerAnimationView.m in Sources */,
				93C1447E1FC6D04B0006FB90 /* ZCImagePickerViewController.m in Sources */,
				9369B3551FCB0EC8005ED1D7 /* AshtonUtils.m in Sources */,
				93864DC81FD7E37E002AC596 /* ZCCycleView.m in Sources */,
				93C143DC1FC54DB30006FB90 /* main.m in Sources */,
				9392675B1FD12EA4002FFA49 /* DOUAudioVisualizer.m in Sources */,
				93C1449E1FC7042A0006FB90 /* ZCCollectionViewPagingLayout.m in Sources */,
				939266EB1FCEF1AB002FFA49 /* ZCNewsAudioTableViewCell.m in Sources */,
				939267681FD136AF002FFA49 /* ZCAudioModel.m in Sources */,
				93864D751FD52547002AC596 /* BBVoiceRecordController.m in Sources */,
				939267521FD12EA4002FFA49 /* ZCAssetsManager.m in Sources */,
				93C144981FC702050006FB90 /* ZCImagePreviewView.m in Sources */,
				939266E01FCEB62D002FFA49 /* ZCModel.m in Sources */,
				939266B71FCE831F002FFA49 /* NSString+ZCCate.m in Sources */,
				93864D721FD52547002AC596 /* UIColor+BBVoiceRecord.m in Sources */,
				939266D31FCE910F002FFA49 /* ZCDraftViewController.m in Sources */,
				9369B3561FCB0EC8005ED1D7 /* NSAttributedString+Ashton.m in Sources */,
				939267531FD12EA4002FFA49 /* ZCAsset.m in Sources */,
				939266E81FCEE4CA002FFA49 /* ZCScoreView.m in Sources */,
				939267551FD12EA4002FFA49 /* DOUAudioStreamer+Options.m in Sources */,
				9369B3541FCB0EC8005ED1D7 /* AshtonUIKit.m in Sources */,
				939267861FD1BD84002FFA49 /* ZCPerVoteTableViewCell.m in Sources */,
				9315BD441FCD625D001ECD0B /* UIColor+ZCCate.m in Sources */,
				93864DC11FD7BC87002AC596 /* HomeViewController.m in Sources */,
				93864DC51FD7C890002AC596 /* ImageViewController.m in Sources */,
				939267621FD12EA4002FFA49 /* DOUAudioEventLoop.m in Sources */,
				93C1441F1FC57B120006FB90 /* ZCInputToolView.m in Sources */,
				939266E31FCED72B002FFA49 /* ZCEventCountView.m in Sources */,
				93C144951FC6FF9E0006FB90 /* ZCImagePreviewViewController.m in Sources */,
				9369B3521FCB0EC8005ED1D7 /* AshtonMarkdownReader.m in Sources */,
				93864D671FD52547002AC596 /* UIImage+BBVoiceRecord.m in Sources */,
				939267541FD12EA4002FFA49 /* DOUAudioFileProvider.m in Sources */,
				939266D01FCE910F002FFA49 /* ZCDraftTextTableViewCell.m in Sources */,
				93C143F71FC5517C0006FB90 /* ZCEditorViewController.m in Sources */,
				93864D691FD52547002AC596 /* BBVoiceRecordView.m in Sources */,
				9392670A1FD00786002FFA49 /* ZCNewsModel.m in Sources */,
				93C144871FC6E5EC0006FB90 /* CALayer+ZCCate.m in Sources */,
				93C1449B1FC702C40006FB90 /* ZCZoomImageView.m in Sources */,
				9369B3511FCB0EC8005ED1D7 /* AshtonIntermediate.m in Sources */,
				939267581FD12EA4002FFA49 /* DOUAudioAnalyzer+Default.m in Sources */,
				939267511FD12EA4002FFA49 /* ZCAssetsGroup.m in Sources */,
				939267571FD12EA4002FFA49 /* DOUAudioRenderer.m in Sources */,
				93864DC21FD7BC87002AC596 /* VideoViewController.m in Sources */,
				9392675D1FD12EA4002FFA49 /* DOUAudioLPCM.m in Sources */,
				939267591FD12EA4002FFA49 /* NSData+DOUMappedFile.m in Sources */,
				939267921FD26B0D002FFA49 /* ZCNewsInputToolView.m in Sources */,
				939267631FD12EA4002FFA49 /* DOUAudioSpatialAnalyzer.m in Sources */,
				939267951FD2BECA002FFA49 /* ZCEmptyViewController.m in Sources */,
				93C144841FC6E38B0006FB90 /* UIControl+ZCCate.m in Sources */,
				9369B3071FC93DCD005ED1D7 /* ZCImagePickerNoneCollectionViewCell.m in Sources */,
				939267561FD12EA4002FFA49 /* DOUAudioAnalyzer.m in Sources */,
				93C143C51FC547D00006FB90 /* _4EditorDemo.xcdatamodeld in Sources */,
				9369B3531FCB0EC8005ED1D7 /* AshtonMarkdownWriter.m in Sources */,
				9369B3501FCB0EC8005ED1D7 /* AshtonHTMLWriter.m in Sources */,
				93C144331FC59BB80006FB90 /* ZCBaseModel.m in Sources */,
				93C144A11FC70A490006FB90 /* UILabel+ZCCate.m in Sources */,
				9392678C1FD1C687002FFA49 /* ZCOptionModel.m in Sources */,
				939267891FD1C5FF002FFA49 /* ZCVoteModel.m in Sources */,
				9392675A1FD12EA4002FFA49 /* DOUAudioFilePreprocessor.m in Sources */,
				9369B34E1FCB0EC8005ED1D7 /* AshtonCoreText.m in Sources */,
				9392678F1FD26430002FFA49 /* ZCInputTypeCollectionViewCell.m in Sources */,
				9392675C1FD12EA4002FFA49 /* DOUEAGLView.m in Sources */,
			);
			runOnlyForDeploymentPostprocessing = 0;
		};
/* End PBXSourcesBuildPhase section */

/* Begin PBXVariantGroup section */
		93C143D41FC54DB30006FB90 /* LaunchScreen.storyboard */ = {
			isa = PBXVariantGroup;
			children = (
				93C143D51FC54DB30006FB90 /* Base */,
			);
			name = LaunchScreen.storyboard;
			sourceTree = "<group>";
		};
		93C143D61FC54DB30006FB90 /* Main.storyboard */ = {
			isa = PBXVariantGroup;
			children = (
				93C143D71FC54DB30006FB90 /* Base */,
			);
			name = Main.storyboard;
			sourceTree = "<group>";
		};
/* End PBXVariantGroup section */

/* Begin XCBuildConfiguration section */
		93C143CC1FC547D00006FB90 /* Debug */ = {
			isa = XCBuildConfiguration;
			buildSettings = {
				ALWAYS_SEARCH_USER_PATHS = NO;
				CLANG_ANALYZER_NONNULL = YES;
				CLANG_CXX_LANGUAGE_STANDARD = "gnu++0x";
				CLANG_CXX_LIBRARY = "libc++";
				CLANG_ENABLE_MODULES = YES;
				CLANG_ENABLE_OBJC_ARC = YES;
				CLANG_WARN_BOOL_CONVERSION = YES;
				CLANG_WARN_CONSTANT_CONVERSION = YES;
				CLANG_WARN_DIRECT_OBJC_ISA_USAGE = YES_ERROR;
				CLANG_WARN_DOCUMENTATION_COMMENTS = YES;
				CLANG_WARN_EMPTY_BODY = YES;
				CLANG_WARN_ENUM_CONVERSION = YES;
				CLANG_WARN_INFINITE_RECURSION = YES;
				CLANG_WARN_INT_CONVERSION = YES;
				CLANG_WARN_OBJC_ROOT_CLASS = YES_ERROR;
				CLANG_WARN_SUSPICIOUS_MOVE = YES;
				CLANG_WARN_UNREACHABLE_CODE = YES;
				CLANG_WARN__DUPLICATE_METHOD_MATCH = YES;
				"CODE_SIGN_IDENTITY[sdk=iphoneos*]" = "iPhone Developer";
				COPY_PHASE_STRIP = NO;
				DEBUG_INFORMATION_FORMAT = dwarf;
				ENABLE_STRICT_OBJC_MSGSEND = YES;
				ENABLE_TESTABILITY = YES;
				GCC_C_LANGUAGE_STANDARD = gnu99;
				GCC_DYNAMIC_NO_PIC = NO;
				GCC_NO_COMMON_BLOCKS = YES;
				GCC_OPTIMIZATION_LEVEL = 0;
				GCC_PREPROCESSOR_DEFINITIONS = (
					"DEBUG=1",
					"$(inherited)",
				);
				GCC_WARN_64_TO_32_BIT_CONVERSION = YES;
				GCC_WARN_ABOUT_RETURN_TYPE = YES_ERROR;
				GCC_WARN_UNDECLARED_SELECTOR = YES;
				GCC_WARN_UNINITIALIZED_AUTOS = YES_AGGRESSIVE;
				GCC_WARN_UNUSED_FUNCTION = YES;
				GCC_WARN_UNUSED_VARIABLE = YES;
				IPHONEOS_DEPLOYMENT_TARGET = 10.2;
				MTL_ENABLE_DEBUG_INFO = YES;
				ONLY_ACTIVE_ARCH = YES;
				SDKROOT = iphoneos;
			};
			name = Debug;
		};
		93C143CD1FC547D00006FB90 /* Release */ = {
			isa = XCBuildConfiguration;
			buildSettings = {
				ALWAYS_SEARCH_USER_PATHS = NO;
				CLANG_ANALYZER_NONNULL = YES;
				CLANG_CXX_LANGUAGE_STANDARD = "gnu++0x";
				CLANG_CXX_LIBRARY = "libc++";
				CLANG_ENABLE_MODULES = YES;
				CLANG_ENABLE_OBJC_ARC = YES;
				CLANG_WARN_BOOL_CONVERSION = YES;
				CLANG_WARN_CONSTANT_CONVERSION = YES;
				CLANG_WARN_DIRECT_OBJC_ISA_USAGE = YES_ERROR;
				CLANG_WARN_DOCUMENTATION_COMMENTS = YES;
				CLANG_WARN_EMPTY_BODY = YES;
				CLANG_WARN_ENUM_CONVERSION = YES;
				CLANG_WARN_INFINITE_RECURSION = YES;
				CLANG_WARN_INT_CONVERSION = YES;
				CLANG_WARN_OBJC_ROOT_CLASS = YES_ERROR;
				CLANG_WARN_SUSPICIOUS_MOVE = YES;
				CLANG_WARN_UNREACHABLE_CODE = YES;
				CLANG_WARN__DUPLICATE_METHOD_MATCH = YES;
				"CODE_SIGN_IDENTITY[sdk=iphoneos*]" = "iPhone Developer";
				COPY_PHASE_STRIP = NO;
				DEBUG_INFORMATION_FORMAT = "dwarf-with-dsym";
				ENABLE_NS_ASSERTIONS = NO;
				ENABLE_STRICT_OBJC_MSGSEND = YES;
				GCC_C_LANGUAGE_STANDARD = gnu99;
				GCC_NO_COMMON_BLOCKS = YES;
				GCC_WARN_64_TO_32_BIT_CONVERSION = YES;
				GCC_WARN_ABOUT_RETURN_TYPE = YES_ERROR;
				GCC_WARN_UNDECLARED_SELECTOR = YES;
				GCC_WARN_UNINITIALIZED_AUTOS = YES_AGGRESSIVE;
				GCC_WARN_UNUSED_FUNCTION = YES;
				GCC_WARN_UNUSED_VARIABLE = YES;
				IPHONEOS_DEPLOYMENT_TARGET = 10.2;
				MTL_ENABLE_DEBUG_INFO = NO;
				SDKROOT = iphoneos;
				VALIDATE_PRODUCT = YES;
			};
			name = Release;
		};
		93C143CF1FC547D00006FB90 /* Debug */ = {
			isa = XCBuildConfiguration;
			baseConfigurationReference = 25CD7A04455561CED0A1AE43 /* Pods-24EditorDemo.debug.xcconfig */;
			buildSettings = {
				ASSETCATALOG_COMPILER_APPICON_NAME = AppIcon;
				"CODE_SIGN_IDENTITY[sdk=iphoneos*]" = "iPhone Developer";
				CODE_SIGN_STYLE = Manual;
				DEVELOPMENT_TEAM = 78V589EJ5N;
				GCC_NO_COMMON_BLOCKS = YES;
				GCC_PREFIX_HEADER = "$(SRCROOT)/24EditorDemo/Config/PrefixHeader.pch";
				INFOPLIST_FILE = 24EditorDemo/Config/Info.plist;
				IPHONEOS_DEPLOYMENT_TARGET = 10.0;
				LD_RUNPATH_SEARCH_PATHS = "$(inherited) @executable_path/Frameworks";
				OTHER_LDFLAGS = (
					"$(inherited)",
					"-ObjC",
					"-l\"YYText\"",
					"-framework",
					"\"Accelerate\"",
					"-framework",
					"\"CoreFoundation\"",
					"-framework",
					"\"CoreText\"",
					"-framework",
					"\"MobileCoreServices\"",
					"-framework",
					"\"QuartzCore\"",
					"-framework",
					"\"UIKit\"",
				);
				PRODUCT_BUNDLE_IDENTIFIER = com.ito.editorDemo;
				PRODUCT_NAME = "$(TARGET_NAME)";
				PROVISIONING_PROFILE = "5de767fd-8d50-4b32-b430-856f5e28f42f";
				PROVISIONING_PROFILE_SPECIFIER = "78V589EJ5N.com.ito.editorDemo_ Development";
			};
			name = Debug;
		};
		93C143D01FC547D00006FB90 /* Release */ = {
			isa = XCBuildConfiguration;
			baseConfigurationReference = EF3D4C9F21CB708B2A091D47 /* Pods-24EditorDemo.release.xcconfig */;
			buildSettings = {
				ASSETCATALOG_COMPILER_APPICON_NAME = AppIcon;
				"CODE_SIGN_IDENTITY[sdk=iphoneos*]" = "iPhone Distribution";
				CODE_SIGN_STYLE = Manual;
				DEVELOPMENT_TEAM = 78V589EJ5N;
				GCC_NO_COMMON_BLOCKS = YES;
				GCC_PREFIX_HEADER = "$(SRCROOT)/24EditorDemo/Config/PrefixHeader.pch";
				INFOPLIST_FILE = 24EditorDemo/Config/Info.plist;
				IPHONEOS_DEPLOYMENT_TARGET = 10.0;
				LD_RUNPATH_SEARCH_PATHS = "$(inherited) @executable_path/Frameworks";
				OTHER_LDFLAGS = (
					"$(inherited)",
					"-ObjC",
					"-l\"YYText\"",
					"-framework",
					"\"Accelerate\"",
					"-framework",
					"\"CoreFoundation\"",
					"-framework",
					"\"CoreText\"",
					"-framework",
					"\"MobileCoreServices\"",
					"-framework",
					"\"QuartzCore\"",
					"-framework",
					"\"UIKit\"",
				);
				PRODUCT_BUNDLE_IDENTIFIER = com.ito.editorDemo;
				PRODUCT_NAME = "$(TARGET_NAME)";
				PROVISIONING_PROFILE = "9f2a4c04-e3bc-4960-9f70-e7dcc987cd87";
				PROVISIONING_PROFILE_SPECIFIER = "78V589EJ5N.com.ito.editorDemo_ Distribution";
			};
			name = Release;
		};
/* End XCBuildConfiguration section */

/* Begin XCConfigurationList section */
		93C143AF1FC547D00006FB90 /* Build configuration list for PBXProject "24EditorDemo" */ = {
			isa = XCConfigurationList;
			buildConfigurations = (
				93C143CC1FC547D00006FB90 /* Debug */,
				93C143CD1FC547D00006FB90 /* Release */,
			);
			defaultConfigurationIsVisible = 0;
			defaultConfigurationName = Release;
		};
		93C143CE1FC547D00006FB90 /* Build configuration list for PBXNativeTarget "24EditorDemo" */ = {
			isa = XCConfigurationList;
			buildConfigurations = (
				93C143CF1FC547D00006FB90 /* Debug */,
				93C143D01FC547D00006FB90 /* Release */,
			);
			defaultConfigurationIsVisible = 0;
			defaultConfigurationName = Release;
		};
/* End XCConfigurationList section */

/* Begin XCVersionGroup section */
		93C143C31FC547D00006FB90 /* _4EditorDemo.xcdatamodeld */ = {
			isa = XCVersionGroup;
			children = (
				93C143C41FC547D00006FB90 /* _4EditorDemo.xcdatamodel */,
			);
			currentVersion = 93C143C41FC547D00006FB90 /* _4EditorDemo.xcdatamodel */;
			path = _4EditorDemo.xcdatamodeld;
			sourceTree = "<group>";
			versionGroupType = wrapper.xcdatamodel;
		};
/* End XCVersionGroup section */
	};
	rootObject = 93C143AC1FC547D00006FB90 /* Project object */;
}
