// !$*UTF8*$!
{
	archiveVersion = 1;
	classes = {
	};
	objectVersion = 46;
	objects = {

/* Begin PBXBuildFile section */
		3EAC1B88DBA7C5A860E5F821 /* libPods-24EditorDemo.a in Frameworks */ = {isa = PBXBuildFile; fileRef = FF41CCCE21E3C1A793C23BB6 /* libPods-24EditorDemo.a */; };
		9369B3071FC93DCD005ED1D7 /* ZCImagePickerNoneCollectionViewCell.m in Sources */ = {isa = PBXBuildFile; fileRef = 9369B3061FC93DCD005ED1D7 /* ZCImagePickerNoneCollectionViewCell.m */; };
		9369B30A1FC9A192005ED1D7 /* ZCAlbumViewController.m in Sources */ = {isa = PBXBuildFile; fileRef = 9369B3091FC9A192005ED1D7 /* ZCAlbumViewController.m */; };
		9369B3361FCA620E005ED1D7 /* ZCAlbumView.m in Sources */ = {isa = PBXBuildFile; fileRef = 9369B3351FCA620E005ED1D7 /* ZCAlbumView.m */; };
		93C143C51FC547D00006FB90 /* _4EditorDemo.xcdatamodeld in Sources */ = {isa = PBXBuildFile; fileRef = 93C143C31FC547D00006FB90 /* _4EditorDemo.xcdatamodeld */; };
		93C143C71FC547D00006FB90 /* Assets.xcassets in Resources */ = {isa = PBXBuildFile; fileRef = 93C143C61FC547D00006FB90 /* Assets.xcassets */; };
		93C143D91FC54DB30006FB90 /* AppDelegate.m in Sources */ = {isa = PBXBuildFile; fileRef = 93C143D31FC54DB30006FB90 /* AppDelegate.m */; };
		93C143DA1FC54DB30006FB90 /* LaunchScreen.storyboard in Resources */ = {isa = PBXBuildFile; fileRef = 93C143D41FC54DB30006FB90 /* LaunchScreen.storyboard */; };
		93C143DB1FC54DB30006FB90 /* Main.storyboard in Resources */ = {isa = PBXBuildFile; fileRef = 93C143D61FC54DB30006FB90 /* Main.storyboard */; };
		93C143DC1FC54DB30006FB90 /* main.m in Sources */ = {isa = PBXBuildFile; fileRef = 93C143D81FC54DB30006FB90 /* main.m */; };
		93C143DF1FC54DBC0006FB90 /* Info.plist in Resources */ = {isa = PBXBuildFile; fileRef = 93C143DE1FC54DBC0006FB90 /* Info.plist */; };
		93C143F11FC550530006FB90 /* ZCBaseViewController.m in Sources */ = {isa = PBXBuildFile; fileRef = 93C143F01FC550530006FB90 /* ZCBaseViewController.m */; };
		93C143F71FC5517C0006FB90 /* ZCEditorViewController.m in Sources */ = {isa = PBXBuildFile; fileRef = 93C143F61FC5517C0006FB90 /* ZCEditorViewController.m */; };
		93C144051FC55D950006FB90 /* CALayer+YYAdd.m in Sources */ = {isa = PBXBuildFile; fileRef = 93C143FA1FC55D950006FB90 /* CALayer+YYAdd.m */; };
		93C144061FC55D950006FB90 /* NSBundle+YYAdd.m in Sources */ = {isa = PBXBuildFile; fileRef = 93C143FC1FC55D950006FB90 /* NSBundle+YYAdd.m */; };
		93C144071FC55D950006FB90 /* NSData+YYAdd.m in Sources */ = {isa = PBXBuildFile; fileRef = 93C143FE1FC55D950006FB90 /* NSData+YYAdd.m */; };
		93C144081FC55D950006FB90 /* NSString+YYAdd.m in Sources */ = {isa = PBXBuildFile; fileRef = 93C144001FC55D950006FB90 /* NSString+YYAdd.m */; };
		93C144091FC55D950006FB90 /* UIControl+YYAdd.m in Sources */ = {isa = PBXBuildFile; fileRef = 93C144021FC55D950006FB90 /* UIControl+YYAdd.m */; };
		93C1440A1FC55D950006FB90 /* UIGestureRecognizer+YYAdd.m in Sources */ = {isa = PBXBuildFile; fileRef = 93C144041FC55D950006FB90 /* UIGestureRecognizer+YYAdd.m */; };
		93C1440D1FC55E690006FB90 /* UIView+YYAdd.m in Sources */ = {isa = PBXBuildFile; fileRef = 93C1440C1FC55E690006FB90 /* UIView+YYAdd.m */; };
		93C1440F1FC570CB0006FB90 /* UIKit.framework in Frameworks */ = {isa = PBXBuildFile; fileRef = 93C1440E1FC570CB0006FB90 /* UIKit.framework */; };
		93C144111FC570D20006FB90 /* CoreFoundation.framework in Frameworks */ = {isa = PBXBuildFile; fileRef = 93C144101FC570D20006FB90 /* CoreFoundation.framework */; };
		93C144131FC570D80006FB90 /* CoreText.framework in Frameworks */ = {isa = PBXBuildFile; fileRef = 93C144121FC570D80006FB90 /* CoreText.framework */; };
		93C144151FC570DD0006FB90 /* QuartzCore.framework in Frameworks */ = {isa = PBXBuildFile; fileRef = 93C144141FC570DD0006FB90 /* QuartzCore.framework */; };
		93C144171FC570E30006FB90 /* Accelerate.framework in Frameworks */ = {isa = PBXBuildFile; fileRef = 93C144161FC570E30006FB90 /* Accelerate.framework */; };
		93C144191FC570E90006FB90 /* MobileCoreServices.framework in Frameworks */ = {isa = PBXBuildFile; fileRef = 93C144181FC570E90006FB90 /* MobileCoreServices.framework */; };
		93C1441C1FC579790006FB90 /* ZCBaseView.m in Sources */ = {isa = PBXBuildFile; fileRef = 93C1441B1FC579790006FB90 /* ZCBaseView.m */; };
		93C1441F1FC57B120006FB90 /* ZCInputToolView.m in Sources */ = {isa = PBXBuildFile; fileRef = 93C1441E1FC57B120006FB90 /* ZCInputToolView.m */; };
		93C144231FC596030006FB90 /* icon24app.ttf in Resources */ = {isa = PBXBuildFile; fileRef = 93C144221FC596030006FB90 /* icon24app.ttf */; };
		93C144331FC59BB80006FB90 /* ZCBaseModel.m in Sources */ = {isa = PBXBuildFile; fileRef = 93C144321FC59BB80006FB90 /* ZCBaseModel.m */; };
		93C1443A1FC5A7FA0006FB90 /* UIImage+ZCCate.m in Sources */ = {isa = PBXBuildFile; fileRef = 93C144391FC5A7FA0006FB90 /* UIImage+ZCCate.m */; };
		93C1443F1FC5B72A0006FB90 /* Raleway-Medium.ttf in Resources */ = {isa = PBXBuildFile; fileRef = 93C1443D1FC5B72A0006FB90 /* Raleway-Medium.ttf */; };
		93C144401FC5B72A0006FB90 /* Raleway-Regular.ttf in Resources */ = {isa = PBXBuildFile; fileRef = 93C1443E1FC5B72A0006FB90 /* Raleway-Regular.ttf */; };
		93C144451FC5D2F70006FB90 /* Muli-SemiBold.ttf in Resources */ = {isa = PBXBuildFile; fileRef = 93C144441FC5D2F70006FB90 /* Muli-SemiBold.ttf */; };
		93C144681FC66FB60006FB90 /* ZCConstant.m in Sources */ = {isa = PBXBuildFile; fileRef = 93C144671FC66FB60006FB90 /* ZCConstant.m */; };
		93C144731FC6C4900006FB90 /* ZCAsset.m in Sources */ = {isa = PBXBuildFile; fileRef = 93C144721FC6C4900006FB90 /* ZCAsset.m */; };
		93C144761FC6C4AD0006FB90 /* ZCAssetsGroup.m in Sources */ = {isa = PBXBuildFile; fileRef = 93C144751FC6C4AD0006FB90 /* ZCAssetsGroup.m */; };
		93C144791FC6C4BD0006FB90 /* ZCAssetsManager.m in Sources */ = {isa = PBXBuildFile; fileRef = 93C144781FC6C4BD0006FB90 /* ZCAssetsManager.m */; };
		93C1447E1FC6D04B0006FB90 /* ZCImagePickerViewController.m in Sources */ = {isa = PBXBuildFile; fileRef = 93C1447D1FC6D04B0006FB90 /* ZCImagePickerViewController.m */; };
		93C144811FC6D5520006FB90 /* ZCImagePickerCollectionViewCell.m in Sources */ = {isa = PBXBuildFile; fileRef = 93C144801FC6D5520006FB90 /* ZCImagePickerCollectionViewCell.m */; };
		93C144841FC6E38B0006FB90 /* UIControl+ZCCate.m in Sources */ = {isa = PBXBuildFile; fileRef = 93C144831FC6E38B0006FB90 /* UIControl+ZCCate.m */; };
		93C144871FC6E5EC0006FB90 /* CALayer+ZCCate.m in Sources */ = {isa = PBXBuildFile; fileRef = 93C144861FC6E5EC0006FB90 /* CALayer+ZCCate.m */; };
		93C1448C1FC6EE960006FB90 /* ZCImagePickerHelper.m in Sources */ = {isa = PBXBuildFile; fileRef = 93C1448B1FC6EE960006FB90 /* ZCImagePickerHelper.m */; };
		93C1448F1FC6F72E0006FB90 /* UICollectionView+ZCCate.m in Sources */ = {isa = PBXBuildFile; fileRef = 93C1448E1FC6F72E0006FB90 /* UICollectionView+ZCCate.m */; };
		93C144921FC6FE150006FB90 /* ZCImagePickerPreviewViewController.m in Sources */ = {isa = PBXBuildFile; fileRef = 93C144911FC6FE150006FB90 /* ZCImagePickerPreviewViewController.m */; };
		93C144951FC6FF9E0006FB90 /* ZCImagePreviewViewController.m in Sources */ = {isa = PBXBuildFile; fileRef = 93C144941FC6FF9E0006FB90 /* ZCImagePreviewViewController.m */; };
		93C144981FC702050006FB90 /* ZCImagePreviewView.m in Sources */ = {isa = PBXBuildFile; fileRef = 93C144971FC702050006FB90 /* ZCImagePreviewView.m */; };
		93C1449B1FC702C40006FB90 /* ZCZoomImageView.m in Sources */ = {isa = PBXBuildFile; fileRef = 93C1449A1FC702C40006FB90 /* ZCZoomImageView.m */; };
		93C1449E1FC7042A0006FB90 /* ZCCollectionViewPagingLayout.m in Sources */ = {isa = PBXBuildFile; fileRef = 93C1449D1FC7042A0006FB90 /* ZCCollectionViewPagingLayout.m */; };
		93C144A11FC70A490006FB90 /* UILabel+ZCCate.m in Sources */ = {isa = PBXBuildFile; fileRef = 93C144A01FC70A490006FB90 /* UILabel+ZCCate.m */; };
		93C144A41FC70AA00006FB90 /* NSObject+ZCCate.m in Sources */ = {isa = PBXBuildFile; fileRef = 93C144A31FC70AA00006FB90 /* NSObject+ZCCate.m */; };
		93C144DB1FC7AC0E0006FB90 /* UIView+ZCCate.m in Sources */ = {isa = PBXBuildFile; fileRef = 93C144DA1FC7AC0E0006FB90 /* UIView+ZCCate.m */; };
		93C144DE1FC7ADA90006FB90 /* ZCHelper.m in Sources */ = {isa = PBXBuildFile; fileRef = 93C144DD1FC7ADA90006FB90 /* ZCHelper.m */; };
/* End PBXBuildFile section */

/* Begin PBXFileReference section */
		25CD7A04455561CED0A1AE43 /* Pods-24EditorDemo.debug.xcconfig */ = {isa = PBXFileReference; includeInIndex = 1; lastKnownFileType = text.xcconfig; name = "Pods-24EditorDemo.debug.xcconfig"; path = "Pods/Target Support Files/Pods-24EditorDemo/Pods-24EditorDemo.debug.xcconfig"; sourceTree = "<group>"; };
		9369B3051FC93DCD005ED1D7 /* ZCImagePickerNoneCollectionViewCell.h */ = {isa = PBXFileReference; fileEncoding = 4; lastKnownFileType = sourcecode.c.h; path = ZCImagePickerNoneCollectionViewCell.h; sourceTree = "<group>"; };
		9369B3061FC93DCD005ED1D7 /* ZCImagePickerNoneCollectionViewCell.m */ = {isa = PBXFileReference; fileEncoding = 4; lastKnownFileType = sourcecode.c.objc; path = ZCImagePickerNoneCollectionViewCell.m; sourceTree = "<group>"; };
		9369B3081FC9A192005ED1D7 /* ZCAlbumViewController.h */ = {isa = PBXFileReference; fileEncoding = 4; lastKnownFileType = sourcecode.c.h; path = ZCAlbumViewController.h; sourceTree = "<group>"; };
		9369B3091FC9A192005ED1D7 /* ZCAlbumViewController.m */ = {isa = PBXFileReference; fileEncoding = 4; lastKnownFileType = sourcecode.c.objc; path = ZCAlbumViewController.m; sourceTree = "<group>"; };
		9369B3341FCA620E005ED1D7 /* ZCAlbumView.h */ = {isa = PBXFileReference; fileEncoding = 4; lastKnownFileType = sourcecode.c.h; path = ZCAlbumView.h; sourceTree = "<group>"; };
		9369B3351FCA620E005ED1D7 /* ZCAlbumView.m */ = {isa = PBXFileReference; fileEncoding = 4; lastKnownFileType = sourcecode.c.objc; path = ZCAlbumView.m; sourceTree = "<group>"; };
		93C143B41FC547D00006FB90 /* 24EditorDemo.app */ = {isa = PBXFileReference; explicitFileType = wrapper.application; includeInIndex = 0; path = 24EditorDemo.app; sourceTree = BUILT_PRODUCTS_DIR; };
		93C143C41FC547D00006FB90 /* _4EditorDemo.xcdatamodel */ = {isa = PBXFileReference; lastKnownFileType = wrapper.xcdatamodel; path = _4EditorDemo.xcdatamodel; sourceTree = "<group>"; };
		93C143C61FC547D00006FB90 /* Assets.xcassets */ = {isa = PBXFileReference; lastKnownFileType = folder.assetcatalog; path = Assets.xcassets; sourceTree = "<group>"; };
		93C143D21FC54DB30006FB90 /* AppDelegate.h */ = {isa = PBXFileReference; fileEncoding = 4; lastKnownFileType = sourcecode.c.h; path = AppDelegate.h; sourceTree = "<group>"; };
		93C143D31FC54DB30006FB90 /* AppDelegate.m */ = {isa = PBXFileReference; fileEncoding = 4; lastKnownFileType = sourcecode.c.objc; path = AppDelegate.m; sourceTree = "<group>"; };
		93C143D51FC54DB30006FB90 /* Base */ = {isa = PBXFileReference; lastKnownFileType = file.storyboard; name = Base; path = Base.lproj/LaunchScreen.storyboard; sourceTree = "<group>"; };
		93C143D71FC54DB30006FB90 /* Base */ = {isa = PBXFileReference; lastKnownFileType = file.storyboard; name = Base; path = Base.lproj/Main.storyboard; sourceTree = "<group>"; };
		93C143D81FC54DB30006FB90 /* main.m */ = {isa = PBXFileReference; fileEncoding = 4; lastKnownFileType = sourcecode.c.objc; path = main.m; sourceTree = "<group>"; };
		93C143DE1FC54DBC0006FB90 /* Info.plist */ = {isa = PBXFileReference; fileEncoding = 4; lastKnownFileType = text.plist.xml; path = Info.plist; sourceTree = "<group>"; };
		93C143EF1FC550530006FB90 /* ZCBaseViewController.h */ = {isa = PBXFileReference; fileEncoding = 4; lastKnownFileType = sourcecode.c.h; path = ZCBaseViewController.h; sourceTree = "<group>"; };
		93C143F01FC550530006FB90 /* ZCBaseViewController.m */ = {isa = PBXFileReference; fileEncoding = 4; lastKnownFileType = sourcecode.c.objc; path = ZCBaseViewController.m; sourceTree = "<group>"; };
		93C143F51FC5517C0006FB90 /* ZCEditorViewController.h */ = {isa = PBXFileReference; fileEncoding = 4; lastKnownFileType = sourcecode.c.h; path = ZCEditorViewController.h; sourceTree = "<group>"; };
		93C143F61FC5517C0006FB90 /* ZCEditorViewController.m */ = {isa = PBXFileReference; fileEncoding = 4; lastKnownFileType = sourcecode.c.objc; path = ZCEditorViewController.m; sourceTree = "<group>"; };
		93C143F91FC55D950006FB90 /* CALayer+YYAdd.h */ = {isa = PBXFileReference; fileEncoding = 4; lastKnownFileType = sourcecode.c.h; path = "CALayer+YYAdd.h"; sourceTree = "<group>"; };
		93C143FA1FC55D950006FB90 /* CALayer+YYAdd.m */ = {isa = PBXFileReference; fileEncoding = 4; lastKnownFileType = sourcecode.c.objc; path = "CALayer+YYAdd.m"; sourceTree = "<group>"; };
		93C143FB1FC55D950006FB90 /* NSBundle+YYAdd.h */ = {isa = PBXFileReference; fileEncoding = 4; lastKnownFileType = sourcecode.c.h; path = "NSBundle+YYAdd.h"; sourceTree = "<group>"; };
		93C143FC1FC55D950006FB90 /* NSBundle+YYAdd.m */ = {isa = PBXFileReference; fileEncoding = 4; lastKnownFileType = sourcecode.c.objc; path = "NSBundle+YYAdd.m"; sourceTree = "<group>"; };
		93C143FD1FC55D950006FB90 /* NSData+YYAdd.h */ = {isa = PBXFileReference; fileEncoding = 4; lastKnownFileType = sourcecode.c.h; path = "NSData+YYAdd.h"; sourceTree = "<group>"; };
		93C143FE1FC55D950006FB90 /* NSData+YYAdd.m */ = {isa = PBXFileReference; fileEncoding = 4; lastKnownFileType = sourcecode.c.objc; path = "NSData+YYAdd.m"; sourceTree = "<group>"; };
		93C143FF1FC55D950006FB90 /* NSString+YYAdd.h */ = {isa = PBXFileReference; fileEncoding = 4; lastKnownFileType = sourcecode.c.h; path = "NSString+YYAdd.h"; sourceTree = "<group>"; };
		93C144001FC55D950006FB90 /* NSString+YYAdd.m */ = {isa = PBXFileReference; fileEncoding = 4; lastKnownFileType = sourcecode.c.objc; path = "NSString+YYAdd.m"; sourceTree = "<group>"; };
		93C144011FC55D950006FB90 /* UIControl+YYAdd.h */ = {isa = PBXFileReference; fileEncoding = 4; lastKnownFileType = sourcecode.c.h; path = "UIControl+YYAdd.h"; sourceTree = "<group>"; };
		93C144021FC55D950006FB90 /* UIControl+YYAdd.m */ = {isa = PBXFileReference; fileEncoding = 4; lastKnownFileType = sourcecode.c.objc; path = "UIControl+YYAdd.m"; sourceTree = "<group>"; };
		93C144031FC55D950006FB90 /* UIGestureRecognizer+YYAdd.h */ = {isa = PBXFileReference; fileEncoding = 4; lastKnownFileType = sourcecode.c.h; path = "UIGestureRecognizer+YYAdd.h"; sourceTree = "<group>"; };
		93C144041FC55D950006FB90 /* UIGestureRecognizer+YYAdd.m */ = {isa = PBXFileReference; fileEncoding = 4; lastKnownFileType = sourcecode.c.objc; path = "UIGestureRecognizer+YYAdd.m"; sourceTree = "<group>"; };
		93C1440B1FC55E690006FB90 /* UIView+YYAdd.h */ = {isa = PBXFileReference; fileEncoding = 4; lastKnownFileType = sourcecode.c.h; path = "UIView+YYAdd.h"; sourceTree = "<group>"; };
		93C1440C1FC55E690006FB90 /* UIView+YYAdd.m */ = {isa = PBXFileReference; fileEncoding = 4; lastKnownFileType = sourcecode.c.objc; path = "UIView+YYAdd.m"; sourceTree = "<group>"; };
		93C1440E1FC570CB0006FB90 /* UIKit.framework */ = {isa = PBXFileReference; lastKnownFileType = wrapper.framework; name = UIKit.framework; path = System/Library/Frameworks/UIKit.framework; sourceTree = SDKROOT; };
		93C144101FC570D20006FB90 /* CoreFoundation.framework */ = {isa = PBXFileReference; lastKnownFileType = wrapper.framework; name = CoreFoundation.framework; path = System/Library/Frameworks/CoreFoundation.framework; sourceTree = SDKROOT; };
		93C144121FC570D80006FB90 /* CoreText.framework */ = {isa = PBXFileReference; lastKnownFileType = wrapper.framework; name = CoreText.framework; path = System/Library/Frameworks/CoreText.framework; sourceTree = SDKROOT; };
		93C144141FC570DD0006FB90 /* QuartzCore.framework */ = {isa = PBXFileReference; lastKnownFileType = wrapper.framework; name = QuartzCore.framework; path = System/Library/Frameworks/QuartzCore.framework; sourceTree = SDKROOT; };
		93C144161FC570E30006FB90 /* Accelerate.framework */ = {isa = PBXFileReference; lastKnownFileType = wrapper.framework; name = Accelerate.framework; path = System/Library/Frameworks/Accelerate.framework; sourceTree = SDKROOT; };
		93C144181FC570E90006FB90 /* MobileCoreServices.framework */ = {isa = PBXFileReference; lastKnownFileType = wrapper.framework; name = MobileCoreServices.framework; path = System/Library/Frameworks/MobileCoreServices.framework; sourceTree = SDKROOT; };
		93C1441A1FC579790006FB90 /* ZCBaseView.h */ = {isa = PBXFileReference; fileEncoding = 4; lastKnownFileType = sourcecode.c.h; path = ZCBaseView.h; sourceTree = "<group>"; };
		93C1441B1FC579790006FB90 /* ZCBaseView.m */ = {isa = PBXFileReference; fileEncoding = 4; lastKnownFileType = sourcecode.c.objc; path = ZCBaseView.m; sourceTree = "<group>"; };
		93C1441D1FC57B120006FB90 /* ZCInputToolView.h */ = {isa = PBXFileReference; fileEncoding = 4; lastKnownFileType = sourcecode.c.h; path = ZCInputToolView.h; sourceTree = "<group>"; };
		93C1441E1FC57B120006FB90 /* ZCInputToolView.m */ = {isa = PBXFileReference; fileEncoding = 4; lastKnownFileType = sourcecode.c.objc; path = ZCInputToolView.m; sourceTree = "<group>"; };
		93C144221FC596030006FB90 /* icon24app.ttf */ = {isa = PBXFileReference; lastKnownFileType = file; path = icon24app.ttf; sourceTree = "<group>"; };
		93C144311FC59BB80006FB90 /* ZCBaseModel.h */ = {isa = PBXFileReference; fileEncoding = 4; lastKnownFileType = sourcecode.c.h; path = ZCBaseModel.h; sourceTree = "<group>"; };
		93C144321FC59BB80006FB90 /* ZCBaseModel.m */ = {isa = PBXFileReference; fileEncoding = 4; lastKnownFileType = sourcecode.c.objc; path = ZCBaseModel.m; sourceTree = "<group>"; };
		93C144381FC5A7FA0006FB90 /* UIImage+ZCCate.h */ = {isa = PBXFileReference; fileEncoding = 4; lastKnownFileType = sourcecode.c.h; path = "UIImage+ZCCate.h"; sourceTree = "<group>"; };
		93C144391FC5A7FA0006FB90 /* UIImage+ZCCate.m */ = {isa = PBXFileReference; fileEncoding = 4; lastKnownFileType = sourcecode.c.objc; path = "UIImage+ZCCate.m"; sourceTree = "<group>"; };
		93C1443D1FC5B72A0006FB90 /* Raleway-Medium.ttf */ = {isa = PBXFileReference; lastKnownFileType = file; path = "Raleway-Medium.ttf"; sourceTree = "<group>"; };
		93C1443E1FC5B72A0006FB90 /* Raleway-Regular.ttf */ = {isa = PBXFileReference; lastKnownFileType = file; path = "Raleway-Regular.ttf"; sourceTree = "<group>"; };
		93C144441FC5D2F70006FB90 /* Muli-SemiBold.ttf */ = {isa = PBXFileReference; lastKnownFileType = file; path = "Muli-SemiBold.ttf"; sourceTree = "<group>"; };
		93C1445F1FC6656F0006FB90 /* PrefixHeader.pch */ = {isa = PBXFileReference; lastKnownFileType = sourcecode.c.h; path = PrefixHeader.pch; sourceTree = "<group>"; };
		93C144661FC66FB60006FB90 /* ZCConstant.h */ = {isa = PBXFileReference; fileEncoding = 4; lastKnownFileType = sourcecode.c.h; path = ZCConstant.h; sourceTree = "<group>"; };
		93C144671FC66FB60006FB90 /* ZCConstant.m */ = {isa = PBXFileReference; fileEncoding = 4; lastKnownFileType = sourcecode.c.objc; path = ZCConstant.m; sourceTree = "<group>"; };
		93C144711FC6C4900006FB90 /* ZCAsset.h */ = {isa = PBXFileReference; fileEncoding = 4; lastKnownFileType = sourcecode.c.h; path = ZCAsset.h; sourceTree = "<group>"; };
		93C144721FC6C4900006FB90 /* ZCAsset.m */ = {isa = PBXFileReference; fileEncoding = 4; lastKnownFileType = sourcecode.c.objc; path = ZCAsset.m; sourceTree = "<group>"; };
		93C144741FC6C4AD0006FB90 /* ZCAssetsGroup.h */ = {isa = PBXFileReference; fileEncoding = 4; lastKnownFileType = sourcecode.c.h; path = ZCAssetsGroup.h; sourceTree = "<group>"; };
		93C144751FC6C4AD0006FB90 /* ZCAssetsGroup.m */ = {isa = PBXFileReference; fileEncoding = 4; lastKnownFileType = sourcecode.c.objc; path = ZCAssetsGroup.m; sourceTree = "<group>"; };
		93C144771FC6C4BD0006FB90 /* ZCAssetsManager.h */ = {isa = PBXFileReference; fileEncoding = 4; lastKnownFileType = sourcecode.c.h; path = ZCAssetsManager.h; sourceTree = "<group>"; };
		93C144781FC6C4BD0006FB90 /* ZCAssetsManager.m */ = {isa = PBXFileReference; fileEncoding = 4; lastKnownFileType = sourcecode.c.objc; path = ZCAssetsManager.m; sourceTree = "<group>"; };
		93C1447C1FC6D04B0006FB90 /* ZCImagePickerViewController.h */ = {isa = PBXFileReference; fileEncoding = 4; lastKnownFileType = sourcecode.c.h; path = ZCImagePickerViewController.h; sourceTree = "<group>"; };
		93C1447D1FC6D04B0006FB90 /* ZCImagePickerViewController.m */ = {isa = PBXFileReference; fileEncoding = 4; lastKnownFileType = sourcecode.c.objc; path = ZCImagePickerViewController.m; sourceTree = "<group>"; };
		93C1447F1FC6D5520006FB90 /* ZCImagePickerCollectionViewCell.h */ = {isa = PBXFileReference; fileEncoding = 4; lastKnownFileType = sourcecode.c.h; path = ZCImagePickerCollectionViewCell.h; sourceTree = "<group>"; };
		93C144801FC6D5520006FB90 /* ZCImagePickerCollectionViewCell.m */ = {isa = PBXFileReference; fileEncoding = 4; lastKnownFileType = sourcecode.c.objc; path = ZCImagePickerCollectionViewCell.m; sourceTree = "<group>"; };
		93C144821FC6E38B0006FB90 /* UIControl+ZCCate.h */ = {isa = PBXFileReference; fileEncoding = 4; lastKnownFileType = sourcecode.c.h; path = "UIControl+ZCCate.h"; sourceTree = "<group>"; };
		93C144831FC6E38B0006FB90 /* UIControl+ZCCate.m */ = {isa = PBXFileReference; fileEncoding = 4; lastKnownFileType = sourcecode.c.objc; path = "UIControl+ZCCate.m"; sourceTree = "<group>"; };
		93C144851FC6E5EC0006FB90 /* CALayer+ZCCate.h */ = {isa = PBXFileReference; fileEncoding = 4; lastKnownFileType = sourcecode.c.h; path = "CALayer+ZCCate.h"; sourceTree = "<group>"; };
		93C144861FC6E5EC0006FB90 /* CALayer+ZCCate.m */ = {isa = PBXFileReference; fileEncoding = 4; lastKnownFileType = sourcecode.c.objc; path = "CALayer+ZCCate.m"; sourceTree = "<group>"; };
		93C144891FC6EB4E0006FB90 /* CommonDefines.h */ = {isa = PBXFileReference; fileEncoding = 4; lastKnownFileType = sourcecode.c.h; path = CommonDefines.h; sourceTree = "<group>"; };
		93C1448A1FC6EE960006FB90 /* ZCImagePickerHelper.h */ = {isa = PBXFileReference; fileEncoding = 4; lastKnownFileType = sourcecode.c.h; path = ZCImagePickerHelper.h; sourceTree = "<group>"; };
		93C1448B1FC6EE960006FB90 /* ZCImagePickerHelper.m */ = {isa = PBXFileReference; fileEncoding = 4; lastKnownFileType = sourcecode.c.objc; path = ZCImagePickerHelper.m; sourceTree = "<group>"; };
		93C1448D1FC6F72E0006FB90 /* UICollectionView+ZCCate.h */ = {isa = PBXFileReference; fileEncoding = 4; lastKnownFileType = sourcecode.c.h; path = "UICollectionView+ZCCate.h"; sourceTree = "<group>"; };
		93C1448E1FC6F72E0006FB90 /* UICollectionView+ZCCate.m */ = {isa = PBXFileReference; fileEncoding = 4; lastKnownFileType = sourcecode.c.objc; path = "UICollectionView+ZCCate.m"; sourceTree = "<group>"; };
		93C144901FC6FE150006FB90 /* ZCImagePickerPreviewViewController.h */ = {isa = PBXFileReference; fileEncoding = 4; lastKnownFileType = sourcecode.c.h; path = ZCImagePickerPreviewViewController.h; sourceTree = "<group>"; };
		93C144911FC6FE150006FB90 /* ZCImagePickerPreviewViewController.m */ = {isa = PBXFileReference; fileEncoding = 4; lastKnownFileType = sourcecode.c.objc; path = ZCImagePickerPreviewViewController.m; sourceTree = "<group>"; };
		93C144931FC6FF9E0006FB90 /* ZCImagePreviewViewController.h */ = {isa = PBXFileReference; fileEncoding = 4; lastKnownFileType = sourcecode.c.h; path = ZCImagePreviewViewController.h; sourceTree = "<group>"; };
		93C144941FC6FF9E0006FB90 /* ZCImagePreviewViewController.m */ = {isa = PBXFileReference; fileEncoding = 4; lastKnownFileType = sourcecode.c.objc; path = ZCImagePreviewViewController.m; sourceTree = "<group>"; };
		93C144961FC702050006FB90 /* ZCImagePreviewView.h */ = {isa = PBXFileReference; fileEncoding = 4; lastKnownFileType = sourcecode.c.h; path = ZCImagePreviewView.h; sourceTree = "<group>"; };
		93C144971FC702050006FB90 /* ZCImagePreviewView.m */ = {isa = PBXFileReference; fileEncoding = 4; lastKnownFileType = sourcecode.c.objc; path = ZCImagePreviewView.m; sourceTree = "<group>"; };
		93C144991FC702C40006FB90 /* ZCZoomImageView.h */ = {isa = PBXFileReference; fileEncoding = 4; lastKnownFileType = sourcecode.c.h; path = ZCZoomImageView.h; sourceTree = "<group>"; };
		93C1449A1FC702C40006FB90 /* ZCZoomImageView.m */ = {isa = PBXFileReference; fileEncoding = 4; lastKnownFileType = sourcecode.c.objc; path = ZCZoomImageView.m; sourceTree = "<group>"; };
		93C1449C1FC7042A0006FB90 /* ZCCollectionViewPagingLayout.h */ = {isa = PBXFileReference; fileEncoding = 4; lastKnownFileType = sourcecode.c.h; path = ZCCollectionViewPagingLayout.h; sourceTree = "<group>"; };
		93C1449D1FC7042A0006FB90 /* ZCCollectionViewPagingLayout.m */ = {isa = PBXFileReference; fileEncoding = 4; lastKnownFileType = sourcecode.c.objc; path = ZCCollectionViewPagingLayout.m; sourceTree = "<group>"; };
		93C1449F1FC70A490006FB90 /* UILabel+ZCCate.h */ = {isa = PBXFileReference; fileEncoding = 4; lastKnownFileType = sourcecode.c.h; path = "UILabel+ZCCate.h"; sourceTree = "<group>"; };
		93C144A01FC70A490006FB90 /* UILabel+ZCCate.m */ = {isa = PBXFileReference; fileEncoding = 4; lastKnownFileType = sourcecode.c.objc; path = "UILabel+ZCCate.m"; sourceTree = "<group>"; };
		93C144A21FC70AA00006FB90 /* NSObject+ZCCate.h */ = {isa = PBXFileReference; fileEncoding = 4; lastKnownFileType = sourcecode.c.h; path = "NSObject+ZCCate.h"; sourceTree = "<group>"; };
		93C144A31FC70AA00006FB90 /* NSObject+ZCCate.m */ = {isa = PBXFileReference; fileEncoding = 4; lastKnownFileType = sourcecode.c.objc; path = "NSObject+ZCCate.m"; sourceTree = "<group>"; };
		93C144D91FC7AC0E0006FB90 /* UIView+ZCCate.h */ = {isa = PBXFileReference; fileEncoding = 4; lastKnownFileType = sourcecode.c.h; path = "UIView+ZCCate.h"; sourceTree = "<group>"; };
		93C144DA1FC7AC0E0006FB90 /* UIView+ZCCate.m */ = {isa = PBXFileReference; fileEncoding = 4; lastKnownFileType = sourcecode.c.objc; path = "UIView+ZCCate.m"; sourceTree = "<group>"; };
		93C144DC1FC7ADA90006FB90 /* ZCHelper.h */ = {isa = PBXFileReference; fileEncoding = 4; lastKnownFileType = sourcecode.c.h; path = ZCHelper.h; sourceTree = "<group>"; };
		93C144DD1FC7ADA90006FB90 /* ZCHelper.m */ = {isa = PBXFileReference; fileEncoding = 4; lastKnownFileType = sourcecode.c.objc; path = ZCHelper.m; sourceTree = "<group>"; };
		EF3D4C9F21CB708B2A091D47 /* Pods-24EditorDemo.release.xcconfig */ = {isa = PBXFileReference; includeInIndex = 1; lastKnownFileType = text.xcconfig; name = "Pods-24EditorDemo.release.xcconfig"; path = "Pods/Target Support Files/Pods-24EditorDemo/Pods-24EditorDemo.release.xcconfig"; sourceTree = "<group>"; };
		FF41CCCE21E3C1A793C23BB6 /* libPods-24EditorDemo.a */ = {isa = PBXFileReference; explicitFileType = archive.ar; includeInIndex = 0; path = "libPods-24EditorDemo.a"; sourceTree = BUILT_PRODUCTS_DIR; };
/* End PBXFileReference section */

/* Begin PBXFrameworksBuildPhase section */
		93C143B11FC547D00006FB90 /* Frameworks */ = {
			isa = PBXFrameworksBuildPhase;
			buildActionMask = 2147483647;
			files = (
				93C144191FC570E90006FB90 /* MobileCoreServices.framework in Frameworks */,
				93C144171FC570E30006FB90 /* Accelerate.framework in Frameworks */,
				93C144151FC570DD0006FB90 /* QuartzCore.framework in Frameworks */,
				93C144131FC570D80006FB90 /* CoreText.framework in Frameworks */,
				93C144111FC570D20006FB90 /* CoreFoundation.framework in Frameworks */,
				93C1440F1FC570CB0006FB90 /* UIKit.framework in Frameworks */,
				3EAC1B88DBA7C5A860E5F821 /* libPods-24EditorDemo.a in Frameworks */,
			);
			runOnlyForDeploymentPostprocessing = 0;
		};
/* End PBXFrameworksBuildPhase section */

/* Begin PBXGroup section */
		93C143AB1FC547D00006FB90 = {
			isa = PBXGroup;
			children = (
				93C143B61FC547D00006FB90 /* 24EditorDemo */,
				93C143B51FC547D00006FB90 /* Products */,
				CF8B05295385C7F412B2B635 /* Pods */,
				E5885416B54D66E5FF6B27A4 /* Frameworks */,
			);
			sourceTree = "<group>";
		};
		93C143B51FC547D00006FB90 /* Products */ = {
			isa = PBXGroup;
			children = (
				93C143B41FC547D00006FB90 /* 24EditorDemo.app */,
			);
			name = Products;
			sourceTree = "<group>";
		};
		93C143B61FC547D00006FB90 /* 24EditorDemo */ = {
			isa = PBXGroup;
			children = (
				93C143D11FC54DB30006FB90 /* AppEntry */,
				93C143E01FC54DC00006FB90 /* Feature */,
				93C1447A1FC6D0300006FB90 /* Compent */,
				93C143DD1FC54DBC0006FB90 /* Config */,
				93C1446F1FC6C42D0006FB90 /* Utils */,
				93C143F81FC55D950006FB90 /* Supporting Files */,
				93C144201FC596030006FB90 /* Resource */,
				93C143C61FC547D00006FB90 /* Assets.xcassets */,
				93C143C31FC547D00006FB90 /* _4EditorDemo.xcdatamodeld */,
			);
			path = 24EditorDemo;
			sourceTree = "<group>";
		};
		93C143D11FC54DB30006FB90 /* AppEntry */ = {
			isa = PBXGroup;
			children = (
				93C143D21FC54DB30006FB90 /* AppDelegate.h */,
				93C143D31FC54DB30006FB90 /* AppDelegate.m */,
				93C143D41FC54DB30006FB90 /* LaunchScreen.storyboard */,
				93C143D61FC54DB30006FB90 /* Main.storyboard */,
				93C143D81FC54DB30006FB90 /* main.m */,
			);
			path = AppEntry;
			sourceTree = "<group>";
		};
		93C143DD1FC54DBC0006FB90 /* Config */ = {
			isa = PBXGroup;
			children = (
				93C143DE1FC54DBC0006FB90 /* Info.plist */,
				93C1445F1FC6656F0006FB90 /* PrefixHeader.pch */,
				93C144661FC66FB60006FB90 /* ZCConstant.h */,
				93C144671FC66FB60006FB90 /* ZCConstant.m */,
				93C144891FC6EB4E0006FB90 /* CommonDefines.h */,
				93C144DC1FC7ADA90006FB90 /* ZCHelper.h */,
				93C144DD1FC7ADA90006FB90 /* ZCHelper.m */,
			);
			path = Config;
			sourceTree = "<group>";
		};
		93C143E01FC54DC00006FB90 /* Feature */ = {
			isa = PBXGroup;
			children = (
				93C143E81FC54EB80006FB90 /* Base */,
				93C143E11FC54DC00006FB90 /* Editor */,
			);
			path = Feature;
			sourceTree = "<group>";
		};
		93C143E11FC54DC00006FB90 /* Editor */ = {
			isa = PBXGroup;
			children = (
				93C143E41FC54DC00006FB90 /* ViewController */,
				93C143E31FC54DC00006FB90 /* View */,
				93C143E21FC54DC00006FB90 /* Model */,
			);
			path = Editor;
			sourceTree = "<group>";
		};
		93C143E21FC54DC00006FB90 /* Model */ = {
			isa = PBXGroup;
			children = (
			);
			path = Model;
			sourceTree = "<group>";
		};
		93C143E31FC54DC00006FB90 /* View */ = {
			isa = PBXGroup;
			children = (
				93C1441D1FC57B120006FB90 /* ZCInputToolView.h */,
				93C1441E1FC57B120006FB90 /* ZCInputToolView.m */,
				9369B3341FCA620E005ED1D7 /* ZCAlbumView.h */,
				9369B3351FCA620E005ED1D7 /* ZCAlbumView.m */,
			);
			path = View;
			sourceTree = "<group>";
		};
		93C143E41FC54DC00006FB90 /* ViewController */ = {
			isa = PBXGroup;
			children = (
				93C143F51FC5517C0006FB90 /* ZCEditorViewController.h */,
				93C143F61FC5517C0006FB90 /* ZCEditorViewController.m */,
				9369B3081FC9A192005ED1D7 /* ZCAlbumViewController.h */,
				9369B3091FC9A192005ED1D7 /* ZCAlbumViewController.m */,
			);
			path = ViewController;
			sourceTree = "<group>";
		};
		93C143E81FC54EB80006FB90 /* Base */ = {
			isa = PBXGroup;
			children = (
				93C143EF1FC550530006FB90 /* ZCBaseViewController.h */,
				93C143F01FC550530006FB90 /* ZCBaseViewController.m */,
				93C1441A1FC579790006FB90 /* ZCBaseView.h */,
				93C1441B1FC579790006FB90 /* ZCBaseView.m */,
				93C144311FC59BB80006FB90 /* ZCBaseModel.h */,
				93C144321FC59BB80006FB90 /* ZCBaseModel.m */,
			);
			path = Base;
			sourceTree = "<group>";
		};
		93C143F81FC55D950006FB90 /* Supporting Files */ = {
			isa = PBXGroup;
			children = (
				93C144341FC5A76F0006FB90 /* IconFont */,
				93C1440B1FC55E690006FB90 /* UIView+YYAdd.h */,
				93C1440C1FC55E690006FB90 /* UIView+YYAdd.m */,
				93C143F91FC55D950006FB90 /* CALayer+YYAdd.h */,
				93C143FA1FC55D950006FB90 /* CALayer+YYAdd.m */,
				93C143FB1FC55D950006FB90 /* NSBundle+YYAdd.h */,
				93C143FC1FC55D950006FB90 /* NSBundle+YYAdd.m */,
				93C143FD1FC55D950006FB90 /* NSData+YYAdd.h */,
				93C143FE1FC55D950006FB90 /* NSData+YYAdd.m */,
				93C143FF1FC55D950006FB90 /* NSString+YYAdd.h */,
				93C144001FC55D950006FB90 /* NSString+YYAdd.m */,
				93C144011FC55D950006FB90 /* UIControl+YYAdd.h */,
				93C144021FC55D950006FB90 /* UIControl+YYAdd.m */,
				93C144031FC55D950006FB90 /* UIGestureRecognizer+YYAdd.h */,
				93C144041FC55D950006FB90 /* UIGestureRecognizer+YYAdd.m */,
				93C144821FC6E38B0006FB90 /* UIControl+ZCCate.h */,
				93C144831FC6E38B0006FB90 /* UIControl+ZCCate.m */,
				93C144851FC6E5EC0006FB90 /* CALayer+ZCCate.h */,
				93C144861FC6E5EC0006FB90 /* CALayer+ZCCate.m */,
				93C1448D1FC6F72E0006FB90 /* UICollectionView+ZCCate.h */,
				93C1448E1FC6F72E0006FB90 /* UICollectionView+ZCCate.m */,
				93C1449F1FC70A490006FB90 /* UILabel+ZCCate.h */,
				93C144A01FC70A490006FB90 /* UILabel+ZCCate.m */,
				93C144A21FC70AA00006FB90 /* NSObject+ZCCate.h */,
				93C144A31FC70AA00006FB90 /* NSObject+ZCCate.m */,
				93C144D91FC7AC0E0006FB90 /* UIView+ZCCate.h */,
				93C144DA1FC7AC0E0006FB90 /* UIView+ZCCate.m */,
			);
			path = "Supporting Files";
			sourceTree = "<group>";
		};
		93C144201FC596030006FB90 /* Resource */ = {
			isa = PBXGroup;
			children = (
				93C1443C1FC5B72A0006FB90 /* Font */,
				93C144211FC596030006FB90 /* IconFont */,
			);
			path = Resource;
			sourceTree = "<group>";
		};
		93C144211FC596030006FB90 /* IconFont */ = {
			isa = PBXGroup;
			children = (
				93C144221FC596030006FB90 /* icon24app.ttf */,
			);
			path = IconFont;
			sourceTree = "<group>";
		};
		93C144341FC5A76F0006FB90 /* IconFont */ = {
			isa = PBXGroup;
			children = (
				93C144381FC5A7FA0006FB90 /* UIImage+ZCCate.h */,
				93C144391FC5A7FA0006FB90 /* UIImage+ZCCate.m */,
			);
			path = IconFont;
			sourceTree = "<group>";
		};
		93C1443C1FC5B72A0006FB90 /* Font */ = {
			isa = PBXGroup;
			children = (
				93C144441FC5D2F70006FB90 /* Muli-SemiBold.ttf */,
				93C1443D1FC5B72A0006FB90 /* Raleway-Medium.ttf */,
				93C1443E1FC5B72A0006FB90 /* Raleway-Regular.ttf */,
			);
			path = Font;
			sourceTree = "<group>";
		};
		93C1446F1FC6C42D0006FB90 /* Utils */ = {
			isa = PBXGroup;
			children = (
				93C144701FC6C42D0006FB90 /* AssetManager */,
			);
			path = Utils;
			sourceTree = "<group>";
		};
		93C144701FC6C42D0006FB90 /* AssetManager */ = {
			isa = PBXGroup;
			children = (
				93C144711FC6C4900006FB90 /* ZCAsset.h */,
				93C144721FC6C4900006FB90 /* ZCAsset.m */,
				93C144741FC6C4AD0006FB90 /* ZCAssetsGroup.h */,
				93C144751FC6C4AD0006FB90 /* ZCAssetsGroup.m */,
				93C144771FC6C4BD0006FB90 /* ZCAssetsManager.h */,
				93C144781FC6C4BD0006FB90 /* ZCAssetsManager.m */,
			);
			name = AssetManager;
			path = PhotoManager;
			sourceTree = "<group>";
		};
		93C1447A1FC6D0300006FB90 /* Compent */ = {
			isa = PBXGroup;
			children = (
				93C1447B1FC6D0300006FB90 /* ImagePicker */,
			);
			path = Compent;
			sourceTree = "<group>";
		};
		93C1447B1FC6D0300006FB90 /* ImagePicker */ = {
			isa = PBXGroup;
			children = (
				93C1447C1FC6D04B0006FB90 /* ZCImagePickerViewController.h */,
				93C1447D1FC6D04B0006FB90 /* ZCImagePickerViewController.m */,
				93C1447F1FC6D5520006FB90 /* ZCImagePickerCollectionViewCell.h */,
				93C144801FC6D5520006FB90 /* ZCImagePickerCollectionViewCell.m */,
				93C1448A1FC6EE960006FB90 /* ZCImagePickerHelper.h */,
				93C1448B1FC6EE960006FB90 /* ZCImagePickerHelper.m */,
				93C144901FC6FE150006FB90 /* ZCImagePickerPreviewViewController.h */,
				93C144911FC6FE150006FB90 /* ZCImagePickerPreviewViewController.m */,
				93C144931FC6FF9E0006FB90 /* ZCImagePreviewViewController.h */,
				93C144941FC6FF9E0006FB90 /* ZCImagePreviewViewController.m */,
				93C144961FC702050006FB90 /* ZCImagePreviewView.h */,
				93C144971FC702050006FB90 /* ZCImagePreviewView.m */,
				93C144991FC702C40006FB90 /* ZCZoomImageView.h */,
				93C1449A1FC702C40006FB90 /* ZCZoomImageView.m */,
				93C1449C1FC7042A0006FB90 /* ZCCollectionViewPagingLayout.h */,
				93C1449D1FC7042A0006FB90 /* ZCCollectionViewPagingLayout.m */,
				9369B3051FC93DCD005ED1D7 /* ZCImagePickerNoneCollectionViewCell.h */,
				9369B3061FC93DCD005ED1D7 /* ZCImagePickerNoneCollectionViewCell.m */,
			);
			path = ImagePicker;
			sourceTree = "<group>";
		};
		CF8B05295385C7F412B2B635 /* Pods */ = {
			isa = PBXGroup;
			children = (
				25CD7A04455561CED0A1AE43 /* Pods-24EditorDemo.debug.xcconfig */,
				EF3D4C9F21CB708B2A091D47 /* Pods-24EditorDemo.release.xcconfig */,
			);
			name = Pods;
			sourceTree = "<group>";
		};
		E5885416B54D66E5FF6B27A4 /* Frameworks */ = {
			isa = PBXGroup;
			children = (
				93C144181FC570E90006FB90 /* MobileCoreServices.framework */,
				93C144161FC570E30006FB90 /* Accelerate.framework */,
				93C144141FC570DD0006FB90 /* QuartzCore.framework */,
				93C144121FC570D80006FB90 /* CoreText.framework */,
				93C144101FC570D20006FB90 /* CoreFoundation.framework */,
				93C1440E1FC570CB0006FB90 /* UIKit.framework */,
				FF41CCCE21E3C1A793C23BB6 /* libPods-24EditorDemo.a */,
			);
			name = Frameworks;
			sourceTree = "<group>";
		};
/* End PBXGroup section */

/* Begin PBXNativeTarget section */
		93C143B31FC547D00006FB90 /* 24EditorDemo */ = {
			isa = PBXNativeTarget;
			buildConfigurationList = 93C143CE1FC547D00006FB90 /* Build configuration list for PBXNativeTarget "24EditorDemo" */;
			buildPhases = (
				6D9A64A442F1D84BEF17919A /* [CP] Check Pods Manifest.lock */,
				93C143B01FC547D00006FB90 /* Sources */,
				93C143B11FC547D00006FB90 /* Frameworks */,
				93C143B21FC547D00006FB90 /* Resources */,
				76EFC5B2FB157E436DECC1A0 /* [CP] Embed Pods Frameworks */,
				2A3CED8F48FF8593384A0D2F /* [CP] Copy Pods Resources */,
			);
			buildRules = (
			);
			dependencies = (
			);
			name = 24EditorDemo;
			productName = 24EditorDemo;
			productReference = 93C143B41FC547D00006FB90 /* 24EditorDemo.app */;
			productType = "com.apple.product-type.application";
		};
/* End PBXNativeTarget section */

/* Begin PBXProject section */
		93C143AC1FC547D00006FB90 /* Project object */ = {
			isa = PBXProject;
			attributes = {
				CLASSPREFIX = ZC;
				LastUpgradeCheck = 0820;
				ORGANIZATIONNAME = personal;
				TargetAttributes = {
					93C143B31FC547D00006FB90 = {
						CreatedOnToolsVersion = 8.2.1;
						DevelopmentTeam = PX2JJM7RG8;
						ProvisioningStyle = Automatic;
					};
				};
			};
			buildConfigurationList = 93C143AF1FC547D00006FB90 /* Build configuration list for PBXProject "24EditorDemo" */;
			compatibilityVersion = "Xcode 3.2";
			developmentRegion = English;
			hasScannedForEncodings = 0;
			knownRegions = (
				en,
				Base,
			);
			mainGroup = 93C143AB1FC547D00006FB90;
			productRefGroup = 93C143B51FC547D00006FB90 /* Products */;
			projectDirPath = "";
			projectRoot = "";
			targets = (
				93C143B31FC547D00006FB90 /* 24EditorDemo */,
			);
		};
/* End PBXProject section */

/* Begin PBXResourcesBuildPhase section */
		93C143B21FC547D00006FB90 /* Resources */ = {
			isa = PBXResourcesBuildPhase;
			buildActionMask = 2147483647;
			files = (
				93C144451FC5D2F70006FB90 /* Muli-SemiBold.ttf in Resources */,
				93C143DF1FC54DBC0006FB90 /* Info.plist in Resources */,
				93C1443F1FC5B72A0006FB90 /* Raleway-Medium.ttf in Resources */,
				93C143DB1FC54DB30006FB90 /* Main.storyboard in Resources */,
				93C144401FC5B72A0006FB90 /* Raleway-Regular.ttf in Resources */,
				93C143C71FC547D00006FB90 /* Assets.xcassets in Resources */,
				93C144231FC596030006FB90 /* icon24app.ttf in Resources */,
				93C143DA1FC54DB30006FB90 /* LaunchScreen.storyboard in Resources */,
			);
			runOnlyForDeploymentPostprocessing = 0;
		};
/* End PBXResourcesBuildPhase section */

/* Begin PBXShellScriptBuildPhase section */
		2A3CED8F48FF8593384A0D2F /* [CP] Copy Pods Resources */ = {
			isa = PBXShellScriptBuildPhase;
			buildActionMask = 2147483647;
			files = (
			);
			inputPaths = (
			);
			name = "[CP] Copy Pods Resources";
			outputPaths = (
			);
			runOnlyForDeploymentPostprocessing = 0;
			shellPath = /bin/sh;
			shellScript = "\"${SRCROOT}/Pods/Target Support Files/Pods-24EditorDemo/Pods-24EditorDemo-resources.sh\"\n";
			showEnvVarsInLog = 0;
		};
		6D9A64A442F1D84BEF17919A /* [CP] Check Pods Manifest.lock */ = {
			isa = PBXShellScriptBuildPhase;
			buildActionMask = 2147483647;
			files = (
			);
			inputPaths = (
			);
			name = "[CP] Check Pods Manifest.lock";
			outputPaths = (
			);
			runOnlyForDeploymentPostprocessing = 0;
			shellPath = /bin/sh;
			shellScript = "diff \"${PODS_PODFILE_DIR_PATH}/Podfile.lock\" \"${PODS_ROOT}/Manifest.lock\" > /dev/null\nif [ $? != 0 ] ; then\n    # print error to STDERR\n    echo \"error: The sandbox is not in sync with the Podfile.lock. Run 'pod install' or update your CocoaPods installation.\" >&2\n    exit 1\nfi\n";
			showEnvVarsInLog = 0;
		};
		76EFC5B2FB157E436DECC1A0 /* [CP] Embed Pods Frameworks */ = {
			isa = PBXShellScriptBuildPhase;
			buildActionMask = 2147483647;
			files = (
			);
			inputPaths = (
			);
			name = "[CP] Embed Pods Frameworks";
			outputPaths = (
			);
			runOnlyForDeploymentPostprocessing = 0;
			shellPath = /bin/sh;
			shellScript = "\"${SRCROOT}/Pods/Target Support Files/Pods-24EditorDemo/Pods-24EditorDemo-frameworks.sh\"\n";
			showEnvVarsInLog = 0;
		};
/* End PBXShellScriptBuildPhase section */

/* Begin PBXSourcesBuildPhase section */
		93C143B01FC547D00006FB90 /* Sources */ = {
			isa = PBXSourcesBuildPhase;
			buildActionMask = 2147483647;
			files = (
				93C1448F1FC6F72E0006FB90 /* UICollectionView+ZCCate.m in Sources */,
				93C144061FC55D950006FB90 /* NSBundle+YYAdd.m in Sources */,
				93C1443A1FC5A7FA0006FB90 /* UIImage+ZCCate.m in Sources */,
				9369B3361FCA620E005ED1D7 /* ZCAlbumView.m in Sources */,
				93C143F11FC550530006FB90 /* ZCBaseViewController.m in Sources */,
				93C144DB1FC7AC0E0006FB90 /* UIView+ZCCate.m in Sources */,
				93C144081FC55D950006FB90 /* NSString+YYAdd.m in Sources */,
				93C144681FC66FB60006FB90 /* ZCConstant.m in Sources */,
				93C144921FC6FE150006FB90 /* ZCImagePickerPreviewViewController.m in Sources */,
				93C144811FC6D5520006FB90 /* ZCImagePickerCollectionViewCell.m in Sources */,
				93C144A41FC70AA00006FB90 /* NSObject+ZCCate.m in Sources */,
				9369B30A1FC9A192005ED1D7 /* ZCAlbumViewController.m in Sources */,
				93C144071FC55D950006FB90 /* NSData+YYAdd.m in Sources */,
				93C1448C1FC6EE960006FB90 /* ZCImagePickerHelper.m in Sources */,
				93C144791FC6C4BD0006FB90 /* ZCAssetsManager.m in Sources */,
				93C1441C1FC579790006FB90 /* ZCBaseView.m in Sources */,
				93C144DE1FC7ADA90006FB90 /* ZCHelper.m in Sources */,
				93C143D91FC54DB30006FB90 /* AppDelegate.m in Sources */,
				93C144091FC55D950006FB90 /* UIControl+YYAdd.m in Sources */,
				93C1447E1FC6D04B0006FB90 /* ZCImagePickerViewController.m in Sources */,
				93C143DC1FC54DB30006FB90 /* main.m in Sources */,
				93C1449E1FC7042A0006FB90 /* ZCCollectionViewPagingLayout.m in Sources */,
				93C144981FC702050006FB90 /* ZCImagePreviewView.m in Sources */,
				93C1441F1FC57B120006FB90 /* ZCInputToolView.m in Sources */,
				93C144951FC6FF9E0006FB90 /* ZCImagePreviewViewController.m in Sources */,
				93C144731FC6C4900006FB90 /* ZCAsset.m in Sources */,
				93C143F71FC5517C0006FB90 /* ZCEditorViewController.m in Sources */,
				93C144871FC6E5EC0006FB90 /* CALayer+ZCCate.m in Sources */,
				93C1449B1FC702C40006FB90 /* ZCZoomImageView.m in Sources */,
				93C144841FC6E38B0006FB90 /* UIControl+ZCCate.m in Sources */,
				93C1440D1FC55E690006FB90 /* UIView+YYAdd.m in Sources */,
				9369B3071FC93DCD005ED1D7 /* ZCImagePickerNoneCollectionViewCell.m in Sources */,
				93C144761FC6C4AD0006FB90 /* ZCAssetsGroup.m in Sources */,
				93C143C51FC547D00006FB90 /* _4EditorDemo.xcdatamodeld in Sources */,
				93C144051FC55D950006FB90 /* CALayer+YYAdd.m in Sources */,
				93C144331FC59BB80006FB90 /* ZCBaseModel.m in Sources */,
				93C1440A1FC55D950006FB90 /* UIGestureRecognizer+YYAdd.m in Sources */,
				93C144A11FC70A490006FB90 /* UILabel+ZCCate.m in Sources */,
			);
			runOnlyForDeploymentPostprocessing = 0;
		};
/* End PBXSourcesBuildPhase section */

/* Begin PBXVariantGroup section */
		93C143D41FC54DB30006FB90 /* LaunchScreen.storyboard */ = {
			isa = PBXVariantGroup;
			children = (
				93C143D51FC54DB30006FB90 /* Base */,
			);
			name = LaunchScreen.storyboard;
			sourceTree = "<group>";
		};
		93C143D61FC54DB30006FB90 /* Main.storyboard */ = {
			isa = PBXVariantGroup;
			children = (
				93C143D71FC54DB30006FB90 /* Base */,
			);
			name = Main.storyboard;
			sourceTree = "<group>";
		};
/* End PBXVariantGroup section */

/* Begin XCBuildConfiguration section */
		93C143CC1FC547D00006FB90 /* Debug */ = {
			isa = XCBuildConfiguration;
			buildSettings = {
				ALWAYS_SEARCH_USER_PATHS = NO;
				CLANG_ANALYZER_NONNULL = YES;
				CLANG_CXX_LANGUAGE_STANDARD = "gnu++0x";
				CLANG_CXX_LIBRARY = "libc++";
				CLANG_ENABLE_MODULES = YES;
				CLANG_ENABLE_OBJC_ARC = YES;
				CLANG_WARN_BOOL_CONVERSION = YES;
				CLANG_WARN_CONSTANT_CONVERSION = YES;
				CLANG_WARN_DIRECT_OBJC_ISA_USAGE = YES_ERROR;
				CLANG_WARN_DOCUMENTATION_COMMENTS = YES;
				CLANG_WARN_EMPTY_BODY = YES;
				CLANG_WARN_ENUM_CONVERSION = YES;
				CLANG_WARN_INFINITE_RECURSION = YES;
				CLANG_WARN_INT_CONVERSION = YES;
				CLANG_WARN_OBJC_ROOT_CLASS = YES_ERROR;
				CLANG_WARN_SUSPICIOUS_MOVE = YES;
				CLANG_WARN_UNREACHABLE_CODE = YES;
				CLANG_WARN__DUPLICATE_METHOD_MATCH = YES;
				"CODE_SIGN_IDENTITY[sdk=iphoneos*]" = "iPhone Developer";
				COPY_PHASE_STRIP = NO;
				DEBUG_INFORMATION_FORMAT = dwarf;
				ENABLE_STRICT_OBJC_MSGSEND = YES;
				ENABLE_TESTABILITY = YES;
				GCC_C_LANGUAGE_STANDARD = gnu99;
				GCC_DYNAMIC_NO_PIC = NO;
				GCC_NO_COMMON_BLOCKS = YES;
				GCC_OPTIMIZATION_LEVEL = 0;
				GCC_PREPROCESSOR_DEFINITIONS = (
					"DEBUG=1",
					"$(inherited)",
				);
				GCC_WARN_64_TO_32_BIT_CONVERSION = YES;
				GCC_WARN_ABOUT_RETURN_TYPE = YES_ERROR;
				GCC_WARN_UNDECLARED_SELECTOR = YES;
				GCC_WARN_UNINITIALIZED_AUTOS = YES_AGGRESSIVE;
				GCC_WARN_UNUSED_FUNCTION = YES;
				GCC_WARN_UNUSED_VARIABLE = YES;
				IPHONEOS_DEPLOYMENT_TARGET = 10.2;
				MTL_ENABLE_DEBUG_INFO = YES;
				ONLY_ACTIVE_ARCH = YES;
				SDKROOT = iphoneos;
			};
			name = Debug;
		};
		93C143CD1FC547D00006FB90 /* Release */ = {
			isa = XCBuildConfiguration;
			buildSettings = {
				ALWAYS_SEARCH_USER_PATHS = NO;
				CLANG_ANALYZER_NONNULL = YES;
				CLANG_CXX_LANGUAGE_STANDARD = "gnu++0x";
				CLANG_CXX_LIBRARY = "libc++";
				CLANG_ENABLE_MODULES = YES;
				CLANG_ENABLE_OBJC_ARC = YES;
				CLANG_WARN_BOOL_CONVERSION = YES;
				CLANG_WARN_CONSTANT_CONVERSION = YES;
				CLANG_WARN_DIRECT_OBJC_ISA_USAGE = YES_ERROR;
				CLANG_WARN_DOCUMENTATION_COMMENTS = YES;
				CLANG_WARN_EMPTY_BODY = YES;
				CLANG_WARN_ENUM_CONVERSION = YES;
				CLANG_WARN_INFINITE_RECURSION = YES;
				CLANG_WARN_INT_CONVERSION = YES;
				CLANG_WARN_OBJC_ROOT_CLASS = YES_ERROR;
				CLANG_WARN_SUSPICIOUS_MOVE = YES;
				CLANG_WARN_UNREACHABLE_CODE = YES;
				CLANG_WARN__DUPLICATE_METHOD_MATCH = YES;
				"CODE_SIGN_IDENTITY[sdk=iphoneos*]" = "iPhone Developer";
				COPY_PHASE_STRIP = NO;
				DEBUG_INFORMATION_FORMAT = "dwarf-with-dsym";
				ENABLE_NS_ASSERTIONS = NO;
				ENABLE_STRICT_OBJC_MSGSEND = YES;
				GCC_C_LANGUAGE_STANDARD = gnu99;
				GCC_NO_COMMON_BLOCKS = YES;
				GCC_WARN_64_TO_32_BIT_CONVERSION = YES;
				GCC_WARN_ABOUT_RETURN_TYPE = YES_ERROR;
				GCC_WARN_UNDECLARED_SELECTOR = YES;
				GCC_WARN_UNINITIALIZED_AUTOS = YES_AGGRESSIVE;
				GCC_WARN_UNUSED_FUNCTION = YES;
				GCC_WARN_UNUSED_VARIABLE = YES;
				IPHONEOS_DEPLOYMENT_TARGET = 10.2;
				MTL_ENABLE_DEBUG_INFO = NO;
				SDKROOT = iphoneos;
				VALIDATE_PRODUCT = YES;
			};
			name = Release;
		};
		93C143CF1FC547D00006FB90 /* Debug */ = {
			isa = XCBuildConfiguration;
			baseConfigurationReference = 25CD7A04455561CED0A1AE43 /* Pods-24EditorDemo.debug.xcconfig */;
			buildSettings = {
				ASSETCATALOG_COMPILER_APPICON_NAME = AppIcon;
				"CODE_SIGN_IDENTITY[sdk=iphoneos*]" = "iPhone Developer";
				DEVELOPMENT_TEAM = PX2JJM7RG8;
				GCC_NO_COMMON_BLOCKS = YES;
				GCC_PREFIX_HEADER = "$(SRCROOT)/24EditorDemo/Config/PrefixHeader.pch";
				INFOPLIST_FILE = 24EditorDemo/Config/Info.plist;
				LD_RUNPATH_SEARCH_PATHS = "$(inherited) @executable_path/Frameworks";
				OTHER_LDFLAGS = (
					"$(inherited)",
					"-ObjC",
					"-l\"YYText\"",
					"-framework",
					"\"Accelerate\"",
					"-framework",
					"\"CoreFoundation\"",
					"-framework",
					"\"CoreText\"",
					"-framework",
					"\"MobileCoreServices\"",
					"-framework",
					"\"QuartzCore\"",
					"-framework",
					"\"UIKit\"",
				);
				PRODUCT_BUNDLE_IDENTIFIER = "com.personal.zhuchen.-4EditorDemo";
				PRODUCT_NAME = "$(TARGET_NAME)";
			};
			name = Debug;
		};
		93C143D01FC547D00006FB90 /* Release */ = {
			isa = XCBuildConfiguration;
			baseConfigurationReference = EF3D4C9F21CB708B2A091D47 /* Pods-24EditorDemo.release.xcconfig */;
			buildSettings = {
				ASSETCATALOG_COMPILER_APPICON_NAME = AppIcon;
				"CODE_SIGN_IDENTITY[sdk=iphoneos*]" = "iPhone Developer";
				DEVELOPMENT_TEAM = PX2JJM7RG8;
				GCC_NO_COMMON_BLOCKS = YES;
				GCC_PREFIX_HEADER = "$(SRCROOT)/24EditorDemo/Config/PrefixHeader.pch";
				INFOPLIST_FILE = 24EditorDemo/Config/Info.plist;
				LD_RUNPATH_SEARCH_PATHS = "$(inherited) @executable_path/Frameworks";
				OTHER_LDFLAGS = (
					"$(inherited)",
					"-ObjC",
					"-l\"YYText\"",
					"-framework",
					"\"Accelerate\"",
					"-framework",
					"\"CoreFoundation\"",
					"-framework",
					"\"CoreText\"",
					"-framework",
					"\"MobileCoreServices\"",
					"-framework",
					"\"QuartzCore\"",
					"-framework",
					"\"UIKit\"",
				);
				PRODUCT_BUNDLE_IDENTIFIER = "com.personal.zhuchen.-4EditorDemo";
				PRODUCT_NAME = "$(TARGET_NAME)";
			};
			name = Release;
		};
/* End XCBuildConfiguration section */

/* Begin XCConfigurationList section */
		93C143AF1FC547D00006FB90 /* Build configuration list for PBXProject "24EditorDemo" */ = {
			isa = XCConfigurationList;
			buildConfigurations = (
				93C143CC1FC547D00006FB90 /* Debug */,
				93C143CD1FC547D00006FB90 /* Release */,
			);
			defaultConfigurationIsVisible = 0;
			defaultConfigurationName = Release;
		};
		93C143CE1FC547D00006FB90 /* Build configuration list for PBXNativeTarget "24EditorDemo" */ = {
			isa = XCConfigurationList;
			buildConfigurations = (
				93C143CF1FC547D00006FB90 /* Debug */,
				93C143D01FC547D00006FB90 /* Release */,
			);
			defaultConfigurationIsVisible = 0;
			defaultConfigurationName = Release;
		};
/* End XCConfigurationList section */

/* Begin XCVersionGroup section */
		93C143C31FC547D00006FB90 /* _4EditorDemo.xcdatamodeld */ = {
			isa = XCVersionGroup;
			children = (
				93C143C41FC547D00006FB90 /* _4EditorDemo.xcdatamodel */,
			);
			currentVersion = 93C143C41FC547D00006FB90 /* _4EditorDemo.xcdatamodel */;
			path = _4EditorDemo.xcdatamodeld;
			sourceTree = "<group>";
			versionGroupType = wrapper.xcdatamodel;
		};
/* End XCVersionGroup section */
	};
	rootObject = 93C143AC1FC547D00006FB90 /* Project object */;
}
