// !$*UTF8*$!
{
	archiveVersion = 1;
	classes = {
	};
	objectVersion = 46;
	objects = {

/* Begin PBXBuildFile section */
		93C143B91FC547D00006FB90 /* main.m in Sources */ = {isa = PBXBuildFile; fileRef = 93C143B81FC547D00006FB90 /* main.m */; };
		93C143BC1FC547D00006FB90 /* AppDelegate.m in Sources */ = {isa = PBXBuildFile; fileRef = 93C143BB1FC547D00006FB90 /* AppDelegate.m */; };
		93C143BF1FC547D00006FB90 /* ViewController.m in Sources */ = {isa = PBXBuildFile; fileRef = 93C143BE1FC547D00006FB90 /* ViewController.m */; };
		93C143C21FC547D00006FB90 /* Main.storyboard in Resources */ = {isa = PBXBuildFile; fileRef = 93C143C01FC547D00006FB90 /* Main.storyboard */; };
		93C143C51FC547D00006FB90 /* _4EditorDemo.xcdatamodeld in Sources */ = {isa = PBXBuildFile; fileRef = 93C143C31FC547D00006FB90 /* _4EditorDemo.xcdatamodeld */; };
		93C143C71FC547D00006FB90 /* Assets.xcassets in Resources */ = {isa = PBXBuildFile; fileRef = 93C143C61FC547D00006FB90 /* Assets.xcassets */; };
		93C143CA1FC547D00006FB90 /* LaunchScreen.storyboard in Resources */ = {isa = PBXBuildFile; fileRef = 93C143C81FC547D00006FB90 /* LaunchScreen.storyboard */; };
/* End PBXBuildFile section */

/* Begin PBXFileReference section */
		93C143B41FC547D00006FB90 /* 24EditorDemo.app */ = {isa = PBXFileReference; explicitFileType = wrapper.application; includeInIndex = 0; path = 24EditorDemo.app; sourceTree = BUILT_PRODUCTS_DIR; };
		93C143B81FC547D00006FB90 /* main.m */ = {isa = PBXFileReference; lastKnownFileType = sourcecode.c.objc; path = main.m; sourceTree = "<group>"; };
		93C143BA1FC547D00006FB90 /* AppDelegate.h */ = {isa = PBXFileReference; lastKnownFileType = sourcecode.c.h; path = AppDelegate.h; sourceTree = "<group>"; };
		93C143BB1FC547D00006FB90 /* AppDelegate.m */ = {isa = PBXFileReference; lastKnownFileType = sourcecode.c.objc; path = AppDelegate.m; sourceTree = "<group>"; };
		93C143BD1FC547D00006FB90 /* ViewController.h */ = {isa = PBXFileReference; lastKnownFileType = sourcecode.c.h; path = ViewController.h; sourceTree = "<group>"; };
		93C143BE1FC547D00006FB90 /* ViewController.m */ = {isa = PBXFileReference; lastKnownFileType = sourcecode.c.objc; path = ViewController.m; sourceTree = "<group>"; };
		93C143C11FC547D00006FB90 /* Base */ = {isa = PBXFileReference; lastKnownFileType = file.storyboard; name = Base; path = Base.lproj/Main.storyboard; sourceTree = "<group>"; };
		93C143C41FC547D00006FB90 /* _4EditorDemo.xcdatamodel */ = {isa = PBXFileReference; lastKnownFileType = wrapper.xcdatamodel; path = _4EditorDemo.xcdatamodel; sourceTree = "<group>"; };
		93C143C61FC547D00006FB90 /* Assets.xcassets */ = {isa = PBXFileReference; lastKnownFileType = folder.assetcatalog; path = Assets.xcassets; sourceTree = "<group>"; };
		93C143C91FC547D00006FB90 /* Base */ = {isa = PBXFileReference; lastKnownFileType = file.storyboard; name = Base; path = Base.lproj/LaunchScreen.storyboard; sourceTree = "<group>"; };
		93C143CB1FC547D00006FB90 /* Info.plist */ = {isa = PBXFileReference; lastKnownFileType = text.plist.xml; path = Info.plist; sourceTree = "<group>"; };
/* End PBXFileReference section */

/* Begin PBXFrameworksBuildPhase section */
		93C143B11FC547D00006FB90 /* Frameworks */ = {
			isa = PBXFrameworksBuildPhase;
			buildActionMask = 2147483647;
			files = (
			);
			runOnlyForDeploymentPostprocessing = 0;
		};
/* End PBXFrameworksBuildPhase section */

/* Begin PBXGroup section */
		93C143AB1FC547D00006FB90 = {
			isa = PBXGroup;
			children = (
				93C143B61FC547D00006FB90 /* 24EditorDemo */,
				93C143B51FC547D00006FB90 /* Products */,
			);
			sourceTree = "<group>";
		};
		93C143B51FC547D00006FB90 /* Products */ = {
			isa = PBXGroup;
			children = (
				93C143B41FC547D00006FB90 /* 24EditorDemo.app */,
			);
			name = Products;
			sourceTree = "<group>";
		};
		93C143B61FC547D00006FB90 /* 24EditorDemo */ = {
			isa = PBXGroup;
			children = (
				93C143BA1FC547D00006FB90 /* AppDelegate.h */,
				93C143BB1FC547D00006FB90 /* AppDelegate.m */,
				93C143BD1FC547D00006FB90 /* ViewController.h */,
				93C143BE1FC547D00006FB90 /* ViewController.m */,
				93C143C01FC547D00006FB90 /* Main.storyboard */,
				93C143C61FC547D00006FB90 /* Assets.xcassets */,
				93C143C81FC547D00006FB90 /* LaunchScreen.storyboard */,
				93C143CB1FC547D00006FB90 /* Info.plist */,
				93C143C31FC547D00006FB90 /* _4EditorDemo.xcdatamodeld */,
				93C143B71FC547D00006FB90 /* Supporting Files */,
			);
			path = 24EditorDemo;
			sourceTree = "<group>";
		};
		93C143B71FC547D00006FB90 /* Supporting Files */ = {
			isa = PBXGroup;
			children = (
				93C143B81FC547D00006FB90 /* main.m */,
			);
			name = "Supporting Files";
			sourceTree = "<group>";
		};
/* End PBXGroup section */

/* Begin PBXNativeTarget section */
		93C143B31FC547D00006FB90 /* 24EditorDemo */ = {
			isa = PBXNativeTarget;
			buildConfigurationList = 93C143CE1FC547D00006FB90 /* Build configuration list for PBXNativeTarget "24EditorDemo" */;
			buildPhases = (
				93C143B01FC547D00006FB90 /* Sources */,
				93C143B11FC547D00006FB90 /* Frameworks */,
				93C143B21FC547D00006FB90 /* Resources */,
			);
			buildRules = (
			);
			dependencies = (
			);
			name = 24EditorDemo;
			productName = 24EditorDemo;
			productReference = 93C143B41FC547D00006FB90 /* 24EditorDemo.app */;
			productType = "com.apple.product-type.application";
		};
/* End PBXNativeTarget section */

/* Begin PBXProject section */
		93C143AC1FC547D00006FB90 /* Project object */ = {
			isa = PBXProject;
			attributes = {
				LastUpgradeCheck = 0820;
				ORGANIZATIONNAME = personal;
				TargetAttributes = {
					93C143B31FC547D00006FB90 = {
						CreatedOnToolsVersion = 8.2.1;
						ProvisioningStyle = Automatic;
					};
				};
			};
			buildConfigurationList = 93C143AF1FC547D00006FB90 /* Build configuration list for PBXProject "24EditorDemo" */;
			compatibilityVersion = "Xcode 3.2";
			developmentRegion = English;
			hasScannedForEncodings = 0;
			knownRegions = (
				en,
				Base,
			);
			mainGroup = 93C143AB1FC547D00006FB90;
			productRefGroup = 93C143B51FC547D00006FB90 /* Products */;
			projectDirPath = "";
			projectRoot = "";
			targets = (
				93C143B31FC547D00006FB90 /* 24EditorDemo */,
			);
		};
/* End PBXProject section */

/* Begin PBXResourcesBuildPhase section */
		93C143B21FC547D00006FB90 /* Resources */ = {
			isa = PBXResourcesBuildPhase;
			buildActionMask = 2147483647;
			files = (
				93C143CA1FC547D00006FB90 /* LaunchScreen.storyboard in Resources */,
				93C143C71FC547D00006FB90 /* Assets.xcassets in Resources */,
				93C143C21FC547D00006FB90 /* Main.storyboard in Resources */,
			);
			runOnlyForDeploymentPostprocessing = 0;
		};
/* End PBXResourcesBuildPhase section */

/* Begin PBXSourcesBuildPhase section */
		93C143B01FC547D00006FB90 /* Sources */ = {
			isa = PBXSourcesBuildPhase;
			buildActionMask = 2147483647;
			files = (
				93C143C51FC547D00006FB90 /* _4EditorDemo.xcdatamodeld in Sources */,
				93C143BF1FC547D00006FB90 /* ViewController.m in Sources */,
				93C143BC1FC547D00006FB90 /* AppDelegate.m in Sources */,
				93C143B91FC547D00006FB90 /* main.m in Sources */,
			);
			runOnlyForDeploymentPostprocessing = 0;
		};
/* End PBXSourcesBuildPhase section */

/* Begin PBXVariantGroup section */
		93C143C01FC547D00006FB90 /* Main.storyboard */ = {
			isa = PBXVariantGroup;
			children = (
				93C143C11FC547D00006FB90 /* Base */,
			);
			name = Main.storyboard;
			sourceTree = "<group>";
		};
		93C143C81FC547D00006FB90 /* LaunchScreen.storyboard */ = {
			isa = PBXVariantGroup;
			children = (
				93C143C91FC547D00006FB90 /* Base */,
			);
			name = LaunchScreen.storyboard;
			sourceTree = "<group>";
		};
/* End PBXVariantGroup section */

/* Begin XCBuildConfiguration section */
		93C143CC1FC547D00006FB90 /* Debug */ = {
			isa = XCBuildConfiguration;
			buildSettings = {
				ALWAYS_SEARCH_USER_PATHS = NO;
				CLANG_ANALYZER_NONNULL = YES;
				CLANG_CXX_LANGUAGE_STANDARD = "gnu++0x";
				CLANG_CXX_LIBRARY = "libc++";
				CLANG_ENABLE_MODULES = YES;
				CLANG_ENABLE_OBJC_ARC = YES;
				CLANG_WARN_BOOL_CONVERSION = YES;
				CLANG_WARN_CONSTANT_CONVERSION = YES;
				CLANG_WARN_DIRECT_OBJC_ISA_USAGE = YES_ERROR;
				CLANG_WARN_DOCUMENTATION_COMMENTS = YES;
				CLANG_WARN_EMPTY_BODY = YES;
				CLANG_WARN_ENUM_CONVERSION = YES;
				CLANG_WARN_INFINITE_RECURSION = YES;
				CLANG_WARN_INT_CONVERSION = YES;
				CLANG_WARN_OBJC_ROOT_CLASS = YES_ERROR;
				CLANG_WARN_SUSPICIOUS_MOVE = YES;
				CLANG_WARN_UNREACHABLE_CODE = YES;
				CLANG_WARN__DUPLICATE_METHOD_MATCH = YES;
				"CODE_SIGN_IDENTITY[sdk=iphoneos*]" = "iPhone Developer";
				COPY_PHASE_STRIP = NO;
				DEBUG_INFORMATION_FORMAT = dwarf;
				ENABLE_STRICT_OBJC_MSGSEND = YES;
				ENABLE_TESTABILITY = YES;
				GCC_C_LANGUAGE_STANDARD = gnu99;
				GCC_DYNAMIC_NO_PIC = NO;
				GCC_NO_COMMON_BLOCKS = YES;
				GCC_OPTIMIZATION_LEVEL = 0;
				GCC_PREPROCESSOR_DEFINITIONS = (
					"DEBUG=1",
					"$(inherited)",
				);
				GCC_WARN_64_TO_32_BIT_CONVERSION = YES;
				GCC_WARN_ABOUT_RETURN_TYPE = YES_ERROR;
				GCC_WARN_UNDECLARED_SELECTOR = YES;
				GCC_WARN_UNINITIALIZED_AUTOS = YES_AGGRESSIVE;
				GCC_WARN_UNUSED_FUNCTION = YES;
				GCC_WARN_UNUSED_VARIABLE = YES;
				IPHONEOS_DEPLOYMENT_TARGET = 10.2;
				MTL_ENABLE_DEBUG_INFO = YES;
				ONLY_ACTIVE_ARCH = YES;
				SDKROOT = iphoneos;
			};
			name = Debug;
		};
		93C143CD1FC547D00006FB90 /* Release */ = {
			isa = XCBuildConfiguration;
			buildSettings = {
				ALWAYS_SEARCH_USER_PATHS = NO;
				CLANG_ANALYZER_NONNULL = YES;
				CLANG_CXX_LANGUAGE_STANDARD = "gnu++0x";
				CLANG_CXX_LIBRARY = "libc++";
				CLANG_ENABLE_MODULES = YES;
				CLANG_ENABLE_OBJC_ARC = YES;
				CLANG_WARN_BOOL_CONVERSION = YES;
				CLANG_WARN_CONSTANT_CONVERSION = YES;
				CLANG_WARN_DIRECT_OBJC_ISA_USAGE = YES_ERROR;
				CLANG_WARN_DOCUMENTATION_COMMENTS = YES;
				CLANG_WARN_EMPTY_BODY = YES;
				CLANG_WARN_ENUM_CONVERSION = YES;
				CLANG_WARN_INFINITE_RECURSION = YES;
				CLANG_WARN_INT_CONVERSION = YES;
				CLANG_WARN_OBJC_ROOT_CLASS = YES_ERROR;
				CLANG_WARN_SUSPICIOUS_MOVE = YES;
				CLANG_WARN_UNREACHABLE_CODE = YES;
				CLANG_WARN__DUPLICATE_METHOD_MATCH = YES;
				"CODE_SIGN_IDENTITY[sdk=iphoneos*]" = "iPhone Developer";
				COPY_PHASE_STRIP = NO;
				DEBUG_INFORMATION_FORMAT = "dwarf-with-dsym";
				ENABLE_NS_ASSERTIONS = NO;
				ENABLE_STRICT_OBJC_MSGSEND = YES;
				GCC_C_LANGUAGE_STANDARD = gnu99;
				GCC_NO_COMMON_BLOCKS = YES;
				GCC_WARN_64_TO_32_BIT_CONVERSION = YES;
				GCC_WARN_ABOUT_RETURN_TYPE = YES_ERROR;
				GCC_WARN_UNDECLARED_SELECTOR = YES;
				GCC_WARN_UNINITIALIZED_AUTOS = YES_AGGRESSIVE;
				GCC_WARN_UNUSED_FUNCTION = YES;
				GCC_WARN_UNUSED_VARIABLE = YES;
				IPHONEOS_DEPLOYMENT_TARGET = 10.2;
				MTL_ENABLE_DEBUG_INFO = NO;
				SDKROOT = iphoneos;
				VALIDATE_PRODUCT = YES;
			};
			name = Release;
		};
		93C143CF1FC547D00006FB90 /* Debug */ = {
			isa = XCBuildConfiguration;
			buildSettings = {
				ASSETCATALOG_COMPILER_APPICON_NAME = AppIcon;
				INFOPLIST_FILE = 24EditorDemo/Info.plist;
				LD_RUNPATH_SEARCH_PATHS = "$(inherited) @executable_path/Frameworks";
				PRODUCT_BUNDLE_IDENTIFIER = "com.personal.zhuchen.-4EditorDemo";
				PRODUCT_NAME = "$(TARGET_NAME)";
			};
			name = Debug;
		};
		93C143D01FC547D00006FB90 /* Release */ = {
			isa = XCBuildConfiguration;
			buildSettings = {
				ASSETCATALOG_COMPILER_APPICON_NAME = AppIcon;
				INFOPLIST_FILE = 24EditorDemo/Info.plist;
				LD_RUNPATH_SEARCH_PATHS = "$(inherited) @executable_path/Frameworks";
				PRODUCT_BUNDLE_IDENTIFIER = "com.personal.zhuchen.-4EditorDemo";
				PRODUCT_NAME = "$(TARGET_NAME)";
			};
			name = Release;
		};
/* End XCBuildConfiguration section */

/* Begin XCConfigurationList section */
		93C143AF1FC547D00006FB90 /* Build configuration list for PBXProject "24EditorDemo" */ = {
			isa = XCConfigurationList;
			buildConfigurations = (
				93C143CC1FC547D00006FB90 /* Debug */,
				93C143CD1FC547D00006FB90 /* Release */,
			);
			defaultConfigurationIsVisible = 0;
			defaultConfigurationName = Release;
		};
		93C143CE1FC547D00006FB90 /* Build configuration list for PBXNativeTarget "24EditorDemo" */ = {
			isa = XCConfigurationList;
			buildConfigurations = (
				93C143CF1FC547D00006FB90 /* Debug */,
				93C143D01FC547D00006FB90 /* Release */,
			);
			defaultConfigurationIsVisible = 0;
		};
/* End XCConfigurationList section */

/* Begin XCVersionGroup section */
		93C143C31FC547D00006FB90 /* _4EditorDemo.xcdatamodeld */ = {
			isa = XCVersionGroup;
			children = (
				93C143C41FC547D00006FB90 /* _4EditorDemo.xcdatamodel */,
			);
			currentVersion = 93C143C41FC547D00006FB90 /* _4EditorDemo.xcdatamodel */;
			path = _4EditorDemo.xcdatamodeld;
			sourceTree = "<group>";
			versionGroupType = wrapper.xcdatamodel;
		};
/* End XCVersionGroup section */
	};
	rootObject = 93C143AC1FC547D00006FB90 /* Project object */;
}
